PODS:
  - iOSSnapshotTestCase (6.2.0):
    - iOSSnapshotTestCase/SwiftSupport (= 6.2.0)
  - iOSSnapshotTestCase/Core (6.2.0)
  - iOSSnapshotTestCase/SwiftSupport (6.2.0):
    - iOSSnapshotTestCase/Core
  - KIF (3.7.8):
    - KIF/Core (= 3.7.8)
  - KIF/Core (3.7.8)
  - Nimble (8.0.4)
  - Nimble-Snapshots (8.0.0):
    - Nimble-Snapshots/Core (= 8.0.0)
  - Nimble-Snapshots/Core (8.0.0):
    - iOSSnapshotTestCase (~> 6.0)
    - Nimble (~> 8.0)
  - PromiseKit (8.0.0):
    - PromiseKit/CorePromise (= 8.0.0)
    - PromiseKit/Foundation (= 8.0.0)
    - PromiseKit/UIKit (= 8.0.0)
  - PromiseKit/CorePromise (8.0.0)
  - PromiseKit/Foundation (8.0.0):
    - PromiseKit/CorePromise
  - PromiseKit/UIKit (8.0.0):
    - PromiseKit/CorePromise
  - Quick (2.2.0)
  - SDWebImage (5.19.0):
    - SDWebImage/Core (= 5.19.0)
  - SDWebImage/Core (5.19.0)

DEPENDENCIES:
  - KIF (= 3.7.8)
  - Nimble (= 8.0.4)
  - Nimble-Snapshots (= 8.0.0)
  - PromiseKit (= 8.0.0)
  - Quick (= 2.2.0)
  - SDWebImage (= 5.19.0)

SPEC REPOS:
  trunk:
    - iOSSnapshotTestCase
    - KIF
    - Nimble
    - Nimble-Snapshots
    - PromiseKit
    - Quick
    - SDWebImage

SPEC CHECKSUMS:
  iOSSnapshotTestCase: 9ab44cb5aa62b84d31847f40680112e15ec579a6
  KIF: 52e1af1a78cf6fe4ec6777b14776f3dd2eccc32e
  Nimble: 18d5360282923225d62b09d781f63abc1a0111fc
  Nimble-Snapshots: 8ec63f41ce6c7229a17be9a64edbc123b181f75b
  PromiseKit: 7039707ba8764b6ce98501debce2489561b038a5
  Quick: 7fb19e13be07b5dfb3b90d4f9824c855a11af40e
  SDWebImage: 981fd7e860af070920f249fd092420006014c3eb

PODFILE CHECKSUM: d4fe0cdbbe2bca04f0f1cc25f23e3ee9ce66ceee

COCOAPODS: 1.15.2
