PODS:
  - iOSSnapshotTestCase (8.0.0):
    - iOSSnapshotTestCase/SwiftSupport (= 8.0.0)
  - iOSSnapshotTestCase/Core (8.0.0)
  - iOSSnapshotTestCase/SwiftSupport (8.0.0):
    - iOSSnapshotTestCase/Core
  - KIF (3.8.9):
    - KIF/Core (= 3.8.9)
  - KIF/Core (3.8.9)
  - Nimble (12.0.0)
  - Nimble-Snapshots (9.6.1):
    - Nimble-Snapshots/Core (= 9.6.1)
  - Nimble-Snapshots/Core (9.6.1):
    - iOSSnapshotTestCase (~> 8.0)
    - Nimble (~> 12.0)
  - Quick (7.4.1)
  - SDWebImage (5.19.0):
    - SDWebImage/Core (= 5.19.0)
  - SDWebImage/Core (5.19.0)

DEPENDENCIES:
  - KIF (= 3.8.9)
  - Nimble (= 12.0.0)
  - Nimble-Snapshots (= 9.6.1)
  - Quick (= 7.4.1)
  - SDWebImage (= 5.19.0)

SPEC REPOS:
  trunk:
    - iOSSnapshotTestCase
    - KIF
    - Nimble
    - Nimble-Snapshots
    - Quick
    - SDWebImage

SPEC CHECKSUMS:
  iOSSnapshotTestCase: a670511f9ee3829c2b9c23e6e68f315fd7b6790f
  KIF: 7660c626b0f2d4562533590960db70a36d640558
  Nimble: 02a4990866e51868303a466970cd1c81bb84a192
  Nimble-Snapshots: 4988d1cf2fe062f13bd2eb87c4279770785e682b
  Quick: 6afbb0e4554ca0032a90c144f4ab71cd433e7dac
  SDWebImage: 981fd7e860af070920f249fd092420006014c3eb

PODFILE CHECKSUM: da3612329cc96345becf996b2a59b25c4b1d25aa

COCOAPODS: 1.15.2
