// !$*UTF8*$!
{
	archiveVersion = 1;
	classes = {
	};
	objectVersion = 50;
	objects = {

/* Begin PBXBuildFile section */
		FDA6F53E239DC12D008B6E40 /* AppDelegate.swift in Sources */ = {isa = PBXBuildFile; fileRef = FDA6F53D239DC12D008B6E40 /* AppDelegate.swift */; };
		FDA6F540239DC12D008B6E40 /* SceneDelegate.swift in Sources */ = {isa = PBXBuildFile; fileRef = FDA6F53F239DC12D008B6E40 /* SceneDelegate.swift */; };
		FDA6F542239DC12D008B6E40 /* ViewController.swift in Sources */ = {isa = PBXBuildFile; fileRef = FDA6F541239DC12D008B6E40 /* ViewController.swift */; };
		FDA6F545239DC12D008B6E40 /* Main.storyboard in Resources */ = {isa = PBXBuildFile; fileRef = FDA6F543239DC12D008B6E40 /* Main.storyboard */; };
		FDA6F547239DC12F008B6E40 /* Assets.xcassets in Resources */ = {isa = PBXBuildFile; fileRef = FDA6F546239DC12F008B6E40 /* Assets.xcassets */; };
		FDA6F54A239DC12F008B6E40 /* LaunchScreen.storyboard in Resources */ = {isa = PBXBuildFile; fileRef = FDA6F548239DC12F008B6E40 /* LaunchScreen.storyboard */; };
		FDA6F555239DC12F008B6E40 /* SwiftmazingTests.swift in Sources */ = {isa = PBXBuildFile; fileRef = FDA6F554239DC12F008B6E40 /* SwiftmazingTests.swift */; };
		FDA6F560239DC12F008B6E40 /* SwiftmazingUITests.swift in Sources */ = {isa = PBXBuildFile; fileRef = FDA6F55F239DC12F008B6E40 /* SwiftmazingUITests.swift */; };
/* End PBXBuildFile section */

/* Begin PBXContainerItemProxy section */
		FDA6F551239DC12F008B6E40 /* PBXContainerItemProxy */ = {
			isa = PBXContainerItemProxy;
			containerPortal = FDA6F532239DC12D008B6E40 /* Project object */;
			proxyType = 1;
			remoteGlobalIDString = FDA6F539239DC12D008B6E40;
			remoteInfo = Swiftmazing;
		};
		FDA6F55C239DC12F008B6E40 /* PBXContainerItemProxy */ = {
			isa = PBXContainerItemProxy;
			containerPortal = FDA6F532239DC12D008B6E40 /* Project object */;
			proxyType = 1;
			remoteGlobalIDString = FDA6F539239DC12D008B6E40;
			remoteInfo = Swiftmazing;
		};
/* End PBXContainerItemProxy section */

/* Begin PBXFileReference section */
		FDA6F53A239DC12D008B6E40 /* Swiftmazing.app */ = {isa = PBXFileReference; explicitFileType = wrapper.application; includeInIndex = 0; path = Swiftmazing.app; sourceTree = BUILT_PRODUCTS_DIR; };
		FDA6F53D239DC12D008B6E40 /* AppDelegate.swift */ = {isa = PBXFileReference; lastKnownFileType = sourcecode.swift; path = AppDelegate.swift; sourceTree = "<group>"; };
		FDA6F53F239DC12D008B6E40 /* SceneDelegate.swift */ = {isa = PBXFileReference; lastKnownFileType = sourcecode.swift; path = SceneDelegate.swift; sourceTree = "<group>"; };
		FDA6F541239DC12D008B6E40 /* ViewController.swift */ = {isa = PBXFileReference; lastKnownFileType = sourcecode.swift; path = ViewController.swift; sourceTree = "<group>"; };
		FDA6F544239DC12D008B6E40 /* Base */ = {isa = PBXFileReference; lastKnownFileType = file.storyboard; name = Base; path = Base.lproj/Main.storyboard; sourceTree = "<group>"; };
		FDA6F546239DC12F008B6E40 /* Assets.xcassets */ = {isa = PBXFileReference; lastKnownFileType = folder.assetcatalog; path = Assets.xcassets; sourceTree = "<group>"; };
		FDA6F549239DC12F008B6E40 /* Base */ = {isa = PBXFileReference; lastKnownFileType = file.storyboard; name = Base; path = Base.lproj/LaunchScreen.storyboard; sourceTree = "<group>"; };
		FDA6F54B239DC12F008B6E40 /* Info.plist */ = {isa = PBXFileReference; lastKnownFileType = text.plist.xml; path = Info.plist; sourceTree = "<group>"; };
		FDA6F550239DC12F008B6E40 /* SwiftmazingTests.xctest */ = {isa = PBXFileReference; explicitFileType = wrapper.cfbundle; includeInIndex = 0; path = SwiftmazingTests.xctest; sourceTree = BUILT_PRODUCTS_DIR; };
		FDA6F554239DC12F008B6E40 /* SwiftmazingTests.swift */ = {isa = PBXFileReference; lastKnownFileType = sourcecode.swift; path = SwiftmazingTests.swift; sourceTree = "<group>"; };
		FDA6F556239DC12F008B6E40 /* Info.plist */ = {isa = PBXFileReference; lastKnownFileType = text.plist.xml; path = Info.plist; sourceTree = "<group>"; };
		FDA6F55B239DC12F008B6E40 /* SwiftmazingUITests.xctest */ = {isa = PBXFileReference; explicitFileType = wrapper.cfbundle; includeInIndex = 0; path = SwiftmazingUITests.xctest; sourceTree = BUILT_PRODUCTS_DIR; };
		FDA6F55F239DC12F008B6E40 /* SwiftmazingUITests.swift */ = {isa = PBXFileReference; lastKnownFileType = sourcecode.swift; path = SwiftmazingUITests.swift; sourceTree = "<group>"; };
		FDA6F561239DC12F008B6E40 /* Info.plist */ = {isa = PBXFileReference; lastKnownFileType = text.plist.xml; path = Info.plist; sourceTree = "<group>"; };
/* End PBXFileReference section */

/* Begin PBXFrameworksBuildPhase section */
		FDA6F537239DC12D008B6E40 /* Frameworks */ = {
			isa = PBXFrameworksBuildPhase;
			buildActionMask = 2147483647;
			files = (
			);
			runOnlyForDeploymentPostprocessing = 0;
		};
		FDA6F54D239DC12F008B6E40 /* Frameworks */ = {
			isa = PBXFrameworksBuildPhase;
			buildActionMask = 2147483647;
			files = (
			);
			runOnlyForDeploymentPostprocessing = 0;
		};
		FDA6F558239DC12F008B6E40 /* Frameworks */ = {
			isa = PBXFrameworksBuildPhase;
			buildActionMask = 2147483647;
			files = (
			);
			runOnlyForDeploymentPostprocessing = 0;
		};
/* End PBXFrameworksBuildPhase section */

/* Begin PBXGroup section */
		FDA6F531239DC12D008B6E40 = {
			isa = PBXGroup;
			children = (
				FDA6F53C239DC12D008B6E40 /* Swiftmazing */,
				FDA6F553239DC12F008B6E40 /* SwiftmazingTests */,
				FDA6F55E239DC12F008B6E40 /* SwiftmazingUITests */,
				FDA6F53B239DC12D008B6E40 /* Products */,
			);
			sourceTree = "<group>";
		};
		FDA6F53B239DC12D008B6E40 /* Products */ = {
			isa = PBXGroup;
			children = (
				FDA6F53A239DC12D008B6E40 /* Swiftmazing.app */,
				FDA6F550239DC12F008B6E40 /* SwiftmazingTests.xctest */,
				FDA6F55B239DC12F008B6E40 /* SwiftmazingUITests.xctest */,
			);
			name = Products;
			sourceTree = "<group>";
		};
		FDA6F53C239DC12D008B6E40 /* Swiftmazing */ = {
			isa = PBXGroup;
			children = (
				FDA6F53D239DC12D008B6E40 /* AppDelegate.swift */,
				FDA6F53F239DC12D008B6E40 /* SceneDelegate.swift */,
				FDA6F541239DC12D008B6E40 /* ViewController.swift */,
				FDA6F543239DC12D008B6E40 /* Main.storyboard */,
				FDA6F546239DC12F008B6E40 /* Assets.xcassets */,
				FDA6F548239DC12F008B6E40 /* LaunchScreen.storyboard */,
				FDA6F54B239DC12F008B6E40 /* Info.plist */,
			);
			path = Swiftmazing;
			sourceTree = "<group>";
		};
		FDA6F553239DC12F008B6E40 /* SwiftmazingTests */ = {
			isa = PBXGroup;
			children = (
				FDA6F554239DC12F008B6E40 /* SwiftmazingTests.swift */,
				FDA6F556239DC12F008B6E40 /* Info.plist */,
			);
			path = SwiftmazingTests;
			sourceTree = "<group>";
		};
		FDA6F55E239DC12F008B6E40 /* SwiftmazingUITests */ = {
			isa = PBXGroup;
			children = (
				FDA6F55F239DC12F008B6E40 /* SwiftmazingUITests.swift */,
				FDA6F561239DC12F008B6E40 /* Info.plist */,
			);
			path = SwiftmazingUITests;
			sourceTree = "<group>";
		};
/* End PBXGroup section */

/* Begin PBXNativeTarget section */
		FDA6F539239DC12D008B6E40 /* Swiftmazing */ = {
			isa = PBXNativeTarget;
			buildConfigurationList = FDA6F564239DC12F008B6E40 /* Build configuration list for PBXNativeTarget "Swiftmazing" */;
			buildPhases = (
				FDA6F536239DC12D008B6E40 /* Sources */,
				FDA6F537239DC12D008B6E40 /* Frameworks */,
				FDA6F538239DC12D008B6E40 /* Resources */,
			);
			buildRules = (
			);
			dependencies = (
			);
			name = Swiftmazing;
			productName = Swiftmazing;
			productReference = FDA6F53A239DC12D008B6E40 /* Swiftmazing.app */;
			productType = "com.apple.product-type.application";
		};
		FDA6F54F239DC12F008B6E40 /* SwiftmazingTests */ = {
			isa = PBXNativeTarget;
			buildConfigurationList = FDA6F567239DC12F008B6E40 /* Build configuration list for PBXNativeTarget "SwiftmazingTests" */;
			buildPhases = (
				FDA6F54C239DC12F008B6E40 /* Sources */,
				FDA6F54D239DC12F008B6E40 /* Frameworks */,
				FDA6F54E239DC12F008B6E40 /* Resources */,
			);
			buildRules = (
			);
			dependencies = (
				FDA6F552239DC12F008B6E40 /* PBXTargetDependency */,
			);
			name = SwiftmazingTests;
			productName = SwiftmazingTests;
			productReference = FDA6F550239DC12F008B6E40 /* SwiftmazingTests.xctest */;
			productType = "com.apple.product-type.bundle.unit-test";
		};
		FDA6F55A239DC12F008B6E40 /* SwiftmazingUITests */ = {
			isa = PBXNativeTarget;
			buildConfigurationList = FDA6F56A239DC12F008B6E40 /* Build configuration list for PBXNativeTarget "SwiftmazingUITests" */;
			buildPhases = (
				FDA6F557239DC12F008B6E40 /* Sources */,
				FDA6F558239DC12F008B6E40 /* Frameworks */,
				FDA6F559239DC12F008B6E40 /* Resources */,
			);
			buildRules = (
			);
			dependencies = (
				FDA6F55D239DC12F008B6E40 /* PBXTargetDependency */,
			);
			name = SwiftmazingUITests;
			productName = SwiftmazingUITests;
			productReference = FDA6F55B239DC12F008B6E40 /* SwiftmazingUITests.xctest */;
			productType = "com.apple.product-type.bundle.ui-testing";
		};
/* End PBXNativeTarget section */

/* Begin PBXProject section */
		FDA6F532239DC12D008B6E40 /* Project object */ = {
			isa = PBXProject;
			attributes = {
				LastSwiftUpdateCheck = 1120;
				LastUpgradeCheck = 1120;
				ORGANIZATIONNAME = "Hélio Mesquita";
				TargetAttributes = {
					FDA6F539239DC12D008B6E40 = {
						CreatedOnToolsVersion = 11.2.1;
					};
					FDA6F54F239DC12F008B6E40 = {
						CreatedOnToolsVersion = 11.2.1;
						TestTargetID = FDA6F539239DC12D008B6E40;
					};
					FDA6F55A239DC12F008B6E40 = {
						CreatedOnToolsVersion = 11.2.1;
						TestTargetID = FDA6F539239DC12D008B6E40;
					};
				};
			};
			buildConfigurationList = FDA6F535239DC12D008B6E40 /* Build configuration list for PBXProject "Swiftmazing" */;
			compatibilityVersion = "Xcode 9.3";
			developmentRegion = en;
			hasScannedForEncodings = 0;
			knownRegions = (
				en,
				Base,
			);
			mainGroup = FDA6F531239DC12D008B6E40;
			productRefGroup = FDA6F53B239DC12D008B6E40 /* Products */;
			projectDirPath = "";
			projectRoot = "";
			targets = (
				FDA6F539239DC12D008B6E40 /* Swiftmazing */,
				FDA6F54F239DC12F008B6E40 /* SwiftmazingTests */,
				FDA6F55A239DC12F008B6E40 /* SwiftmazingUITests */,
			);
		};
/* End PBXProject section */

/* Begin PBXResourcesBuildPhase section */
		FDA6F538239DC12D008B6E40 /* Resources */ = {
			isa = PBXResourcesBuildPhase;
			buildActionMask = 2147483647;
			files = (
				FDA6F54A239DC12F008B6E40 /* LaunchScreen.storyboard in Resources */,
				FDA6F547239DC12F008B6E40 /* Assets.xcassets in Resources */,
				FDA6F545239DC12D008B6E40 /* Main.storyboard in Resources */,
			);
			runOnlyForDeploymentPostprocessing = 0;
		};
		FDA6F54E239DC12F008B6E40 /* Resources */ = {
			isa = PBXResourcesBuildPhase;
			buildActionMask = 2147483647;
			files = (
			);
			runOnlyForDeploymentPostprocessing = 0;
		};
		FDA6F559239DC12F008B6E40 /* Resources */ = {
			isa = PBXResourcesBuildPhase;
			buildActionMask = 2147483647;
			files = (
			);
			runOnlyForDeploymentPostprocessing = 0;
		};
/* End PBXResourcesBuildPhase section */

/* Begin PBXSourcesBuildPhase section */
		FDA6F536239DC12D008B6E40 /* Sources */ = {
			isa = PBXSourcesBuildPhase;
			buildActionMask = 2147483647;
			files = (
				FDA6F542239DC12D008B6E40 /* ViewController.swift in Sources */,
				FDA6F53E239DC12D008B6E40 /* AppDelegate.swift in Sources */,
				FDA6F540239DC12D008B6E40 /* SceneDelegate.swift in Sources */,
			);
			runOnlyForDeploymentPostprocessing = 0;
		};
		FDA6F54C239DC12F008B6E40 /* Sources */ = {
			isa = PBXSourcesBuildPhase;
			buildActionMask = 2147483647;
			files = (
				FDA6F555239DC12F008B6E40 /* SwiftmazingTests.swift in Sources */,
			);
			runOnlyForDeploymentPostprocessing = 0;
		};
		FDA6F557239DC12F008B6E40 /* Sources */ = {
			isa = PBXSourcesBuildPhase;
			buildActionMask = 2147483647;
			files = (
				FDA6F560239DC12F008B6E40 /* SwiftmazingUITests.swift in Sources */,
			);
			runOnlyForDeploymentPostprocessing = 0;
		};
/* End PBXSourcesBuildPhase section */

/* Begin PBXTargetDependency section */
		FDA6F552239DC12F008B6E40 /* PBXTargetDependency */ = {
			isa = PBXTargetDependency;
			target = FDA6F539239DC12D008B6E40 /* Swiftmazing */;
			targetProxy = FDA6F551239DC12F008B6E40 /* PBXContainerItemProxy */;
		};
		FDA6F55D239DC12F008B6E40 /* PBXTargetDependency */ = {
			isa = PBXTargetDependency;
			target = FDA6F539239DC12D008B6E40 /* Swiftmazing */;
			targetProxy = FDA6F55C239DC12F008B6E40 /* PBXContainerItemProxy */;
		};
/* End PBXTargetDependency section */

/* Begin PBXVariantGroup section */
		FDA6F543239DC12D008B6E40 /* Main.storyboard */ = {
			isa = PBXVariantGroup;
			children = (
				FDA6F544239DC12D008B6E40 /* Base */,
			);
			name = Main.storyboard;
			sourceTree = "<group>";
		};
		FDA6F548239DC12F008B6E40 /* LaunchScreen.storyboard */ = {
			isa = PBXVariantGroup;
			children = (
				FDA6F549239DC12F008B6E40 /* Base */,
			);
			name = LaunchScreen.storyboard;
			sourceTree = "<group>";
		};
/* End PBXVariantGroup section */

/* Begin XCBuildConfiguration section */
		FDA6F562239DC12F008B6E40 /* Debug */ = {
			isa = XCBuildConfiguration;
			buildSettings = {
				ALWAYS_SEARCH_USER_PATHS = NO;
				CLANG_ANALYZER_NONNULL = YES;
				CLANG_ANALYZER_NUMBER_OBJECT_CONVERSION = YES_AGGRESSIVE;
				CLANG_CXX_LANGUAGE_STANDARD = "gnu++14";
				CLANG_CXX_LIBRARY = "libc++";
				CLANG_ENABLE_MODULES = YES;
				CLANG_ENABLE_OBJC_ARC = YES;
				CLANG_ENABLE_OBJC_WEAK = YES;
				CLANG_WARN_BLOCK_CAPTURE_AUTORELEASING = YES;
				CLANG_WARN_BOOL_CONVERSION = YES;
				CLANG_WARN_COMMA = YES;
				CLANG_WARN_CONSTANT_CONVERSION = YES;
				CLANG_WARN_DEPRECATED_OBJC_IMPLEMENTATIONS = YES;
				CLANG_WARN_DIRECT_OBJC_ISA_USAGE = YES_ERROR;
				CLANG_WARN_DOCUMENTATION_COMMENTS = YES;
				CLANG_WARN_EMPTY_BODY = YES;
				CLANG_WARN_ENUM_CONVERSION = YES;
				CLANG_WARN_INFINITE_RECURSION = YES;
				CLANG_WARN_INT_CONVERSION = YES;
				CLANG_WARN_NON_LITERAL_NULL_CONVERSION = YES;
				CLANG_WARN_OBJC_IMPLICIT_RETAIN_SELF = YES;
				CLANG_WARN_OBJC_LITERAL_CONVERSION = YES;
				CLANG_WARN_OBJC_ROOT_CLASS = YES_ERROR;
				CLANG_WARN_RANGE_LOOP_ANALYSIS = YES;
				CLANG_WARN_STRICT_PROTOTYPES = YES;
				CLANG_WARN_SUSPICIOUS_MOVE = YES;
				CLANG_WARN_UNGUARDED_AVAILABILITY = YES_AGGRESSIVE;
				CLANG_WARN_UNREACHABLE_CODE = YES;
				CLANG_WARN__DUPLICATE_METHOD_MATCH = YES;
				COPY_PHASE_STRIP = NO;
				DEBUG_INFORMATION_FORMAT = dwarf;
				ENABLE_STRICT_OBJC_MSGSEND = YES;
				ENABLE_TESTABILITY = YES;
				GCC_C_LANGUAGE_STANDARD = gnu11;
				GCC_DYNAMIC_NO_PIC = NO;
				GCC_NO_COMMON_BLOCKS = YES;
				GCC_OPTIMIZATION_LEVEL = 0;
				GCC_PREPROCESSOR_DEFINITIONS = (
					"DEBUG=1",
					"$(inherited)",
				);
				GCC_WARN_64_TO_32_BIT_CONVERSION = YES;
				GCC_WARN_ABOUT_RETURN_TYPE = YES_ERROR;
				GCC_WARN_UNDECLARED_SELECTOR = YES;
				GCC_WARN_UNINITIALIZED_AUTOS = YES_AGGRESSIVE;
				GCC_WARN_UNUSED_FUNCTION = YES;
				GCC_WARN_UNUSED_VARIABLE = YES;
				IPHONEOS_DEPLOYMENT_TARGET = 13.2;
				MTL_ENABLE_DEBUG_INFO = INCLUDE_SOURCE;
				MTL_FAST_MATH = YES;
				ONLY_ACTIVE_ARCH = YES;
				SDKROOT = iphoneos;
				SWIFT_ACTIVE_COMPILATION_CONDITIONS = DEBUG;
				SWIFT_OPTIMIZATION_LEVEL = "-Onone";
			};
			name = Debug;
		};
		FDA6F563239DC12F008B6E40 /* Release */ = {
			isa = XCBuildConfiguration;
			buildSettings = {
				ALWAYS_SEARCH_USER_PATHS = NO;
				CLANG_ANALYZER_NONNULL = YES;
				CLANG_ANALYZER_NUMBER_OBJECT_CONVERSION = YES_AGGRESSIVE;
				CLANG_CXX_LANGUAGE_STANDARD = "gnu++14";
				CLANG_CXX_LIBRARY = "libc++";
				CLANG_ENABLE_MODULES = YES;
				CLANG_ENABLE_OBJC_ARC = YES;
				CLANG_ENABLE_OBJC_WEAK = YES;
				CLANG_WARN_BLOCK_CAPTURE_AUTORELEASING = YES;
				CLANG_WARN_BOOL_CONVERSION = YES;
				CLANG_WARN_COMMA = YES;
				CLANG_WARN_CONSTANT_CONVERSION = YES;
				CLANG_WARN_DEPRECATED_OBJC_IMPLEMENTATIONS = YES;
				CLANG_WARN_DIRECT_OBJC_ISA_USAGE = YES_ERROR;
				CLANG_WARN_DOCUMENTATION_COMMENTS = YES;
				CLANG_WARN_EMPTY_BODY = YES;
				CLANG_WARN_ENUM_CONVERSION = YES;
				CLANG_WARN_INFINITE_RECURSION = YES;
				CLANG_WARN_INT_CONVERSION = YES;
				CLANG_WARN_NON_LITERAL_NULL_CONVERSION = YES;
				CLANG_WARN_OBJC_IMPLICIT_RETAIN_SELF = YES;
				CLANG_WARN_OBJC_LITERAL_CONVERSION = YES;
				CLANG_WARN_OBJC_ROOT_CLASS = YES_ERROR;
				CLANG_WARN_RANGE_LOOP_ANALYSIS = YES;
				CLANG_WARN_STRICT_PROTOTYPES = YES;
				CLANG_WARN_SUSPICIOUS_MOVE = YES;
				CLANG_WARN_UNGUARDED_AVAILABILITY = YES_AGGRESSIVE;
				CLANG_WARN_UNREACHABLE_CODE = YES;
				CLANG_WARN__DUPLICATE_METHOD_MATCH = YES;
				COPY_PHASE_STRIP = NO;
				DEBUG_INFORMATION_FORMAT = "dwarf-with-dsym";
				ENABLE_NS_ASSERTIONS = NO;
				ENABLE_STRICT_OBJC_MSGSEND = YES;
				GCC_C_LANGUAGE_STANDARD = gnu11;
				GCC_NO_COMMON_BLOCKS = YES;
				GCC_WARN_64_TO_32_BIT_CONVERSION = YES;
				GCC_WARN_ABOUT_RETURN_TYPE = YES_ERROR;
				GCC_WARN_UNDECLARED_SELECTOR = YES;
				GCC_WARN_UNINITIALIZED_AUTOS = YES_AGGRESSIVE;
				GCC_WARN_UNUSED_FUNCTION = YES;
				GCC_WARN_UNUSED_VARIABLE = YES;
				IPHONEOS_DEPLOYMENT_TARGET = 13.2;
				MTL_ENABLE_DEBUG_INFO = NO;
				MTL_FAST_MATH = YES;
				SDKROOT = iphoneos;
				SWIFT_COMPILATION_MODE = wholemodule;
				SWIFT_OPTIMIZATION_LEVEL = "-O";
				VALIDATE_PRODUCT = YES;
			};
			name = Release;
		};
		FDA6F565239DC12F008B6E40 /* Debug */ = {
			isa = XCBuildConfiguration;
			buildSettings = {
				ASSETCATALOG_COMPILER_APPICON_NAME = AppIcon;
				CODE_SIGN_STYLE = Automatic;
				DEVELOPMENT_TEAM = LMS2232J28;
				INFOPLIST_FILE = Swiftmazing/Info.plist;
				LD_RUNPATH_SEARCH_PATHS = (
					"$(inherited)",
					"@executable_path/Frameworks",
				);
				PRODUCT_BUNDLE_IDENTIFIER = com.callidus.Swiftmazing;
				PRODUCT_NAME = "$(TARGET_NAME)";
				SWIFT_VERSION = 5.0;
				TARGETED_DEVICE_FAMILY = "1,2";
			};
			name = Debug;
		};
		FDA6F566239DC12F008B6E40 /* Release */ = {
			isa = XCBuildConfiguration;
			buildSettings = {
				ASSETCATALOG_COMPILER_APPICON_NAME = AppIcon;
				CODE_SIGN_STYLE = Automatic;
				DEVELOPMENT_TEAM = LMS2232J28;
				INFOPLIST_FILE = Swiftmazing/Info.plist;
				LD_RUNPATH_SEARCH_PATHS = (
					"$(inherited)",
					"@executable_path/Frameworks",
				);
				PRODUCT_BUNDLE_IDENTIFIER = com.callidus.Swiftmazing;
				PRODUCT_NAME = "$(TARGET_NAME)";
				SWIFT_VERSION = 5.0;
				TARGETED_DEVICE_FAMILY = "1,2";
			};
			name = Release;
		};
		FDA6F568239DC12F008B6E40 /* Debug */ = {
			isa = XCBuildConfiguration;
			buildSettings = {
				ALWAYS_EMBED_SWIFT_STANDARD_LIBRARIES = YES;
				BUNDLE_LOADER = "$(TEST_HOST)";
				CODE_SIGN_STYLE = Automatic;
				DEVELOPMENT_TEAM = LMS2232J28;
				INFOPLIST_FILE = SwiftmazingTests/Info.plist;
				IPHONEOS_DEPLOYMENT_TARGET = 13.2;
				LD_RUNPATH_SEARCH_PATHS = (
					"$(inherited)",
					"@executable_path/Frameworks",
					"@loader_path/Frameworks",
				);
				PRODUCT_BUNDLE_IDENTIFIER = com.callidus.SwiftmazingTests;
				PRODUCT_NAME = "$(TARGET_NAME)";
				SWIFT_VERSION = 5.0;
				TARGETED_DEVICE_FAMILY = "1,2";
				TEST_HOST = "$(BUILT_PRODUCTS_DIR)/Swiftmazing.app/Swiftmazing";
			};
			name = Debug;
		};
		FDA6F569239DC12F008B6E40 /* Release */ = {
			isa = XCBuildConfiguration;
			buildSettings = {
				ALWAYS_EMBED_SWIFT_STANDARD_LIBRARIES = YES;
				BUNDLE_LOADER = "$(TEST_HOST)";
				CODE_SIGN_STYLE = Automatic;
				DEVELOPMENT_TEAM = LMS2232J28;
				INFOPLIST_FILE = SwiftmazingTests/Info.plist;
				IPHONEOS_DEPLOYMENT_TARGET = 13.2;
				LD_RUNPATH_SEARCH_PATHS = (
					"$(inherited)",
					"@executable_path/Frameworks",
					"@loader_path/Frameworks",
				);
				PRODUCT_BUNDLE_IDENTIFIER = com.callidus.SwiftmazingTests;
				PRODUCT_NAME = "$(TARGET_NAME)";
				SWIFT_VERSION = 5.0;
				TARGETED_DEVICE_FAMILY = "1,2";
				TEST_HOST = "$(BUILT_PRODUCTS_DIR)/Swiftmazing.app/Swiftmazing";
			};
			name = Release;
		};
		FDA6F56B239DC12F008B6E40 /* Debug */ = {
			isa = XCBuildConfiguration;
			buildSettings = {
				ALWAYS_EMBED_SWIFT_STANDARD_LIBRARIES = YES;
				CODE_SIGN_STYLE = Automatic;
				DEVELOPMENT_TEAM = LMS2232J28;
				INFOPLIST_FILE = SwiftmazingUITests/Info.plist;
				LD_RUNPATH_SEARCH_PATHS = (
					"$(inherited)",
					"@executable_path/Frameworks",
					"@loader_path/Frameworks",
				);
				PRODUCT_BUNDLE_IDENTIFIER = com.callidus.SwiftmazingUITests;
				PRODUCT_NAME = "$(TARGET_NAME)";
				SWIFT_VERSION = 5.0;
				TARGETED_DEVICE_FAMILY = "1,2";
				TEST_TARGET_NAME = Swiftmazing;
			};
			name = Debug;
		};
		FDA6F56C239DC12F008B6E40 /* Release */ = {
			isa = XCBuildConfiguration;
			buildSettings = {
				ALWAYS_EMBED_SWIFT_STANDARD_LIBRARIES = YES;
				CODE_SIGN_STYLE = Automatic;
				DEVELOPMENT_TEAM = LMS2232J28;
				INFOPLIST_FILE = SwiftmazingUITests/Info.plist;
				LD_RUNPATH_SEARCH_PATHS = (
					"$(inherited)",
					"@executable_path/Frameworks",
					"@loader_path/Frameworks",
				);
				PRODUCT_BUNDLE_IDENTIFIER = com.callidus.SwiftmazingUITests;
				PRODUCT_NAME = "$(TARGET_NAME)";
				SWIFT_VERSION = 5.0;
				TARGETED_DEVICE_FAMILY = "1,2";
				TEST_TARGET_NAME = Swiftmazing;
			};
			name = Release;
		};
/* End XCBuildConfiguration section */

/* Begin XCConfigurationList section */
		FDA6F535239DC12D008B6E40 /* Build configuration list for PBXProject "Swiftmazing" */ = {
			isa = XCConfigurationList;
			buildConfigurations = (
				FDA6F562239DC12F008B6E40 /* Debug */,
				FDA6F563239DC12F008B6E40 /* Release */,
			);
			defaultConfigurationIsVisible = 0;
			defaultConfigurationName = Release;
		};
		FDA6F564239DC12F008B6E40 /* Build configuration list for PBXNativeTarget "Swiftmazing" */ = {
			isa = XCConfigurationList;
			buildConfigurations = (
				FDA6F565239DC12F008B6E40 /* Debug */,
				FDA6F566239DC12F008B6E40 /* Release */,
			);
			defaultConfigurationIsVisible = 0;
			defaultConfigurationName = Release;
		};
		FDA6F567239DC12F008B6E40 /* Build configuration list for PBXNativeTarget "SwiftmazingTests" */ = {
			isa = XCConfigurationList;
			buildConfigurations = (
				FDA6F568239DC12F008B6E40 /* Debug */,
				FDA6F569239DC12F008B6E40 /* Release */,
			);
			defaultConfigurationIsVisible = 0;
			defaultConfigurationName = Release;
		};
		FDA6F56A239DC12F008B6E40 /* Build configuration list for PBXNativeTarget "SwiftmazingUITests" */ = {
			isa = XCConfigurationList;
			buildConfigurations = (
				FDA6F56B239DC12F008B6E40 /* Debug */,
				FDA6F56C239DC12F008B6E40 /* Release */,
			);
			defaultConfigurationIsVisible = 0;
			defaultConfigurationName = Release;
		};
/* End XCConfigurationList section */
	};
	rootObject = FDA6F532239DC12D008B6E40 /* Project object */;
}
