// !$*UTF8*$!
{
	archiveVersion = 1;
	classes = {
	};
	objectVersion = 51;
	objects = {

/* Begin PBXBuildFile section */
		054D4EC703BB0739CF69776A /* Pods_SwiftmazingTests.framework in Frameworks */ = {isa = PBXBuildFile; fileRef = 4D146FD359B868B8CAED11A8 /* Pods_SwiftmazingTests.framework */; };
		77C5A5220C1734CB96C068FA /* Pods_Swiftmazing.framework in Frameworks */ = {isa = PBXBuildFile; fileRef = 9BF4210EE54F318DF9AF3F39 /* Pods_Swiftmazing.framework */; };
		FD69D90B239F203F003D0070 /* Infrastructure.framework in Frameworks */ = {isa = PBXBuildFile; fileRef = FD69D909239F203F003D0070 /* Infrastructure.framework */; };
		FD69D90C239F203F003D0070 /* Infrastructure.framework in Embed Frameworks */ = {isa = PBXBuildFile; fileRef = FD69D909239F203F003D0070 /* Infrastructure.framework */; settings = {ATTRIBUTES = (CodeSignOnCopy, RemoveHeadersOnCopy, ); }; };
		FD69D90D239F203F003D0070 /* Visual.framework in Frameworks */ = {isa = PBXBuildFile; fileRef = FD69D90A239F203F003D0070 /* Visual.framework */; };
		FD69D90E239F203F003D0070 /* Visual.framework in Embed Frameworks */ = {isa = PBXBuildFile; fileRef = FD69D90A239F203F003D0070 /* Visual.framework */; settings = {ATTRIBUTES = (CodeSignOnCopy, RemoveHeadersOnCopy, ); }; };
		FDEEDEBE239DD1B500C64A0B /* AppDelegate.swift in Sources */ = {isa = PBXBuildFile; fileRef = FDEEDEBD239DD1B500C64A0B /* AppDelegate.swift */; };
		FDEEDEC0239DD1B500C64A0B /* SceneDelegate.swift in Sources */ = {isa = PBXBuildFile; fileRef = FDEEDEBF239DD1B500C64A0B /* SceneDelegate.swift */; };
		FDEEDEC2239DD1B500C64A0B /* ViewController.swift in Sources */ = {isa = PBXBuildFile; fileRef = FDEEDEC1239DD1B500C64A0B /* ViewController.swift */; };
		FDEEDEC5239DD1B500C64A0B /* Main.storyboard in Resources */ = {isa = PBXBuildFile; fileRef = FDEEDEC3239DD1B500C64A0B /* Main.storyboard */; };
		FDEEDEC7239DD1B500C64A0B /* Assets.xcassets in Resources */ = {isa = PBXBuildFile; fileRef = FDEEDEC6239DD1B500C64A0B /* Assets.xcassets */; };
		FDEEDECA239DD1B500C64A0B /* LaunchScreen.storyboard in Resources */ = {isa = PBXBuildFile; fileRef = FDEEDEC8239DD1B500C64A0B /* LaunchScreen.storyboard */; };
		FDEEDED5239DD1B500C64A0B /* SwiftmazingTests.swift in Sources */ = {isa = PBXBuildFile; fileRef = FDEEDED4239DD1B500C64A0B /* SwiftmazingTests.swift */; };
		FDEEDEE0239DD1B600C64A0B /* SwiftmazingUITests.swift in Sources */ = {isa = PBXBuildFile; fileRef = FDEEDEDF239DD1B600C64A0B /* SwiftmazingUITests.swift */; };
/* End PBXBuildFile section */

/* Begin PBXContainerItemProxy section */
		FDEEDED1239DD1B500C64A0B /* PBXContainerItemProxy */ = {
			isa = PBXContainerItemProxy;
			containerPortal = FDEEDEB2239DD1B500C64A0B /* Project object */;
			proxyType = 1;
			remoteGlobalIDString = FDEEDEB9239DD1B500C64A0B;
			remoteInfo = Swiftmazing;
		};
		FDEEDEDC239DD1B500C64A0B /* PBXContainerItemProxy */ = {
			isa = PBXContainerItemProxy;
			containerPortal = FDEEDEB2239DD1B500C64A0B /* Project object */;
			proxyType = 1;
			remoteGlobalIDString = FDEEDEB9239DD1B500C64A0B;
			remoteInfo = Swiftmazing;
		};
/* End PBXContainerItemProxy section */

/* Begin PBXCopyFilesBuildPhase section */
		FD69D90F239F203F003D0070 /* Embed Frameworks */ = {
			isa = PBXCopyFilesBuildPhase;
			buildActionMask = 2147483647;
			dstPath = "";
			dstSubfolderSpec = 10;
			files = (
				FD69D90E239F203F003D0070 /* Visual.framework in Embed Frameworks */,
				FD69D90C239F203F003D0070 /* Infrastructure.framework in Embed Frameworks */,
			);
			name = "Embed Frameworks";
			runOnlyForDeploymentPostprocessing = 0;
		};
/* End PBXCopyFilesBuildPhase section */

/* Begin PBXFileReference section */
		3D7ACA8EEFD7954D2E0F9F39 /* Pods-Swiftmazing.release.xcconfig */ = {isa = PBXFileReference; includeInIndex = 1; lastKnownFileType = text.xcconfig; name = "Pods-Swiftmazing.release.xcconfig"; path = "Target Support Files/Pods-Swiftmazing/Pods-Swiftmazing.release.xcconfig"; sourceTree = "<group>"; };
		4D146FD359B868B8CAED11A8 /* Pods_SwiftmazingTests.framework */ = {isa = PBXFileReference; explicitFileType = wrapper.framework; includeInIndex = 0; path = Pods_SwiftmazingTests.framework; sourceTree = BUILT_PRODUCTS_DIR; };
		6A9F8BF0811BF078A04980B8 /* Pods-SwiftmazingTests.debug.xcconfig */ = {isa = PBXFileReference; includeInIndex = 1; lastKnownFileType = text.xcconfig; name = "Pods-SwiftmazingTests.debug.xcconfig"; path = "Target Support Files/Pods-SwiftmazingTests/Pods-SwiftmazingTests.debug.xcconfig"; sourceTree = "<group>"; };
		8FD474541E4AC34E25839DBA /* Pods-Swiftmazing.debug.xcconfig */ = {isa = PBXFileReference; includeInIndex = 1; lastKnownFileType = text.xcconfig; name = "Pods-Swiftmazing.debug.xcconfig"; path = "Target Support Files/Pods-Swiftmazing/Pods-Swiftmazing.debug.xcconfig"; sourceTree = "<group>"; };
		9BF4210EE54F318DF9AF3F39 /* Pods_Swiftmazing.framework */ = {isa = PBXFileReference; explicitFileType = wrapper.framework; includeInIndex = 0; path = Pods_Swiftmazing.framework; sourceTree = BUILT_PRODUCTS_DIR; };
		A9D6B161F83B671E89D85F7A /* Pods-SwiftmazingTests.release.xcconfig */ = {isa = PBXFileReference; includeInIndex = 1; lastKnownFileType = text.xcconfig; name = "Pods-SwiftmazingTests.release.xcconfig"; path = "Target Support Files/Pods-SwiftmazingTests/Pods-SwiftmazingTests.release.xcconfig"; sourceTree = "<group>"; };
		FD69D909239F203F003D0070 /* Infrastructure.framework */ = {isa = PBXFileReference; explicitFileType = wrapper.framework; path = Infrastructure.framework; sourceTree = BUILT_PRODUCTS_DIR; };
		FD69D90A239F203F003D0070 /* Visual.framework */ = {isa = PBXFileReference; explicitFileType = wrapper.framework; path = Visual.framework; sourceTree = BUILT_PRODUCTS_DIR; };
		FDEEDEBA239DD1B500C64A0B /* Swiftmazing.app */ = {isa = PBXFileReference; explicitFileType = wrapper.application; includeInIndex = 0; path = Swiftmazing.app; sourceTree = BUILT_PRODUCTS_DIR; };
		FDEEDEBD239DD1B500C64A0B /* AppDelegate.swift */ = {isa = PBXFileReference; lastKnownFileType = sourcecode.swift; path = AppDelegate.swift; sourceTree = "<group>"; };
		FDEEDEBF239DD1B500C64A0B /* SceneDelegate.swift */ = {isa = PBXFileReference; lastKnownFileType = sourcecode.swift; path = SceneDelegate.swift; sourceTree = "<group>"; };
		FDEEDEC1239DD1B500C64A0B /* ViewController.swift */ = {isa = PBXFileReference; lastKnownFileType = sourcecode.swift; path = ViewController.swift; sourceTree = "<group>"; };
		FDEEDEC4239DD1B500C64A0B /* Base */ = {isa = PBXFileReference; lastKnownFileType = file.storyboard; name = Base; path = Base.lproj/Main.storyboard; sourceTree = "<group>"; };
		FDEEDEC6239DD1B500C64A0B /* Assets.xcassets */ = {isa = PBXFileReference; lastKnownFileType = folder.assetcatalog; path = Assets.xcassets; sourceTree = "<group>"; };
		FDEEDEC9239DD1B500C64A0B /* Base */ = {isa = PBXFileReference; lastKnownFileType = file.storyboard; name = Base; path = Base.lproj/LaunchScreen.storyboard; sourceTree = "<group>"; };
		FDEEDECB239DD1B500C64A0B /* Info.plist */ = {isa = PBXFileReference; lastKnownFileType = text.plist.xml; path = Info.plist; sourceTree = "<group>"; };
		FDEEDED0239DD1B500C64A0B /* SwiftmazingTests.xctest */ = {isa = PBXFileReference; explicitFileType = wrapper.cfbundle; includeInIndex = 0; path = SwiftmazingTests.xctest; sourceTree = BUILT_PRODUCTS_DIR; };
		FDEEDED4239DD1B500C64A0B /* SwiftmazingTests.swift */ = {isa = PBXFileReference; lastKnownFileType = sourcecode.swift; path = SwiftmazingTests.swift; sourceTree = "<group>"; };
		FDEEDED6239DD1B500C64A0B /* Info.plist */ = {isa = PBXFileReference; lastKnownFileType = text.plist.xml; path = Info.plist; sourceTree = "<group>"; };
		FDEEDEDB239DD1B500C64A0B /* SwiftmazingUITests.xctest */ = {isa = PBXFileReference; explicitFileType = wrapper.cfbundle; includeInIndex = 0; path = SwiftmazingUITests.xctest; sourceTree = BUILT_PRODUCTS_DIR; };
		FDEEDEDF239DD1B600C64A0B /* SwiftmazingUITests.swift */ = {isa = PBXFileReference; lastKnownFileType = sourcecode.swift; path = SwiftmazingUITests.swift; sourceTree = "<group>"; };
		FDEEDEE1239DD1B600C64A0B /* Info.plist */ = {isa = PBXFileReference; lastKnownFileType = text.plist.xml; path = Info.plist; sourceTree = "<group>"; };
/* End PBXFileReference section */

/* Begin PBXFrameworksBuildPhase section */
		FDEEDEB7239DD1B500C64A0B /* Frameworks */ = {
			isa = PBXFrameworksBuildPhase;
			buildActionMask = 2147483647;
			files = (
				77C5A5220C1734CB96C068FA /* Pods_Swiftmazing.framework in Frameworks */,
				FD69D90B239F203F003D0070 /* Infrastructure.framework in Frameworks */,
				FD69D90D239F203F003D0070 /* Visual.framework in Frameworks */,
			);
			runOnlyForDeploymentPostprocessing = 0;
		};
		FDEEDECD239DD1B500C64A0B /* Frameworks */ = {
			isa = PBXFrameworksBuildPhase;
			buildActionMask = 2147483647;
			files = (
				054D4EC703BB0739CF69776A /* Pods_SwiftmazingTests.framework in Frameworks */,
			);
			runOnlyForDeploymentPostprocessing = 0;
		};
		FDEEDED8239DD1B500C64A0B /* Frameworks */ = {
			isa = PBXFrameworksBuildPhase;
			buildActionMask = 2147483647;
			files = (
			);
			runOnlyForDeploymentPostprocessing = 0;
		};
/* End PBXFrameworksBuildPhase section */

/* Begin PBXGroup section */
		B626B8124CE1E8F2390226E6 /* Frameworks */ = {
			isa = PBXGroup;
			children = (
				FD69D909239F203F003D0070 /* Infrastructure.framework */,
				FD69D90A239F203F003D0070 /* Visual.framework */,
				9BF4210EE54F318DF9AF3F39 /* Pods_Swiftmazing.framework */,
				4D146FD359B868B8CAED11A8 /* Pods_SwiftmazingTests.framework */,
			);
			name = Frameworks;
			sourceTree = "<group>";
		};
		C8C245620F2996142E08336C /* Pods */ = {
			isa = PBXGroup;
			children = (
				8FD474541E4AC34E25839DBA /* Pods-Swiftmazing.debug.xcconfig */,
				3D7ACA8EEFD7954D2E0F9F39 /* Pods-Swiftmazing.release.xcconfig */,
				6A9F8BF0811BF078A04980B8 /* Pods-SwiftmazingTests.debug.xcconfig */,
				A9D6B161F83B671E89D85F7A /* Pods-SwiftmazingTests.release.xcconfig */,
			);
			name = Pods;
			path = ../Pods;
			sourceTree = "<group>";
		};
		FDEEDEB1239DD1B500C64A0B = {
			isa = PBXGroup;
			children = (
				FDEEDEBC239DD1B500C64A0B /* Swiftmazing */,
				FDEEDED3239DD1B500C64A0B /* SwiftmazingTests */,
				FDEEDEDE239DD1B600C64A0B /* SwiftmazingUITests */,
				FDEEDEBB239DD1B500C64A0B /* Products */,
				C8C245620F2996142E08336C /* Pods */,
				B626B8124CE1E8F2390226E6 /* Frameworks */,
			);
			sourceTree = "<group>";
		};
		FDEEDEBB239DD1B500C64A0B /* Products */ = {
			isa = PBXGroup;
			children = (
				FDEEDEBA239DD1B500C64A0B /* Swiftmazing.app */,
				FDEEDED0239DD1B500C64A0B /* SwiftmazingTests.xctest */,
				FDEEDEDB239DD1B500C64A0B /* SwiftmazingUITests.xctest */,
			);
			name = Products;
			sourceTree = "<group>";
		};
		FDEEDEBC239DD1B500C64A0B /* Swiftmazing */ = {
			isa = PBXGroup;
			children = (
				FDEEDEBD239DD1B500C64A0B /* AppDelegate.swift */,
				FDEEDEBF239DD1B500C64A0B /* SceneDelegate.swift */,
				FDEEDEC1239DD1B500C64A0B /* ViewController.swift */,
				FDEEDEC3239DD1B500C64A0B /* Main.storyboard */,
				FDEEDEC6239DD1B500C64A0B /* Assets.xcassets */,
				FDEEDEC8239DD1B500C64A0B /* LaunchScreen.storyboard */,
				FDEEDECB239DD1B500C64A0B /* Info.plist */,
			);
			path = Swiftmazing;
			sourceTree = "<group>";
		};
		FDEEDED3239DD1B500C64A0B /* SwiftmazingTests */ = {
			isa = PBXGroup;
			children = (
				FDEEDED4239DD1B500C64A0B /* SwiftmazingTests.swift */,
				FDEEDED6239DD1B500C64A0B /* Info.plist */,
			);
			path = SwiftmazingTests;
			sourceTree = "<group>";
		};
		FDEEDEDE239DD1B600C64A0B /* SwiftmazingUITests */ = {
			isa = PBXGroup;
			children = (
				FDEEDEDF239DD1B600C64A0B /* SwiftmazingUITests.swift */,
				FDEEDEE1239DD1B600C64A0B /* Info.plist */,
			);
			path = SwiftmazingUITests;
			sourceTree = "<group>";
		};
/* End PBXGroup section */

/* Begin PBXNativeTarget section */
		FDEEDEB9239DD1B500C64A0B /* Swiftmazing */ = {
			isa = PBXNativeTarget;
			buildConfigurationList = FDEEDEE4239DD1B600C64A0B /* Build configuration list for PBXNativeTarget "Swiftmazing" */;
			buildPhases = (
				35A2DE31185D70D5D7F44967 /* [CP] Check Pods Manifest.lock */,
				FDEEDEB6239DD1B500C64A0B /* Sources */,
				FDEEDEB7239DD1B500C64A0B /* Frameworks */,
				FDEEDEB8239DD1B500C64A0B /* Resources */,
				409C5478027701972C195231 /* [CP] Embed Pods Frameworks */,
				FD69D90F239F203F003D0070 /* Embed Frameworks */,
			);
			buildRules = (
			);
			dependencies = (
			);
			name = Swiftmazing;
			productName = Swiftmazing;
			productReference = FDEEDEBA239DD1B500C64A0B /* Swiftmazing.app */;
			productType = "com.apple.product-type.application";
		};
		FDEEDECF239DD1B500C64A0B /* SwiftmazingTests */ = {
			isa = PBXNativeTarget;
			buildConfigurationList = FDEEDEE7239DD1B600C64A0B /* Build configuration list for PBXNativeTarget "SwiftmazingTests" */;
			buildPhases = (
				F2E0B7340EB61BBCFC79C715 /* [CP] Check Pods Manifest.lock */,
				FDEEDECC239DD1B500C64A0B /* Sources */,
				FDEEDECD239DD1B500C64A0B /* Frameworks */,
				FDEEDECE239DD1B500C64A0B /* Resources */,
				693113B9E690EC1A0BD28BEB /* [CP] Embed Pods Frameworks */,
			);
			buildRules = (
			);
			dependencies = (
				FDEEDED2239DD1B500C64A0B /* PBXTargetDependency */,
			);
			name = SwiftmazingTests;
			productName = SwiftmazingTests;
			productReference = FDEEDED0239DD1B500C64A0B /* SwiftmazingTests.xctest */;
			productType = "com.apple.product-type.bundle.unit-test";
		};
		FDEEDEDA239DD1B500C64A0B /* SwiftmazingUITests */ = {
			isa = PBXNativeTarget;
			buildConfigurationList = FDEEDEEA239DD1B600C64A0B /* Build configuration list for PBXNativeTarget "SwiftmazingUITests" */;
			buildPhases = (
				FDEEDED7239DD1B500C64A0B /* Sources */,
				FDEEDED8239DD1B500C64A0B /* Frameworks */,
				FDEEDED9239DD1B500C64A0B /* Resources */,
			);
			buildRules = (
			);
			dependencies = (
				FDEEDEDD239DD1B500C64A0B /* PBXTargetDependency */,
			);
			name = SwiftmazingUITests;
			productName = SwiftmazingUITests;
			productReference = FDEEDEDB239DD1B500C64A0B /* SwiftmazingUITests.xctest */;
			productType = "com.apple.product-type.bundle.ui-testing";
		};
/* End PBXNativeTarget section */

/* Begin PBXProject section */
		FDEEDEB2239DD1B500C64A0B /* Project object */ = {
			isa = PBXProject;
			attributes = {
				LastSwiftUpdateCheck = 1120;
				LastUpgradeCheck = 1120;
				ORGANIZATIONNAME = "Hélio Mesquita";
				TargetAttributes = {
					FDEEDEB9239DD1B500C64A0B = {
						CreatedOnToolsVersion = 11.2.1;
					};
					FDEEDECF239DD1B500C64A0B = {
						CreatedOnToolsVersion = 11.2.1;
						TestTargetID = FDEEDEB9239DD1B500C64A0B;
					};
					FDEEDEDA239DD1B500C64A0B = {
						CreatedOnToolsVersion = 11.2.1;
						TestTargetID = FDEEDEB9239DD1B500C64A0B;
					};
				};
			};
			buildConfigurationList = FDEEDEB5239DD1B500C64A0B /* Build configuration list for PBXProject "Swiftmazing" */;
			compatibilityVersion = "Xcode 9.3";
			developmentRegion = en;
			hasScannedForEncodings = 0;
			knownRegions = (
				en,
				Base,
			);
			mainGroup = FDEEDEB1239DD1B500C64A0B;
			productRefGroup = FDEEDEBB239DD1B500C64A0B /* Products */;
			projectDirPath = "";
			projectRoot = "";
			targets = (
				FDEEDEB9239DD1B500C64A0B /* Swiftmazing */,
				FDEEDECF239DD1B500C64A0B /* SwiftmazingTests */,
				FDEEDEDA239DD1B500C64A0B /* SwiftmazingUITests */,
			);
		};
/* End PBXProject section */

/* Begin PBXResourcesBuildPhase section */
		FDEEDEB8239DD1B500C64A0B /* Resources */ = {
			isa = PBXResourcesBuildPhase;
			buildActionMask = 2147483647;
			files = (
				FDEEDECA239DD1B500C64A0B /* LaunchScreen.storyboard in Resources */,
				FDEEDEC7239DD1B500C64A0B /* Assets.xcassets in Resources */,
				FDEEDEC5239DD1B500C64A0B /* Main.storyboard in Resources */,
			);
			runOnlyForDeploymentPostprocessing = 0;
		};
		FDEEDECE239DD1B500C64A0B /* Resources */ = {
			isa = PBXResourcesBuildPhase;
			buildActionMask = 2147483647;
			files = (
			);
			runOnlyForDeploymentPostprocessing = 0;
		};
		FDEEDED9239DD1B500C64A0B /* Resources */ = {
			isa = PBXResourcesBuildPhase;
			buildActionMask = 2147483647;
			files = (
			);
			runOnlyForDeploymentPostprocessing = 0;
		};
/* End PBXResourcesBuildPhase section */

/* Begin PBXShellScriptBuildPhase section */
		35A2DE31185D70D5D7F44967 /* [CP] Check Pods Manifest.lock */ = {
			isa = PBXShellScriptBuildPhase;
			buildActionMask = 2147483647;
			files = (
			);
			inputFileListPaths = (
			);
			inputPaths = (
				"${PODS_PODFILE_DIR_PATH}/Podfile.lock",
				"${PODS_ROOT}/Manifest.lock",
			);
			name = "[CP] Check Pods Manifest.lock";
			outputFileListPaths = (
			);
			outputPaths = (
				"$(DERIVED_FILE_DIR)/Pods-Swiftmazing-checkManifestLockResult.txt",
			);
			runOnlyForDeploymentPostprocessing = 0;
			shellPath = /bin/sh;
			shellScript = "diff \"${PODS_PODFILE_DIR_PATH}/Podfile.lock\" \"${PODS_ROOT}/Manifest.lock\" > /dev/null\nif [ $? != 0 ] ; then\n    # print error to STDERR\n    echo \"error: The sandbox is not in sync with the Podfile.lock. Run 'pod install' or update your CocoaPods installation.\" >&2\n    exit 1\nfi\n# This output is used by Xcode 'outputs' to avoid re-running this script phase.\necho \"SUCCESS\" > \"${SCRIPT_OUTPUT_FILE_0}\"\n";
			showEnvVarsInLog = 0;
		};
		409C5478027701972C195231 /* [CP] Embed Pods Frameworks */ = {
			isa = PBXShellScriptBuildPhase;
			buildActionMask = 2147483647;
			files = (
			);
			inputFileListPaths = (
				"${PODS_ROOT}/Target Support Files/Pods-Swiftmazing/Pods-Swiftmazing-frameworks-${CONFIGURATION}-input-files.xcfilelist",
			);
			name = "[CP] Embed Pods Frameworks";
			outputFileListPaths = (
				"${PODS_ROOT}/Target Support Files/Pods-Swiftmazing/Pods-Swiftmazing-frameworks-${CONFIGURATION}-output-files.xcfilelist",
			);
			runOnlyForDeploymentPostprocessing = 0;
			shellPath = /bin/sh;
			shellScript = "\"${PODS_ROOT}/Target Support Files/Pods-Swiftmazing/Pods-Swiftmazing-frameworks.sh\"\n";
			showEnvVarsInLog = 0;
		};
		693113B9E690EC1A0BD28BEB /* [CP] Embed Pods Frameworks */ = {
			isa = PBXShellScriptBuildPhase;
			buildActionMask = 2147483647;
			files = (
			);
			inputFileListPaths = (
				"${PODS_ROOT}/Target Support Files/Pods-SwiftmazingTests/Pods-SwiftmazingTests-frameworks-${CONFIGURATION}-input-files.xcfilelist",
			);
			name = "[CP] Embed Pods Frameworks";
			outputFileListPaths = (
				"${PODS_ROOT}/Target Support Files/Pods-SwiftmazingTests/Pods-SwiftmazingTests-frameworks-${CONFIGURATION}-output-files.xcfilelist",
			);
			runOnlyForDeploymentPostprocessing = 0;
			shellPath = /bin/sh;
			shellScript = "\"${PODS_ROOT}/Target Support Files/Pods-SwiftmazingTests/Pods-SwiftmazingTests-frameworks.sh\"\n";
			showEnvVarsInLog = 0;
		};
		F2E0B7340EB61BBCFC79C715 /* [CP] Check Pods Manifest.lock */ = {
			isa = PBXShellScriptBuildPhase;
			buildActionMask = 2147483647;
			files = (
			);
			inputFileListPaths = (
			);
			inputPaths = (
				"${PODS_PODFILE_DIR_PATH}/Podfile.lock",
				"${PODS_ROOT}/Manifest.lock",
			);
			name = "[CP] Check Pods Manifest.lock";
			outputFileListPaths = (
			);
			outputPaths = (
				"$(DERIVED_FILE_DIR)/Pods-SwiftmazingTests-checkManifestLockResult.txt",
			);
			runOnlyForDeploymentPostprocessing = 0;
			shellPath = /bin/sh;
			shellScript = "diff \"${PODS_PODFILE_DIR_PATH}/Podfile.lock\" \"${PODS_ROOT}/Manifest.lock\" > /dev/null\nif [ $? != 0 ] ; then\n    # print error to STDERR\n    echo \"error: The sandbox is not in sync with the Podfile.lock. Run 'pod install' or update your CocoaPods installation.\" >&2\n    exit 1\nfi\n# This output is used by Xcode 'outputs' to avoid re-running this script phase.\necho \"SUCCESS\" > \"${SCRIPT_OUTPUT_FILE_0}\"\n";
			showEnvVarsInLog = 0;
		};
/* End PBXShellScriptBuildPhase section */

/* Begin PBXSourcesBuildPhase section */
		FDEEDEB6239DD1B500C64A0B /* Sources */ = {
			isa = PBXSourcesBuildPhase;
			buildActionMask = 2147483647;
			files = (
				FDEEDEC2239DD1B500C64A0B /* ViewController.swift in Sources */,
				FDEEDEBE239DD1B500C64A0B /* AppDelegate.swift in Sources */,
				FDEEDEC0239DD1B500C64A0B /* SceneDelegate.swift in Sources */,
			);
			runOnlyForDeploymentPostprocessing = 0;
		};
		FDEEDECC239DD1B500C64A0B /* Sources */ = {
			isa = PBXSourcesBuildPhase;
			buildActionMask = 2147483647;
			files = (
				FDEEDED5239DD1B500C64A0B /* SwiftmazingTests.swift in Sources */,
			);
			runOnlyForDeploymentPostprocessing = 0;
		};
		FDEEDED7239DD1B500C64A0B /* Sources */ = {
			isa = PBXSourcesBuildPhase;
			buildActionMask = 2147483647;
			files = (
				FDEEDEE0239DD1B600C64A0B /* SwiftmazingUITests.swift in Sources */,
			);
			runOnlyForDeploymentPostprocessing = 0;
		};
/* End PBXSourcesBuildPhase section */

/* Begin PBXTargetDependency section */
		FDEEDED2239DD1B500C64A0B /* PBXTargetDependency */ = {
			isa = PBXTargetDependency;
			target = FDEEDEB9239DD1B500C64A0B /* Swiftmazing */;
			targetProxy = FDEEDED1239DD1B500C64A0B /* PBXContainerItemProxy */;
		};
		FDEEDEDD239DD1B500C64A0B /* PBXTargetDependency */ = {
			isa = PBXTargetDependency;
			target = FDEEDEB9239DD1B500C64A0B /* Swiftmazing */;
			targetProxy = FDEEDEDC239DD1B500C64A0B /* PBXContainerItemProxy */;
		};
/* End PBXTargetDependency section */

/* Begin PBXVariantGroup section */
		FDEEDEC3239DD1B500C64A0B /* Main.storyboard */ = {
			isa = PBXVariantGroup;
			children = (
				FDEEDEC4239DD1B500C64A0B /* Base */,
			);
			name = Main.storyboard;
			sourceTree = "<group>";
		};
		FDEEDEC8239DD1B500C64A0B /* LaunchScreen.storyboard */ = {
			isa = PBXVariantGroup;
			children = (
				FDEEDEC9239DD1B500C64A0B /* Base */,
			);
			name = LaunchScreen.storyboard;
			sourceTree = "<group>";
		};
/* End PBXVariantGroup section */

/* Begin XCBuildConfiguration section */
		FDEEDEE2239DD1B600C64A0B /* Debug */ = {
			isa = XCBuildConfiguration;
			buildSettings = {
				ALWAYS_SEARCH_USER_PATHS = NO;
				CLANG_ANALYZER_NONNULL = YES;
				CLANG_ANALYZER_NUMBER_OBJECT_CONVERSION = YES_AGGRESSIVE;
				CLANG_CXX_LANGUAGE_STANDARD = "gnu++14";
				CLANG_CXX_LIBRARY = "libc++";
				CLANG_ENABLE_MODULES = YES;
				CLANG_ENABLE_OBJC_ARC = YES;
				CLANG_ENABLE_OBJC_WEAK = YES;
				CLANG_WARN_BLOCK_CAPTURE_AUTORELEASING = YES;
				CLANG_WARN_BOOL_CONVERSION = YES;
				CLANG_WARN_COMMA = YES;
				CLANG_WARN_CONSTANT_CONVERSION = YES;
				CLANG_WARN_DEPRECATED_OBJC_IMPLEMENTATIONS = YES;
				CLANG_WARN_DIRECT_OBJC_ISA_USAGE = YES_ERROR;
				CLANG_WARN_DOCUMENTATION_COMMENTS = YES;
				CLANG_WARN_EMPTY_BODY = YES;
				CLANG_WARN_ENUM_CONVERSION = YES;
				CLANG_WARN_INFINITE_RECURSION = YES;
				CLANG_WARN_INT_CONVERSION = YES;
				CLANG_WARN_NON_LITERAL_NULL_CONVERSION = YES;
				CLANG_WARN_OBJC_IMPLICIT_RETAIN_SELF = YES;
				CLANG_WARN_OBJC_LITERAL_CONVERSION = YES;
				CLANG_WARN_OBJC_ROOT_CLASS = YES_ERROR;
				CLANG_WARN_RANGE_LOOP_ANALYSIS = YES;
				CLANG_WARN_STRICT_PROTOTYPES = YES;
				CLANG_WARN_SUSPICIOUS_MOVE = YES;
				CLANG_WARN_UNGUARDED_AVAILABILITY = YES_AGGRESSIVE;
				CLANG_WARN_UNREACHABLE_CODE = YES;
				CLANG_WARN__DUPLICATE_METHOD_MATCH = YES;
				COPY_PHASE_STRIP = NO;
				DEBUG_INFORMATION_FORMAT = dwarf;
				ENABLE_STRICT_OBJC_MSGSEND = YES;
				ENABLE_TESTABILITY = YES;
				GCC_C_LANGUAGE_STANDARD = gnu11;
				GCC_DYNAMIC_NO_PIC = NO;
				GCC_NO_COMMON_BLOCKS = YES;
				GCC_OPTIMIZATION_LEVEL = 0;
				GCC_PREPROCESSOR_DEFINITIONS = (
					"DEBUG=1",
					"$(inherited)",
				);
				GCC_WARN_64_TO_32_BIT_CONVERSION = YES;
				GCC_WARN_ABOUT_RETURN_TYPE = YES_ERROR;
				GCC_WARN_UNDECLARED_SELECTOR = YES;
				GCC_WARN_UNINITIALIZED_AUTOS = YES_AGGRESSIVE;
				GCC_WARN_UNUSED_FUNCTION = YES;
				GCC_WARN_UNUSED_VARIABLE = YES;
				IPHONEOS_DEPLOYMENT_TARGET = 13.2;
				MTL_ENABLE_DEBUG_INFO = INCLUDE_SOURCE;
				MTL_FAST_MATH = YES;
				ONLY_ACTIVE_ARCH = YES;
				SDKROOT = iphoneos;
				SWIFT_ACTIVE_COMPILATION_CONDITIONS = DEBUG;
				SWIFT_OPTIMIZATION_LEVEL = "-Onone";
			};
			name = Debug;
		};
		FDEEDEE3239DD1B600C64A0B /* Release */ = {
			isa = XCBuildConfiguration;
			buildSettings = {
				ALWAYS_SEARCH_USER_PATHS = NO;
				CLANG_ANALYZER_NONNULL = YES;
				CLANG_ANALYZER_NUMBER_OBJECT_CONVERSION = YES_AGGRESSIVE;
				CLANG_CXX_LANGUAGE_STANDARD = "gnu++14";
				CLANG_CXX_LIBRARY = "libc++";
				CLANG_ENABLE_MODULES = YES;
				CLANG_ENABLE_OBJC_ARC = YES;
				CLANG_ENABLE_OBJC_WEAK = YES;
				CLANG_WARN_BLOCK_CAPTURE_AUTORELEASING = YES;
				CLANG_WARN_BOOL_CONVERSION = YES;
				CLANG_WARN_COMMA = YES;
				CLANG_WARN_CONSTANT_CONVERSION = YES;
				CLANG_WARN_DEPRECATED_OBJC_IMPLEMENTATIONS = YES;
				CLANG_WARN_DIRECT_OBJC_ISA_USAGE = YES_ERROR;
				CLANG_WARN_DOCUMENTATION_COMMENTS = YES;
				CLANG_WARN_EMPTY_BODY = YES;
				CLANG_WARN_ENUM_CONVERSION = YES;
				CLANG_WARN_INFINITE_RECURSION = YES;
				CLANG_WARN_INT_CONVERSION = YES;
				CLANG_WARN_NON_LITERAL_NULL_CONVERSION = YES;
				CLANG_WARN_OBJC_IMPLICIT_RETAIN_SELF = YES;
				CLANG_WARN_OBJC_LITERAL_CONVERSION = YES;
				CLANG_WARN_OBJC_ROOT_CLASS = YES_ERROR;
				CLANG_WARN_RANGE_LOOP_ANALYSIS = YES;
				CLANG_WARN_STRICT_PROTOTYPES = YES;
				CLANG_WARN_SUSPICIOUS_MOVE = YES;
				CLANG_WARN_UNGUARDED_AVAILABILITY = YES_AGGRESSIVE;
				CLANG_WARN_UNREACHABLE_CODE = YES;
				CLANG_WARN__DUPLICATE_METHOD_MATCH = YES;
				COPY_PHASE_STRIP = NO;
				DEBUG_INFORMATION_FORMAT = "dwarf-with-dsym";
				ENABLE_NS_ASSERTIONS = NO;
				ENABLE_STRICT_OBJC_MSGSEND = YES;
				GCC_C_LANGUAGE_STANDARD = gnu11;
				GCC_NO_COMMON_BLOCKS = YES;
				GCC_WARN_64_TO_32_BIT_CONVERSION = YES;
				GCC_WARN_ABOUT_RETURN_TYPE = YES_ERROR;
				GCC_WARN_UNDECLARED_SELECTOR = YES;
				GCC_WARN_UNINITIALIZED_AUTOS = YES_AGGRESSIVE;
				GCC_WARN_UNUSED_FUNCTION = YES;
				GCC_WARN_UNUSED_VARIABLE = YES;
				IPHONEOS_DEPLOYMENT_TARGET = 13.2;
				MTL_ENABLE_DEBUG_INFO = NO;
				MTL_FAST_MATH = YES;
				SDKROOT = iphoneos;
				SWIFT_COMPILATION_MODE = wholemodule;
				SWIFT_OPTIMIZATION_LEVEL = "-O";
				VALIDATE_PRODUCT = YES;
			};
			name = Release;
		};
		FDEEDEE5239DD1B600C64A0B /* Debug */ = {
			isa = XCBuildConfiguration;
			baseConfigurationReference = 8FD474541E4AC34E25839DBA /* Pods-Swiftmazing.debug.xcconfig */;
			buildSettings = {
				ASSETCATALOG_COMPILER_APPICON_NAME = AppIcon;
				CODE_SIGN_STYLE = Automatic;
				INFOPLIST_FILE = Swiftmazing/Info.plist;
				LD_RUNPATH_SEARCH_PATHS = (
					"$(inherited)",
					"@executable_path/Frameworks",
				);
				PRODUCT_BUNDLE_IDENTIFIER = com.callidus.Swiftmazing;
				PRODUCT_NAME = "$(TARGET_NAME)";
				SWIFT_VERSION = 5.0;
				TARGETED_DEVICE_FAMILY = "1,2";
			};
			name = Debug;
		};
		FDEEDEE6239DD1B600C64A0B /* Release */ = {
			isa = XCBuildConfiguration;
			baseConfigurationReference = 3D7ACA8EEFD7954D2E0F9F39 /* Pods-Swiftmazing.release.xcconfig */;
			buildSettings = {
				ASSETCATALOG_COMPILER_APPICON_NAME = AppIcon;
				CODE_SIGN_STYLE = Automatic;
				INFOPLIST_FILE = Swiftmazing/Info.plist;
				LD_RUNPATH_SEARCH_PATHS = (
					"$(inherited)",
					"@executable_path/Frameworks",
				);
				PRODUCT_BUNDLE_IDENTIFIER = com.callidus.Swiftmazing;
				PRODUCT_NAME = "$(TARGET_NAME)";
				SWIFT_VERSION = 5.0;
				TARGETED_DEVICE_FAMILY = "1,2";
			};
			name = Release;
		};
		FDEEDEE8239DD1B600C64A0B /* Debug */ = {
			isa = XCBuildConfiguration;
			baseConfigurationReference = 6A9F8BF0811BF078A04980B8 /* Pods-SwiftmazingTests.debug.xcconfig */;
			buildSettings = {
				ALWAYS_EMBED_SWIFT_STANDARD_LIBRARIES = YES;
				BUNDLE_LOADER = "$(TEST_HOST)";
				CODE_SIGN_STYLE = Automatic;
				INFOPLIST_FILE = SwiftmazingTests/Info.plist;
				IPHONEOS_DEPLOYMENT_TARGET = 13.2;
				LD_RUNPATH_SEARCH_PATHS = (
					"$(inherited)",
					"@executable_path/Frameworks",
					"@loader_path/Frameworks",
				);
				PRODUCT_BUNDLE_IDENTIFIER = com.callidus.SwiftmazingTests;
				PRODUCT_NAME = "$(TARGET_NAME)";
				SWIFT_VERSION = 5.0;
				TARGETED_DEVICE_FAMILY = "1,2";
				TEST_HOST = "$(BUILT_PRODUCTS_DIR)/Swiftmazing.app/Swiftmazing";
			};
			name = Debug;
		};
		FDEEDEE9239DD1B600C64A0B /* Release */ = {
			isa = XCBuildConfiguration;
			baseConfigurationReference = A9D6B161F83B671E89D85F7A /* Pods-SwiftmazingTests.release.xcconfig */;
			buildSettings = {
				ALWAYS_EMBED_SWIFT_STANDARD_LIBRARIES = YES;
				BUNDLE_LOADER = "$(TEST_HOST)";
				CODE_SIGN_STYLE = Automatic;
				INFOPLIST_FILE = SwiftmazingTests/Info.plist;
				IPHONEOS_DEPLOYMENT_TARGET = 13.2;
				LD_RUNPATH_SEARCH_PATHS = (
					"$(inherited)",
					"@executable_path/Frameworks",
					"@loader_path/Frameworks",
				);
				PRODUCT_BUNDLE_IDENTIFIER = com.callidus.SwiftmazingTests;
				PRODUCT_NAME = "$(TARGET_NAME)";
				SWIFT_VERSION = 5.0;
				TARGETED_DEVICE_FAMILY = "1,2";
				TEST_HOST = "$(BUILT_PRODUCTS_DIR)/Swiftmazing.app/Swiftmazing";
			};
			name = Release;
		};
		FDEEDEEB239DD1B600C64A0B /* Debug */ = {
			isa = XCBuildConfiguration;
			buildSettings = {
				ALWAYS_EMBED_SWIFT_STANDARD_LIBRARIES = YES;
				CODE_SIGN_STYLE = Automatic;
				INFOPLIST_FILE = SwiftmazingUITests/Info.plist;
				LD_RUNPATH_SEARCH_PATHS = (
					"$(inherited)",
					"@executable_path/Frameworks",
					"@loader_path/Frameworks",
				);
				PRODUCT_BUNDLE_IDENTIFIER = com.callidus.SwiftmazingUITests;
				PRODUCT_NAME = "$(TARGET_NAME)";
				SWIFT_VERSION = 5.0;
				TARGETED_DEVICE_FAMILY = "1,2";
				TEST_TARGET_NAME = Swiftmazing;
			};
			name = Debug;
		};
		FDEEDEEC239DD1B600C64A0B /* Release */ = {
			isa = XCBuildConfiguration;
			buildSettings = {
				ALWAYS_EMBED_SWIFT_STANDARD_LIBRARIES = YES;
				CODE_SIGN_STYLE = Automatic;
				INFOPLIST_FILE = SwiftmazingUITests/Info.plist;
				LD_RUNPATH_SEARCH_PATHS = (
					"$(inherited)",
					"@executable_path/Frameworks",
					"@loader_path/Frameworks",
				);
				PRODUCT_BUNDLE_IDENTIFIER = com.callidus.SwiftmazingUITests;
				PRODUCT_NAME = "$(TARGET_NAME)";
				SWIFT_VERSION = 5.0;
				TARGETED_DEVICE_FAMILY = "1,2";
				TEST_TARGET_NAME = Swiftmazing;
			};
			name = Release;
		};
/* End XCBuildConfiguration section */

/* Begin XCConfigurationList section */
		FDEEDEB5239DD1B500C64A0B /* Build configuration list for PBXProject "Swiftmazing" */ = {
			isa = XCConfigurationList;
			buildConfigurations = (
				FDEEDEE2239DD1B600C64A0B /* Debug */,
				FDEEDEE3239DD1B600C64A0B /* Release */,
			);
			defaultConfigurationIsVisible = 0;
			defaultConfigurationName = Release;
		};
		FDEEDEE4239DD1B600C64A0B /* Build configuration list for PBXNativeTarget "Swiftmazing" */ = {
			isa = XCConfigurationList;
			buildConfigurations = (
				FDEEDEE5239DD1B600C64A0B /* Debug */,
				FDEEDEE6239DD1B600C64A0B /* Release */,
			);
			defaultConfigurationIsVisible = 0;
			defaultConfigurationName = Release;
		};
		FDEEDEE7239DD1B600C64A0B /* Build configuration list for PBXNativeTarget "SwiftmazingTests" */ = {
			isa = XCConfigurationList;
			buildConfigurations = (
				FDEEDEE8239DD1B600C64A0B /* Debug */,
				FDEEDEE9239DD1B600C64A0B /* Release */,
			);
			defaultConfigurationIsVisible = 0;
			defaultConfigurationName = Release;
		};
		FDEEDEEA239DD1B600C64A0B /* Build configuration list for PBXNativeTarget "SwiftmazingUITests" */ = {
			isa = XCConfigurationList;
			buildConfigurations = (
				FDEEDEEB239DD1B600C64A0B /* Debug */,
				FDEEDEEC239DD1B600C64A0B /* Release */,
			);
			defaultConfigurationIsVisible = 0;
			defaultConfigurationName = Release;
		};
/* End XCConfigurationList section */
	};
	rootObject = FDEEDEB2239DD1B500C64A0B /* Project object */;
}
