// !$*UTF8*$!
{
	archiveVersion = 1;
	classes = {
	};
	objectVersion = 51;
	objects = {

/* Begin PBXBuildFile section */
		3C9003AFFA8BB39171F15C38 /* Pods_SwiftmazingFunctionalTests.framework in Frameworks */ = {isa = PBXBuildFile; fileRef = 67FC08617C5C6A0108C8A243 /* Pods_SwiftmazingFunctionalTests.framework */; };
		5F3CEC7FF67E61AB6C26B530 /* Pods_Swiftmazing.framework in Frameworks */ = {isa = PBXBuildFile; fileRef = 9BF4210EE54F318DF9AF3F39 /* Pods_Swiftmazing.framework */; };
		77C5A5220C1734CB96C068FA /* Pods_Swiftmazing.framework in Frameworks */ = {isa = PBXBuildFile; fileRef = 9BF4210EE54F318DF9AF3F39 /* Pods_Swiftmazing.framework */; };
		9CD6AA44650CCE7B1FFFCF63 /* Pods_SwiftmazingMock.framework in Frameworks */ = {isa = PBXBuildFile; fileRef = B9B9B8DEA01EE94C52A48CC0 /* Pods_SwiftmazingMock.framework */; };
		E95670E223B1192E007611F8 /* Visual.framework in Embed Frameworks */ = {isa = PBXBuildFile; fileRef = FD69D90A239F203F003D0070 /* Visual.framework */; settings = {ATTRIBUTES = (CodeSignOnCopy, RemoveHeadersOnCopy, ); }; };
		E961CB8723C4C2F400239D14 /* ListRouter.swift in Sources */ = {isa = PBXBuildFile; fileRef = FDB5718F23A5815D00BAD13C /* ListRouter.swift */; };
		E961CB8823C4C2F400239D14 /* Repositories.swift in Sources */ = {isa = PBXBuildFile; fileRef = FD1DD97023B5297500D92429 /* Repositories.swift */; };
		E961CB8923C4C2F400239D14 /* ListPresenter.swift in Sources */ = {isa = PBXBuildFile; fileRef = FDB5718D23A5815D00BAD13C /* ListPresenter.swift */; };
		E961CB8A23C4C2F400239D14 /* RepositoryDetailRouter.swift in Sources */ = {isa = PBXBuildFile; fileRef = FDE9BBF623C2881D00E80CDD /* RepositoryDetailRouter.swift */; };
		E961CB8B23C4C2F400239D14 /* Repository.swift in Sources */ = {isa = PBXBuildFile; fileRef = FD9DFB3123B03E6500F8B3AC /* Repository.swift */; };
		E961CB8D23C4C2F400239D14 /* Text.swift in Sources */ = {isa = PBXBuildFile; fileRef = FD0A28D223BFD85200B9B985 /* Text.swift */; };
		E961CB8E23C4C2F400239D14 /* RepositoryOwner.swift in Sources */ = {isa = PBXBuildFile; fileRef = FD9DFB3323B03E8E00F8B3AC /* RepositoryOwner.swift */; };
		E961CB8F23C4C2F400239D14 /* Int+Utils.swift in Sources */ = {isa = PBXBuildFile; fileRef = FD20D61C23C054F8003CB202 /* Int+Utils.swift */; };
		E961CB9123C4C2F400239D14 /* RepositoryDetailViewController.swift in Sources */ = {isa = PBXBuildFile; fileRef = FDE9BBF823C2881D00E80CDD /* RepositoryDetailViewController.swift */; };
		E961CB9223C4C2F400239D14 /* String+Utils.swift in Sources */ = {isa = PBXBuildFile; fileRef = FD0A28D023BFD6AA00B9B985 /* String+Utils.swift */; };
		E961CB9323C4C2F400239D14 /* FeedModels.swift in Sources */ = {isa = PBXBuildFile; fileRef = FDB5719F23A5889800BAD13C /* FeedModels.swift */; };
		E961CB9423C4C2F400239D14 /* FeedInteractor.swift in Sources */ = {isa = PBXBuildFile; fileRef = FDB571A123A5889800BAD13C /* FeedInteractor.swift */; };
		E961CB9623C4C2F400239D14 /* RequestProvider.swift in Sources */ = {isa = PBXBuildFile; fileRef = FD69D92223A557E5003D0070 /* RequestProvider.swift */; };
		E961CB9723C4C2F400239D14 /* FeedRouter.swift in Sources */ = {isa = PBXBuildFile; fileRef = FDB5719E23A5889800BAD13C /* FeedRouter.swift */; };
		E961CB9823C4C2F400239D14 /* FeedViewController.swift in Sources */ = {isa = PBXBuildFile; fileRef = FDB571A023A5889800BAD13C /* FeedViewController.swift */; };
		E961CB9923C4C2F400239D14 /* ListViewController.swift in Sources */ = {isa = PBXBuildFile; fileRef = FDB5719123A5815D00BAD13C /* ListViewController.swift */; };
		E961CB9A23C4C2F400239D14 /* RepositoryDetailInteractor.swift in Sources */ = {isa = PBXBuildFile; fileRef = FDE9BBF923C2881D00E80CDD /* RepositoryDetailInteractor.swift */; };
		E961CB9B23C4C2F400239D14 /* FeedPresenter.swift in Sources */ = {isa = PBXBuildFile; fileRef = FDB5719C23A5889800BAD13C /* FeedPresenter.swift */; };
		E961CB9C23C4C2F400239D14 /* ListInteractor.swift in Sources */ = {isa = PBXBuildFile; fileRef = FDB5719223A5815D00BAD13C /* ListInteractor.swift */; };
		E961CB9D23C4C2F400239D14 /* RepositoryDetailPresenter.swift in Sources */ = {isa = PBXBuildFile; fileRef = FDE9BBF423C2881D00E80CDD /* RepositoryDetailPresenter.swift */; };
		E961CB9E23C4C2F400239D14 /* RepositoriesWorker.swift in Sources */ = {isa = PBXBuildFile; fileRef = FD0A28D723BFE23600B9B985 /* RepositoriesWorker.swift */; };
		E961CB9F23C4C2F400239D14 /* ListModels.swift in Sources */ = {isa = PBXBuildFile; fileRef = FDB5719023A5815D00BAD13C /* ListModels.swift */; };
		E961CBA023C4C2F400239D14 /* RepositoriesProvider.swift in Sources */ = {isa = PBXBuildFile; fileRef = FD24977F23BD7AD300442956 /* RepositoriesProvider.swift */; };
		E961CBA123C4C2F400239D14 /* Bundle+Utils.swift in Sources */ = {isa = PBXBuildFile; fileRef = FD69D92623A55A3E003D0070 /* Bundle+Utils.swift */; };
		E961CBA223C4C2F400239D14 /* Date+Utils.swift in Sources */ = {isa = PBXBuildFile; fileRef = FDE9BC0323C299B600E80CDD /* Date+Utils.swift */; };
		E961CBA323C4C2F400239D14 /* AppDelegate.swift in Sources */ = {isa = PBXBuildFile; fileRef = FDEEDEBD239DD1B500C64A0B /* AppDelegate.swift */; };
		E961CBA423C4C2F400239D14 /* SceneDelegate.swift in Sources */ = {isa = PBXBuildFile; fileRef = FDEEDEBF239DD1B500C64A0B /* SceneDelegate.swift */; };
		E961CBA723C4C2F400239D14 /* Infrastructure.framework in Frameworks */ = {isa = PBXBuildFile; fileRef = FD69D909239F203F003D0070 /* Infrastructure.framework */; };
		E961CBA923C4C2F400239D14 /* Localizable.strings in Resources */ = {isa = PBXBuildFile; fileRef = FD1DD97623B52BA300D92429 /* Localizable.strings */; };
		E961CBAA23C4C2F400239D14 /* Assets.xcassets in Resources */ = {isa = PBXBuildFile; fileRef = FDEEDEC6239DD1B500C64A0B /* Assets.xcassets */; };
		E961CBAD23C4C2F400239D14 /* Visual.framework in Embed Frameworks */ = {isa = PBXBuildFile; fileRef = FD69D90A239F203F003D0070 /* Visual.framework */; settings = {ATTRIBUTES = (CodeSignOnCopy, RemoveHeadersOnCopy, ); }; };
		E961CBAE23C4C2F400239D14 /* Infrastructure.framework in Embed Frameworks */ = {isa = PBXBuildFile; fileRef = FD69D909239F203F003D0070 /* Infrastructure.framework */; settings = {ATTRIBUTES = (CodeSignOnCopy, RemoveHeadersOnCopy, ); }; };
		E961CBB523C4C31F00239D14 /* ServiceProviderMock.swift in Sources */ = {isa = PBXBuildFile; fileRef = E961CBB423C4C31F00239D14 /* ServiceProviderMock.swift */; };
		E9D8E0FE23C745CD009E21F6 /* FeedInteractorTests.swift in Sources */ = {isa = PBXBuildFile; fileRef = E9D8E0FD23C745CD009E21F6 /* FeedInteractorTests.swift */; };
		E9D8E10123C748C8009E21F6 /* RepositoriesWorkerSpy.swift in Sources */ = {isa = PBXBuildFile; fileRef = E9D8E10023C748C8009E21F6 /* RepositoriesWorkerSpy.swift */; };
		E9D8E10323C752F6009E21F6 /* ListInteractorTests.swift in Sources */ = {isa = PBXBuildFile; fileRef = E9D8E10223C7526C009E21F6 /* ListInteractorTests.swift */; };
		E9D8E10523C7616F009E21F6 /* RepositoryDetailInteractorTests.swift in Sources */ = {isa = PBXBuildFile; fileRef = E9D8E10423C7616F009E21F6 /* RepositoryDetailInteractorTests.swift */; };
		E9D8E10723C7637C009E21F6 /* RepositoryDetailPresenterTests.swift in Sources */ = {isa = PBXBuildFile; fileRef = E9D8E10623C7637C009E21F6 /* RepositoryDetailPresenterTests.swift */; };
		E9D8E10923C7662E009E21F6 /* FeedPresenterTests.swift in Sources */ = {isa = PBXBuildFile; fileRef = E9D8E10823C7662E009E21F6 /* FeedPresenterTests.swift */; };
		E9D8E10B23C76A36009E21F6 /* ListPresenterTests.swift in Sources */ = {isa = PBXBuildFile; fileRef = E9D8E10A23C76A36009E21F6 /* ListPresenterTests.swift */; };
		F767FD5CB73B93EC52E15BA3 /* Pods_SwiftmazingTests.framework in Frameworks */ = {isa = PBXBuildFile; fileRef = 7810EDA121B1A47A6BE927BB /* Pods_SwiftmazingTests.framework */; };
		FD0A28D123BFD6AA00B9B985 /* String+Utils.swift in Sources */ = {isa = PBXBuildFile; fileRef = FD0A28D023BFD6AA00B9B985 /* String+Utils.swift */; };
		FD0A28D323BFD85200B9B985 /* Text.swift in Sources */ = {isa = PBXBuildFile; fileRef = FD0A28D223BFD85200B9B985 /* Text.swift */; };
		FD0A28D823BFE23600B9B985 /* RepositoriesWorker.swift in Sources */ = {isa = PBXBuildFile; fileRef = FD0A28D723BFE23600B9B985 /* RepositoriesWorker.swift */; };
		FD1DD97123B5297500D92429 /* Repositories.swift in Sources */ = {isa = PBXBuildFile; fileRef = FD1DD97023B5297500D92429 /* Repositories.swift */; };
		FD1DD97423B52BA300D92429 /* Localizable.strings in Resources */ = {isa = PBXBuildFile; fileRef = FD1DD97623B52BA300D92429 /* Localizable.strings */; };
		FD20D61D23C054F8003CB202 /* Int+Utils.swift in Sources */ = {isa = PBXBuildFile; fileRef = FD20D61C23C054F8003CB202 /* Int+Utils.swift */; };
		FD24978023BD7AD300442956 /* RepositoriesProvider.swift in Sources */ = {isa = PBXBuildFile; fileRef = FD24977F23BD7AD300442956 /* RepositoriesProvider.swift */; };
		FD39510723C68D210086FA42 /* SwiftmazingFunctionalTests.swift in Sources */ = {isa = PBXBuildFile; fileRef = FD39510623C68D210086FA42 /* SwiftmazingFunctionalTests.swift */; };
		FD39511323C697D90086FA42 /* KIF+Utils.swift in Sources */ = {isa = PBXBuildFile; fileRef = FD39511223C697D90086FA42 /* KIF+Utils.swift */; };
		FD39511623C6C5360086FA42 /* AlertDisplayLogic.swift in Sources */ = {isa = PBXBuildFile; fileRef = FD39511523C6C5360086FA42 /* AlertDisplayLogic.swift */; };
		FD39511723C6C68F0086FA42 /* AlertDisplayLogic.swift in Sources */ = {isa = PBXBuildFile; fileRef = FD39511523C6C5360086FA42 /* AlertDisplayLogic.swift */; };
		FD39511A23C7CF1B0086FA42 /* Int+UtilsTests.swift in Sources */ = {isa = PBXBuildFile; fileRef = FD39511923C7CF1B0086FA42 /* Int+UtilsTests.swift */; };
		FD69D90B239F203F003D0070 /* Infrastructure.framework in Frameworks */ = {isa = PBXBuildFile; fileRef = FD69D909239F203F003D0070 /* Infrastructure.framework */; };
		FD69D90C239F203F003D0070 /* Infrastructure.framework in Embed Frameworks */ = {isa = PBXBuildFile; fileRef = FD69D909239F203F003D0070 /* Infrastructure.framework */; settings = {ATTRIBUTES = (CodeSignOnCopy, RemoveHeadersOnCopy, ); }; };
		FD69D92123A557AE003D0070 /* ServiceProvider.swift in Sources */ = {isa = PBXBuildFile; fileRef = FD69D92023A557AE003D0070 /* ServiceProvider.swift */; };
		FD69D92323A557E5003D0070 /* RequestProvider.swift in Sources */ = {isa = PBXBuildFile; fileRef = FD69D92223A557E5003D0070 /* RequestProvider.swift */; };
		FD69D92723A55A3E003D0070 /* Bundle+Utils.swift in Sources */ = {isa = PBXBuildFile; fileRef = FD69D92623A55A3E003D0070 /* Bundle+Utils.swift */; };
		FD9DFB3223B03E6500F8B3AC /* Repository.swift in Sources */ = {isa = PBXBuildFile; fileRef = FD9DFB3123B03E6500F8B3AC /* Repository.swift */; };
		FD9DFB3423B03E8E00F8B3AC /* RepositoryOwner.swift in Sources */ = {isa = PBXBuildFile; fileRef = FD9DFB3323B03E8E00F8B3AC /* RepositoryOwner.swift */; };
		FDB5719423A5815D00BAD13C /* ListPresenter.swift in Sources */ = {isa = PBXBuildFile; fileRef = FDB5718D23A5815D00BAD13C /* ListPresenter.swift */; };
		FDB5719623A5815D00BAD13C /* ListRouter.swift in Sources */ = {isa = PBXBuildFile; fileRef = FDB5718F23A5815D00BAD13C /* ListRouter.swift */; };
		FDB5719723A5815D00BAD13C /* ListModels.swift in Sources */ = {isa = PBXBuildFile; fileRef = FDB5719023A5815D00BAD13C /* ListModels.swift */; };
		FDB5719823A5815D00BAD13C /* ListViewController.swift in Sources */ = {isa = PBXBuildFile; fileRef = FDB5719123A5815D00BAD13C /* ListViewController.swift */; };
		FDB5719923A5815D00BAD13C /* ListInteractor.swift in Sources */ = {isa = PBXBuildFile; fileRef = FDB5719223A5815D00BAD13C /* ListInteractor.swift */; };
		FDB571A323A5889800BAD13C /* FeedPresenter.swift in Sources */ = {isa = PBXBuildFile; fileRef = FDB5719C23A5889800BAD13C /* FeedPresenter.swift */; };
		FDB571A523A5889800BAD13C /* FeedRouter.swift in Sources */ = {isa = PBXBuildFile; fileRef = FDB5719E23A5889800BAD13C /* FeedRouter.swift */; };
		FDB571A623A5889800BAD13C /* FeedModels.swift in Sources */ = {isa = PBXBuildFile; fileRef = FDB5719F23A5889800BAD13C /* FeedModels.swift */; };
		FDB571A723A5889800BAD13C /* FeedViewController.swift in Sources */ = {isa = PBXBuildFile; fileRef = FDB571A023A5889800BAD13C /* FeedViewController.swift */; };
		FDB571A823A5889800BAD13C /* FeedInteractor.swift in Sources */ = {isa = PBXBuildFile; fileRef = FDB571A123A5889800BAD13C /* FeedInteractor.swift */; };
		FDE9BBFB23C2881D00E80CDD /* RepositoryDetailPresenter.swift in Sources */ = {isa = PBXBuildFile; fileRef = FDE9BBF423C2881D00E80CDD /* RepositoryDetailPresenter.swift */; };
		FDE9BBFD23C2881D00E80CDD /* RepositoryDetailRouter.swift in Sources */ = {isa = PBXBuildFile; fileRef = FDE9BBF623C2881D00E80CDD /* RepositoryDetailRouter.swift */; };
		FDE9BBFF23C2881D00E80CDD /* RepositoryDetailViewController.swift in Sources */ = {isa = PBXBuildFile; fileRef = FDE9BBF823C2881D00E80CDD /* RepositoryDetailViewController.swift */; };
		FDE9BC0023C2881D00E80CDD /* RepositoryDetailInteractor.swift in Sources */ = {isa = PBXBuildFile; fileRef = FDE9BBF923C2881D00E80CDD /* RepositoryDetailInteractor.swift */; };
		FDE9BC0423C299B600E80CDD /* Date+Utils.swift in Sources */ = {isa = PBXBuildFile; fileRef = FDE9BC0323C299B600E80CDD /* Date+Utils.swift */; };
		FDEEDEBE239DD1B500C64A0B /* AppDelegate.swift in Sources */ = {isa = PBXBuildFile; fileRef = FDEEDEBD239DD1B500C64A0B /* AppDelegate.swift */; };
		FDEEDEC0239DD1B500C64A0B /* SceneDelegate.swift in Sources */ = {isa = PBXBuildFile; fileRef = FDEEDEBF239DD1B500C64A0B /* SceneDelegate.swift */; };
		FDEEDEC7239DD1B500C64A0B /* Assets.xcassets in Resources */ = {isa = PBXBuildFile; fileRef = FDEEDEC6239DD1B500C64A0B /* Assets.xcassets */; };
		FDEEDED5239DD1B500C64A0B /* SwiftmazingTests.swift in Sources */ = {isa = PBXBuildFile; fileRef = FDEEDED4239DD1B500C64A0B /* SwiftmazingTests.swift */; };
/* End PBXBuildFile section */

/* Begin PBXContainerItemProxy section */
		FD39510923C68D210086FA42 /* PBXContainerItemProxy */ = {
			isa = PBXContainerItemProxy;
			containerPortal = FDEEDEB2239DD1B500C64A0B /* Project object */;
			proxyType = 1;
			remoteGlobalIDString = E961CB8423C4C2F400239D14;
			remoteInfo = SwiftmazingMock;
		};
		FDEEDED1239DD1B500C64A0B /* PBXContainerItemProxy */ = {
			isa = PBXContainerItemProxy;
			containerPortal = FDEEDEB2239DD1B500C64A0B /* Project object */;
			proxyType = 1;
			remoteGlobalIDString = FDEEDEB9239DD1B500C64A0B;
			remoteInfo = Swiftmazing;
		};
/* End PBXContainerItemProxy section */

/* Begin PBXCopyFilesBuildPhase section */
		E961CBAC23C4C2F400239D14 /* Embed Frameworks */ = {
			isa = PBXCopyFilesBuildPhase;
			buildActionMask = 2147483647;
			dstPath = "";
			dstSubfolderSpec = 10;
			files = (
				E961CBAD23C4C2F400239D14 /* Visual.framework in Embed Frameworks */,
				E961CBAE23C4C2F400239D14 /* Infrastructure.framework in Embed Frameworks */,
			);
			name = "Embed Frameworks";
			runOnlyForDeploymentPostprocessing = 0;
		};
		FD69D90F239F203F003D0070 /* Embed Frameworks */ = {
			isa = PBXCopyFilesBuildPhase;
			buildActionMask = 2147483647;
			dstPath = "";
			dstSubfolderSpec = 10;
			files = (
				E95670E223B1192E007611F8 /* Visual.framework in Embed Frameworks */,
				FD69D90C239F203F003D0070 /* Infrastructure.framework in Embed Frameworks */,
			);
			name = "Embed Frameworks";
			runOnlyForDeploymentPostprocessing = 0;
		};
/* End PBXCopyFilesBuildPhase section */

/* Begin PBXFileReference section */
		1465F538032118B289334617 /* Pods-SwiftmazingFunctionalTests.debug.xcconfig */ = {isa = PBXFileReference; includeInIndex = 1; lastKnownFileType = text.xcconfig; name = "Pods-SwiftmazingFunctionalTests.debug.xcconfig"; path = "Target Support Files/Pods-SwiftmazingFunctionalTests/Pods-SwiftmazingFunctionalTests.debug.xcconfig"; sourceTree = "<group>"; };
		1B4D771D7E7C1ACC06A9023E /* Pods-SwiftmazingMock.release.xcconfig */ = {isa = PBXFileReference; includeInIndex = 1; lastKnownFileType = text.xcconfig; name = "Pods-SwiftmazingMock.release.xcconfig"; path = "Target Support Files/Pods-SwiftmazingMock/Pods-SwiftmazingMock.release.xcconfig"; sourceTree = "<group>"; };
		67FC08617C5C6A0108C8A243 /* Pods_SwiftmazingFunctionalTests.framework */ = {isa = PBXFileReference; explicitFileType = wrapper.framework; includeInIndex = 0; path = Pods_SwiftmazingFunctionalTests.framework; sourceTree = BUILT_PRODUCTS_DIR; };
		7810EDA121B1A47A6BE927BB /* Pods_SwiftmazingTests.framework */ = {isa = PBXFileReference; explicitFileType = wrapper.framework; includeInIndex = 0; path = Pods_SwiftmazingTests.framework; sourceTree = BUILT_PRODUCTS_DIR; };
		7BDA2366ABD0B621340B5499 /* Pods-SwiftmazingTests.release.xcconfig */ = {isa = PBXFileReference; includeInIndex = 1; lastKnownFileType = text.xcconfig; name = "Pods-SwiftmazingTests.release.xcconfig"; path = "Target Support Files/Pods-SwiftmazingTests/Pods-SwiftmazingTests.release.xcconfig"; sourceTree = "<group>"; };
		7EDD138093E4F7A2D540F795 /* Pods-SwiftmazingFunctionalTests.release.xcconfig */ = {isa = PBXFileReference; includeInIndex = 1; lastKnownFileType = text.xcconfig; name = "Pods-SwiftmazingFunctionalTests.release.xcconfig"; path = "Target Support Files/Pods-SwiftmazingFunctionalTests/Pods-SwiftmazingFunctionalTests.release.xcconfig"; sourceTree = "<group>"; };
		8C3E6D36CD980E6E329EA537 /* Pods-SwiftmazingMock.debug.xcconfig */ = {isa = PBXFileReference; includeInIndex = 1; lastKnownFileType = text.xcconfig; name = "Pods-SwiftmazingMock.debug.xcconfig"; path = "Target Support Files/Pods-SwiftmazingMock/Pods-SwiftmazingMock.debug.xcconfig"; sourceTree = "<group>"; };
		8E24A7749E0B282D8C93D11E /* Pods-Swiftmazing.release.xcconfig */ = {isa = PBXFileReference; includeInIndex = 1; lastKnownFileType = text.xcconfig; name = "Pods-Swiftmazing.release.xcconfig"; path = "Target Support Files/Pods-Swiftmazing/Pods-Swiftmazing.release.xcconfig"; sourceTree = "<group>"; };
		9BF4210EE54F318DF9AF3F39 /* Pods_Swiftmazing.framework */ = {isa = PBXFileReference; explicitFileType = wrapper.framework; includeInIndex = 0; path = Pods_Swiftmazing.framework; sourceTree = BUILT_PRODUCTS_DIR; };
		B9B9B8DEA01EE94C52A48CC0 /* Pods_SwiftmazingMock.framework */ = {isa = PBXFileReference; explicitFileType = wrapper.framework; includeInIndex = 0; path = Pods_SwiftmazingMock.framework; sourceTree = BUILT_PRODUCTS_DIR; };
		D9506277BDC18906E9FA4F66 /* Pods-Swiftmazing.debug.xcconfig */ = {isa = PBXFileReference; includeInIndex = 1; lastKnownFileType = text.xcconfig; name = "Pods-Swiftmazing.debug.xcconfig"; path = "Target Support Files/Pods-Swiftmazing/Pods-Swiftmazing.debug.xcconfig"; sourceTree = "<group>"; };
		E5AF31A700378C15D893CDFB /* Pods-SwiftmazingTests.debug.xcconfig */ = {isa = PBXFileReference; includeInIndex = 1; lastKnownFileType = text.xcconfig; name = "Pods-SwiftmazingTests.debug.xcconfig"; path = "Target Support Files/Pods-SwiftmazingTests/Pods-SwiftmazingTests.debug.xcconfig"; sourceTree = "<group>"; };
		E95670D823B0CF70007611F8 /* Config.xcconfig */ = {isa = PBXFileReference; lastKnownFileType = text.xcconfig; path = Config.xcconfig; sourceTree = "<group>"; };
		E961CBB223C4C2F400239D14 /* SwiftmazingMock.app */ = {isa = PBXFileReference; explicitFileType = wrapper.application; includeInIndex = 0; path = SwiftmazingMock.app; sourceTree = BUILT_PRODUCTS_DIR; };
		E961CBB323C4C2F400239D14 /* SwiftmazingMock.plist */ = {isa = PBXFileReference; lastKnownFileType = text.plist.xml; name = SwiftmazingMock.plist; path = /Users/800041661/Desktop/swiftmazing/Swiftmazing/SwiftmazingMock.plist; sourceTree = "<absolute>"; };
		E961CBB423C4C31F00239D14 /* ServiceProviderMock.swift */ = {isa = PBXFileReference; lastKnownFileType = sourcecode.swift; path = ServiceProviderMock.swift; sourceTree = "<group>"; };
		E9D8E0FD23C745CD009E21F6 /* FeedInteractorTests.swift */ = {isa = PBXFileReference; lastKnownFileType = sourcecode.swift; path = FeedInteractorTests.swift; sourceTree = "<group>"; };
		E9D8E10023C748C8009E21F6 /* RepositoriesWorkerSpy.swift */ = {isa = PBXFileReference; lastKnownFileType = sourcecode.swift; path = RepositoriesWorkerSpy.swift; sourceTree = "<group>"; };
		E9D8E10223C7526C009E21F6 /* ListInteractorTests.swift */ = {isa = PBXFileReference; lastKnownFileType = sourcecode.swift; path = ListInteractorTests.swift; sourceTree = "<group>"; };
		E9D8E10423C7616F009E21F6 /* RepositoryDetailInteractorTests.swift */ = {isa = PBXFileReference; lastKnownFileType = sourcecode.swift; path = RepositoryDetailInteractorTests.swift; sourceTree = "<group>"; };
		E9D8E10623C7637C009E21F6 /* RepositoryDetailPresenterTests.swift */ = {isa = PBXFileReference; lastKnownFileType = sourcecode.swift; path = RepositoryDetailPresenterTests.swift; sourceTree = "<group>"; };
		E9D8E10823C7662E009E21F6 /* FeedPresenterTests.swift */ = {isa = PBXFileReference; lastKnownFileType = sourcecode.swift; path = FeedPresenterTests.swift; sourceTree = "<group>"; };
		E9D8E10A23C76A36009E21F6 /* ListPresenterTests.swift */ = {isa = PBXFileReference; lastKnownFileType = sourcecode.swift; path = ListPresenterTests.swift; sourceTree = "<group>"; };
		FD0A28D023BFD6AA00B9B985 /* String+Utils.swift */ = {isa = PBXFileReference; lastKnownFileType = sourcecode.swift; path = "String+Utils.swift"; sourceTree = "<group>"; };
		FD0A28D223BFD85200B9B985 /* Text.swift */ = {isa = PBXFileReference; lastKnownFileType = sourcecode.swift; path = Text.swift; sourceTree = "<group>"; };
		FD0A28D723BFE23600B9B985 /* RepositoriesWorker.swift */ = {isa = PBXFileReference; lastKnownFileType = sourcecode.swift; path = RepositoriesWorker.swift; sourceTree = "<group>"; };
		FD1DD97023B5297500D92429 /* Repositories.swift */ = {isa = PBXFileReference; lastKnownFileType = sourcecode.swift; path = Repositories.swift; sourceTree = "<group>"; };
		FD1DD97523B52BA300D92429 /* en */ = {isa = PBXFileReference; lastKnownFileType = text.plist.strings; name = en; path = en.lproj/Localizable.strings; sourceTree = "<group>"; };
		FD1DD97723B52BAF00D92429 /* pt-BR */ = {isa = PBXFileReference; lastKnownFileType = text.plist.strings; name = "pt-BR"; path = "pt-BR.lproj/Localizable.strings"; sourceTree = "<group>"; };
		FD20D61C23C054F8003CB202 /* Int+Utils.swift */ = {isa = PBXFileReference; lastKnownFileType = sourcecode.swift; path = "Int+Utils.swift"; sourceTree = "<group>"; };
		FD24977F23BD7AD300442956 /* RepositoriesProvider.swift */ = {isa = PBXFileReference; lastKnownFileType = sourcecode.swift; path = RepositoriesProvider.swift; sourceTree = "<group>"; };
		FD39510423C68D210086FA42 /* SwiftmazingFunctionalTests.xctest */ = {isa = PBXFileReference; explicitFileType = wrapper.cfbundle; includeInIndex = 0; path = SwiftmazingFunctionalTests.xctest; sourceTree = BUILT_PRODUCTS_DIR; };
		FD39510623C68D210086FA42 /* SwiftmazingFunctionalTests.swift */ = {isa = PBXFileReference; lastKnownFileType = sourcecode.swift; path = SwiftmazingFunctionalTests.swift; sourceTree = "<group>"; };
		FD39510823C68D210086FA42 /* Info.plist */ = {isa = PBXFileReference; lastKnownFileType = text.plist.xml; path = Info.plist; sourceTree = "<group>"; };
		FD39511223C697D90086FA42 /* KIF+Utils.swift */ = {isa = PBXFileReference; lastKnownFileType = sourcecode.swift; path = "KIF+Utils.swift"; sourceTree = "<group>"; };
		FD39511523C6C5360086FA42 /* AlertDisplayLogic.swift */ = {isa = PBXFileReference; lastKnownFileType = sourcecode.swift; path = AlertDisplayLogic.swift; sourceTree = "<group>"; };
		FD39511923C7CF1B0086FA42 /* Int+UtilsTests.swift */ = {isa = PBXFileReference; lastKnownFileType = sourcecode.swift; path = "Int+UtilsTests.swift"; sourceTree = "<group>"; };
		FD69D909239F203F003D0070 /* Infrastructure.framework */ = {isa = PBXFileReference; explicitFileType = wrapper.framework; path = Infrastructure.framework; sourceTree = BUILT_PRODUCTS_DIR; };
		FD69D90A239F203F003D0070 /* Visual.framework */ = {isa = PBXFileReference; explicitFileType = wrapper.framework; path = Visual.framework; sourceTree = BUILT_PRODUCTS_DIR; };
		FD69D92023A557AE003D0070 /* ServiceProvider.swift */ = {isa = PBXFileReference; lastKnownFileType = sourcecode.swift; path = ServiceProvider.swift; sourceTree = "<group>"; };
		FD69D92223A557E5003D0070 /* RequestProvider.swift */ = {isa = PBXFileReference; lastKnownFileType = sourcecode.swift; path = RequestProvider.swift; sourceTree = "<group>"; };
		FD69D92623A55A3E003D0070 /* Bundle+Utils.swift */ = {isa = PBXFileReference; lastKnownFileType = sourcecode.swift; path = "Bundle+Utils.swift"; sourceTree = "<group>"; };
		FD9DFB3123B03E6500F8B3AC /* Repository.swift */ = {isa = PBXFileReference; lastKnownFileType = sourcecode.swift; path = Repository.swift; sourceTree = "<group>"; };
		FD9DFB3323B03E8E00F8B3AC /* RepositoryOwner.swift */ = {isa = PBXFileReference; lastKnownFileType = sourcecode.swift; path = RepositoryOwner.swift; sourceTree = "<group>"; };
		FDB5718D23A5815D00BAD13C /* ListPresenter.swift */ = {isa = PBXFileReference; lastKnownFileType = sourcecode.swift; path = ListPresenter.swift; sourceTree = "<group>"; };
		FDB5718F23A5815D00BAD13C /* ListRouter.swift */ = {isa = PBXFileReference; lastKnownFileType = sourcecode.swift; path = ListRouter.swift; sourceTree = "<group>"; };
		FDB5719023A5815D00BAD13C /* ListModels.swift */ = {isa = PBXFileReference; lastKnownFileType = sourcecode.swift; path = ListModels.swift; sourceTree = "<group>"; };
		FDB5719123A5815D00BAD13C /* ListViewController.swift */ = {isa = PBXFileReference; lastKnownFileType = sourcecode.swift; path = ListViewController.swift; sourceTree = "<group>"; };
		FDB5719223A5815D00BAD13C /* ListInteractor.swift */ = {isa = PBXFileReference; lastKnownFileType = sourcecode.swift; path = ListInteractor.swift; sourceTree = "<group>"; };
		FDB5719C23A5889800BAD13C /* FeedPresenter.swift */ = {isa = PBXFileReference; lastKnownFileType = sourcecode.swift; path = FeedPresenter.swift; sourceTree = "<group>"; };
		FDB5719E23A5889800BAD13C /* FeedRouter.swift */ = {isa = PBXFileReference; lastKnownFileType = sourcecode.swift; path = FeedRouter.swift; sourceTree = "<group>"; };
		FDB5719F23A5889800BAD13C /* FeedModels.swift */ = {isa = PBXFileReference; lastKnownFileType = sourcecode.swift; path = FeedModels.swift; sourceTree = "<group>"; };
		FDB571A023A5889800BAD13C /* FeedViewController.swift */ = {isa = PBXFileReference; lastKnownFileType = sourcecode.swift; path = FeedViewController.swift; sourceTree = "<group>"; };
		FDB571A123A5889800BAD13C /* FeedInteractor.swift */ = {isa = PBXFileReference; lastKnownFileType = sourcecode.swift; path = FeedInteractor.swift; sourceTree = "<group>"; };
		FDE9BBF423C2881D00E80CDD /* RepositoryDetailPresenter.swift */ = {isa = PBXFileReference; lastKnownFileType = sourcecode.swift; path = RepositoryDetailPresenter.swift; sourceTree = "<group>"; };
		FDE9BBF623C2881D00E80CDD /* RepositoryDetailRouter.swift */ = {isa = PBXFileReference; lastKnownFileType = sourcecode.swift; path = RepositoryDetailRouter.swift; sourceTree = "<group>"; };
		FDE9BBF823C2881D00E80CDD /* RepositoryDetailViewController.swift */ = {isa = PBXFileReference; lastKnownFileType = sourcecode.swift; path = RepositoryDetailViewController.swift; sourceTree = "<group>"; };
		FDE9BBF923C2881D00E80CDD /* RepositoryDetailInteractor.swift */ = {isa = PBXFileReference; lastKnownFileType = sourcecode.swift; path = RepositoryDetailInteractor.swift; sourceTree = "<group>"; };
		FDE9BC0323C299B600E80CDD /* Date+Utils.swift */ = {isa = PBXFileReference; lastKnownFileType = sourcecode.swift; path = "Date+Utils.swift"; sourceTree = "<group>"; };
		FDEEDEBA239DD1B500C64A0B /* Swiftmazing.app */ = {isa = PBXFileReference; explicitFileType = wrapper.application; includeInIndex = 0; path = Swiftmazing.app; sourceTree = BUILT_PRODUCTS_DIR; };
		FDEEDEBD239DD1B500C64A0B /* AppDelegate.swift */ = {isa = PBXFileReference; lastKnownFileType = sourcecode.swift; path = AppDelegate.swift; sourceTree = "<group>"; };
		FDEEDEBF239DD1B500C64A0B /* SceneDelegate.swift */ = {isa = PBXFileReference; lastKnownFileType = sourcecode.swift; path = SceneDelegate.swift; sourceTree = "<group>"; };
		FDEEDEC6239DD1B500C64A0B /* Assets.xcassets */ = {isa = PBXFileReference; lastKnownFileType = folder.assetcatalog; path = Assets.xcassets; sourceTree = "<group>"; };
		FDEEDECB239DD1B500C64A0B /* Info.plist */ = {isa = PBXFileReference; lastKnownFileType = text.plist.xml; path = Info.plist; sourceTree = "<group>"; };
		FDEEDED0239DD1B500C64A0B /* SwiftmazingTests.xctest */ = {isa = PBXFileReference; explicitFileType = wrapper.cfbundle; includeInIndex = 0; path = SwiftmazingTests.xctest; sourceTree = BUILT_PRODUCTS_DIR; };
		FDEEDED4239DD1B500C64A0B /* SwiftmazingTests.swift */ = {isa = PBXFileReference; lastKnownFileType = sourcecode.swift; path = SwiftmazingTests.swift; sourceTree = "<group>"; };
		FDEEDED6239DD1B500C64A0B /* Info.plist */ = {isa = PBXFileReference; lastKnownFileType = text.plist.xml; path = Info.plist; sourceTree = "<group>"; };
/* End PBXFileReference section */

/* Begin PBXFrameworksBuildPhase section */
		E961CBA523C4C2F400239D14 /* Frameworks */ = {
			isa = PBXFrameworksBuildPhase;
			buildActionMask = 2147483647;
			files = (
				E961CBA723C4C2F400239D14 /* Infrastructure.framework in Frameworks */,
				9CD6AA44650CCE7B1FFFCF63 /* Pods_SwiftmazingMock.framework in Frameworks */,
			);
			runOnlyForDeploymentPostprocessing = 0;
		};
		FD39510123C68D210086FA42 /* Frameworks */ = {
			isa = PBXFrameworksBuildPhase;
			buildActionMask = 2147483647;
			files = (
				3C9003AFFA8BB39171F15C38 /* Pods_SwiftmazingFunctionalTests.framework in Frameworks */,
			);
			runOnlyForDeploymentPostprocessing = 0;
		};
		FDEEDEB7239DD1B500C64A0B /* Frameworks */ = {
			isa = PBXFrameworksBuildPhase;
			buildActionMask = 2147483647;
			files = (
				77C5A5220C1734CB96C068FA /* Pods_Swiftmazing.framework in Frameworks */,
				FD69D90B239F203F003D0070 /* Infrastructure.framework in Frameworks */,
				5F3CEC7FF67E61AB6C26B530 /* Pods_Swiftmazing.framework in Frameworks */,
			);
			runOnlyForDeploymentPostprocessing = 0;
		};
		FDEEDECD239DD1B500C64A0B /* Frameworks */ = {
			isa = PBXFrameworksBuildPhase;
			buildActionMask = 2147483647;
			files = (
				F767FD5CB73B93EC52E15BA3 /* Pods_SwiftmazingTests.framework in Frameworks */,
			);
			runOnlyForDeploymentPostprocessing = 0;
		};
/* End PBXFrameworksBuildPhase section */

/* Begin PBXGroup section */
		B626B8124CE1E8F2390226E6 /* Frameworks */ = {
			isa = PBXGroup;
			children = (
				FD69D909239F203F003D0070 /* Infrastructure.framework */,
				FD69D90A239F203F003D0070 /* Visual.framework */,
				9BF4210EE54F318DF9AF3F39 /* Pods_Swiftmazing.framework */,
				67FC08617C5C6A0108C8A243 /* Pods_SwiftmazingFunctionalTests.framework */,
				B9B9B8DEA01EE94C52A48CC0 /* Pods_SwiftmazingMock.framework */,
				7810EDA121B1A47A6BE927BB /* Pods_SwiftmazingTests.framework */,
			);
			name = Frameworks;
			sourceTree = "<group>";
		};
		C8C245620F2996142E08336C /* Pods */ = {
			isa = PBXGroup;
			children = (
				D9506277BDC18906E9FA4F66 /* Pods-Swiftmazing.debug.xcconfig */,
				8E24A7749E0B282D8C93D11E /* Pods-Swiftmazing.release.xcconfig */,
				1465F538032118B289334617 /* Pods-SwiftmazingFunctionalTests.debug.xcconfig */,
				7EDD138093E4F7A2D540F795 /* Pods-SwiftmazingFunctionalTests.release.xcconfig */,
				8C3E6D36CD980E6E329EA537 /* Pods-SwiftmazingMock.debug.xcconfig */,
				1B4D771D7E7C1ACC06A9023E /* Pods-SwiftmazingMock.release.xcconfig */,
				E5AF31A700378C15D893CDFB /* Pods-SwiftmazingTests.debug.xcconfig */,
				7BDA2366ABD0B621340B5499 /* Pods-SwiftmazingTests.release.xcconfig */,
			);
			name = Pods;
			path = ../Pods;
			sourceTree = "<group>";
		};
		E9D8E0F923C745A0009E21F6 /* Scenes */ = {
			isa = PBXGroup;
			children = (
				E9D8E0FC23C745BC009E21F6 /* Feed */,
				E9D8E0FB23C745B6009E21F6 /* List */,
				E9D8E0FA23C745AB009E21F6 /* RepositoryDetail */,
			);
			path = Scenes;
			sourceTree = "<group>";
		};
		E9D8E0FA23C745AB009E21F6 /* RepositoryDetail */ = {
			isa = PBXGroup;
			children = (
				E9D8E10623C7637C009E21F6 /* RepositoryDetailPresenterTests.swift */,
				E9D8E10423C7616F009E21F6 /* RepositoryDetailInteractorTests.swift */,
			);
			path = RepositoryDetail;
			sourceTree = "<group>";
		};
		E9D8E0FB23C745B6009E21F6 /* List */ = {
			isa = PBXGroup;
			children = (
				E9D8E10A23C76A36009E21F6 /* ListPresenterTests.swift */,
				E9D8E10223C7526C009E21F6 /* ListInteractorTests.swift */,
			);
			path = List;
			sourceTree = "<group>";
		};
		E9D8E0FC23C745BC009E21F6 /* Feed */ = {
			isa = PBXGroup;
			children = (
				E9D8E10823C7662E009E21F6 /* FeedPresenterTests.swift */,
				E9D8E0FD23C745CD009E21F6 /* FeedInteractorTests.swift */,
			);
			path = Feed;
			sourceTree = "<group>";
		};
		E9D8E0FF23C748B1009E21F6 /* Spy */ = {
			isa = PBXGroup;
			children = (
				E9D8E10023C748C8009E21F6 /* RepositoriesWorkerSpy.swift */,
			);
			path = Spy;
			sourceTree = "<group>";
		};
		FD0A28D623BFE20E00B9B985 /* Worker */ = {
			isa = PBXGroup;
			children = (
				FD0A28D723BFE23600B9B985 /* RepositoriesWorker.swift */,
			);
			path = Worker;
			sourceTree = "<group>";
		};
		FD39510523C68D210086FA42 /* SwiftmazingFunctionalTests */ = {
			isa = PBXGroup;
			children = (
				FD39511123C697BB0086FA42 /* Utils */,
				FD39510623C68D210086FA42 /* SwiftmazingFunctionalTests.swift */,
				FD39510823C68D210086FA42 /* Info.plist */,
			);
			path = SwiftmazingFunctionalTests;
			sourceTree = "<group>";
		};
		FD39511123C697BB0086FA42 /* Utils */ = {
			isa = PBXGroup;
			children = (
				FD39511223C697D90086FA42 /* KIF+Utils.swift */,
			);
			path = Utils;
			sourceTree = "<group>";
		};
		FD39511423C6C5250086FA42 /* DisplayLogic */ = {
			isa = PBXGroup;
			children = (
				FD39511523C6C5360086FA42 /* AlertDisplayLogic.swift */,
			);
			path = DisplayLogic;
			sourceTree = "<group>";
		};
		FD39511823C7CEF50086FA42 /* Utils */ = {
			isa = PBXGroup;
			children = (
				FD39511923C7CF1B0086FA42 /* Int+UtilsTests.swift */,
			);
			path = Utils;
			sourceTree = "<group>";
		};
		FD69D910239F22D6003D0070 /* Application */ = {
			isa = PBXGroup;
			children = (
				FDEEDEBD239DD1B500C64A0B /* AppDelegate.swift */,
				FDEEDEBF239DD1B500C64A0B /* SceneDelegate.swift */,
			);
			path = Application;
			sourceTree = "<group>";
		};
		FD69D911239F22E2003D0070 /* Resources */ = {
			isa = PBXGroup;
			children = (
				FDEEDEC6239DD1B500C64A0B /* Assets.xcassets */,
				E961CBB323C4C2F400239D14 /* SwiftmazingMock.plist */,
				FDEEDECB239DD1B500C64A0B /* Info.plist */,
				E95670D823B0CF70007611F8 /* Config.xcconfig */,
				FD1DD97623B52BA300D92429 /* Localizable.strings */,
				FD0A28D223BFD85200B9B985 /* Text.swift */,
			);
			path = Resources;
			sourceTree = "<group>";
		};
		FD69D912239F2305003D0070 /* Scenes */ = {
			isa = PBXGroup;
			children = (
				FD39511423C6C5250086FA42 /* DisplayLogic */,
				FD0A28D623BFE20E00B9B985 /* Worker */,
				FD9DFB2F23B03E3400F8B3AC /* Providers */,
				FD9DFB2E23B03E2E00F8B3AC /* Models */,
				FDB5719B23A5888A00BAD13C /* Feed */,
				FDB5718C23A580A300BAD13C /* List */,
				FDE9BBE323C280B100E80CDD /* RepositoryDetail */,
			);
			path = Scenes;
			sourceTree = "<group>";
		};
		FD69D91F23A55798003D0070 /* Infrastructure */ = {
			isa = PBXGroup;
			children = (
				FD69D92023A557AE003D0070 /* ServiceProvider.swift */,
				E961CBB423C4C31F00239D14 /* ServiceProviderMock.swift */,
				FD69D92223A557E5003D0070 /* RequestProvider.swift */,
			);
			path = Infrastructure;
			sourceTree = "<group>";
		};
		FD69D92523A55A2B003D0070 /* Utils */ = {
			isa = PBXGroup;
			children = (
				FD0A28D023BFD6AA00B9B985 /* String+Utils.swift */,
				FD69D92623A55A3E003D0070 /* Bundle+Utils.swift */,
				FD20D61C23C054F8003CB202 /* Int+Utils.swift */,
				FDE9BC0323C299B600E80CDD /* Date+Utils.swift */,
			);
			path = Utils;
			sourceTree = "<group>";
		};
		FD9DFB2E23B03E2E00F8B3AC /* Models */ = {
			isa = PBXGroup;
			children = (
				FD1DD97023B5297500D92429 /* Repositories.swift */,
				FD9DFB3323B03E8E00F8B3AC /* RepositoryOwner.swift */,
				FD9DFB3123B03E6500F8B3AC /* Repository.swift */,
			);
			path = Models;
			sourceTree = "<group>";
		};
		FD9DFB2F23B03E3400F8B3AC /* Providers */ = {
			isa = PBXGroup;
			children = (
				FD24977F23BD7AD300442956 /* RepositoriesProvider.swift */,
			);
			path = Providers;
			sourceTree = "<group>";
		};
		FDB5718C23A580A300BAD13C /* List */ = {
			isa = PBXGroup;
			children = (
				FDB5718D23A5815D00BAD13C /* ListPresenter.swift */,
				FDB5718F23A5815D00BAD13C /* ListRouter.swift */,
				FDB5719023A5815D00BAD13C /* ListModels.swift */,
				FDB5719223A5815D00BAD13C /* ListInteractor.swift */,
				FDB5719123A5815D00BAD13C /* ListViewController.swift */,
			);
			path = List;
			sourceTree = "<group>";
		};
		FDB5719B23A5888A00BAD13C /* Feed */ = {
			isa = PBXGroup;
			children = (
				FDB5719C23A5889800BAD13C /* FeedPresenter.swift */,
				FDB5719E23A5889800BAD13C /* FeedRouter.swift */,
				FDB5719F23A5889800BAD13C /* FeedModels.swift */,
				FDB571A123A5889800BAD13C /* FeedInteractor.swift */,
				FDB571A023A5889800BAD13C /* FeedViewController.swift */,
			);
			path = Feed;
			sourceTree = "<group>";
		};
		FDE9BBE323C280B100E80CDD /* RepositoryDetail */ = {
			isa = PBXGroup;
			children = (
				FDE9BBF423C2881D00E80CDD /* RepositoryDetailPresenter.swift */,
				FDE9BBF623C2881D00E80CDD /* RepositoryDetailRouter.swift */,
				FDE9BBF923C2881D00E80CDD /* RepositoryDetailInteractor.swift */,
				FDE9BBF823C2881D00E80CDD /* RepositoryDetailViewController.swift */,
			);
			path = RepositoryDetail;
			sourceTree = "<group>";
		};
		FDEEDEB1239DD1B500C64A0B = {
			isa = PBXGroup;
			children = (
				FDEEDEBC239DD1B500C64A0B /* Swiftmazing */,
				FDEEDED3239DD1B500C64A0B /* SwiftmazingTests */,
				FD39510523C68D210086FA42 /* SwiftmazingFunctionalTests */,
				FDEEDEBB239DD1B500C64A0B /* Products */,
				C8C245620F2996142E08336C /* Pods */,
				B626B8124CE1E8F2390226E6 /* Frameworks */,
			);
			sourceTree = "<group>";
		};
		FDEEDEBB239DD1B500C64A0B /* Products */ = {
			isa = PBXGroup;
			children = (
				FDEEDEBA239DD1B500C64A0B /* Swiftmazing.app */,
				FDEEDED0239DD1B500C64A0B /* SwiftmazingTests.xctest */,
				E961CBB223C4C2F400239D14 /* SwiftmazingMock.app */,
				FD39510423C68D210086FA42 /* SwiftmazingFunctionalTests.xctest */,
			);
			name = Products;
			sourceTree = "<group>";
		};
		FDEEDEBC239DD1B500C64A0B /* Swiftmazing */ = {
			isa = PBXGroup;
			children = (
				FD69D91F23A55798003D0070 /* Infrastructure */,
				FD69D910239F22D6003D0070 /* Application */,
				FD69D912239F2305003D0070 /* Scenes */,
				FD69D911239F22E2003D0070 /* Resources */,
				FD69D92523A55A2B003D0070 /* Utils */,
			);
			path = Swiftmazing;
			sourceTree = "<group>";
		};
		FDEEDED3239DD1B500C64A0B /* SwiftmazingTests */ = {
			isa = PBXGroup;
			children = (
				FD39511823C7CEF50086FA42 /* Utils */,
				E9D8E0FF23C748B1009E21F6 /* Spy */,
				E9D8E0F923C745A0009E21F6 /* Scenes */,
				FDEEDED4239DD1B500C64A0B /* SwiftmazingTests.swift */,
				FDEEDED6239DD1B500C64A0B /* Info.plist */,
			);
			path = SwiftmazingTests;
			sourceTree = "<group>";
		};
/* End PBXGroup section */

/* Begin PBXNativeTarget section */
		E961CB8423C4C2F400239D14 /* SwiftmazingMock */ = {
			isa = PBXNativeTarget;
			buildConfigurationList = E961CBAF23C4C2F400239D14 /* Build configuration list for PBXNativeTarget "SwiftmazingMock" */;
			buildPhases = (
				3CFB1A76615C17F85CD4A345 /* [CP] Check Pods Manifest.lock */,
				E961CB8623C4C2F400239D14 /* Sources */,
				E961CBA523C4C2F400239D14 /* Frameworks */,
				E961CBA823C4C2F400239D14 /* Resources */,
				E961CBAC23C4C2F400239D14 /* Embed Frameworks */,
				9758C6B17AECF0283DAC86E2 /* [CP] Embed Pods Frameworks */,
			);
			buildRules = (
			);
			dependencies = (
			);
			name = SwiftmazingMock;
			productName = Swiftmazing;
			productReference = E961CBB223C4C2F400239D14 /* SwiftmazingMock.app */;
			productType = "com.apple.product-type.application";
		};
		FD39510323C68D210086FA42 /* SwiftmazingFunctionalTests */ = {
			isa = PBXNativeTarget;
			buildConfigurationList = FD39510B23C68D210086FA42 /* Build configuration list for PBXNativeTarget "SwiftmazingFunctionalTests" */;
			buildPhases = (
				969414340A6ED0306946E749 /* [CP] Check Pods Manifest.lock */,
				FD39510023C68D210086FA42 /* Sources */,
				FD39510123C68D210086FA42 /* Frameworks */,
				FD39510223C68D210086FA42 /* Resources */,
				04C88AA1D8E192D52CF1A8F0 /* [CP] Embed Pods Frameworks */,
			);
			buildRules = (
			);
			dependencies = (
				FD39510A23C68D210086FA42 /* PBXTargetDependency */,
			);
			name = SwiftmazingFunctionalTests;
			productName = SwiftmazingFunctionalTests;
			productReference = FD39510423C68D210086FA42 /* SwiftmazingFunctionalTests.xctest */;
			productType = "com.apple.product-type.bundle.unit-test";
		};
		FDEEDEB9239DD1B500C64A0B /* Swiftmazing */ = {
			isa = PBXNativeTarget;
			buildConfigurationList = FDEEDEE4239DD1B600C64A0B /* Build configuration list for PBXNativeTarget "Swiftmazing" */;
			buildPhases = (
				35A2DE31185D70D5D7F44967 /* [CP] Check Pods Manifest.lock */,
				FDEEDEB6239DD1B500C64A0B /* Sources */,
				FDEEDEB7239DD1B500C64A0B /* Frameworks */,
				FDEEDEB8239DD1B500C64A0B /* Resources */,
				409C5478027701972C195231 /* [CP] Embed Pods Frameworks */,
				FD69D90F239F203F003D0070 /* Embed Frameworks */,
			);
			buildRules = (
			);
			dependencies = (
			);
			name = Swiftmazing;
			productName = Swiftmazing;
			productReference = FDEEDEBA239DD1B500C64A0B /* Swiftmazing.app */;
			productType = "com.apple.product-type.application";
		};
		FDEEDECF239DD1B500C64A0B /* SwiftmazingTests */ = {
			isa = PBXNativeTarget;
			buildConfigurationList = FDEEDEE7239DD1B600C64A0B /* Build configuration list for PBXNativeTarget "SwiftmazingTests" */;
			buildPhases = (
				530B4E351613A803E2F6C6EF /* [CP] Check Pods Manifest.lock */,
				FDEEDECC239DD1B500C64A0B /* Sources */,
				FDEEDECD239DD1B500C64A0B /* Frameworks */,
				FDEEDECE239DD1B500C64A0B /* Resources */,
				824D5A7CE4CEA2684A4659F3 /* [CP] Embed Pods Frameworks */,
			);
			buildRules = (
			);
			dependencies = (
				FDEEDED2239DD1B500C64A0B /* PBXTargetDependency */,
			);
			name = SwiftmazingTests;
			productName = SwiftmazingTests;
			productReference = FDEEDED0239DD1B500C64A0B /* SwiftmazingTests.xctest */;
			productType = "com.apple.product-type.bundle.unit-test";
		};
/* End PBXNativeTarget section */

/* Begin PBXProject section */
		FDEEDEB2239DD1B500C64A0B /* Project object */ = {
			isa = PBXProject;
			attributes = {
				LastSwiftUpdateCheck = 1120;
				LastUpgradeCheck = 1120;
				ORGANIZATIONNAME = "Hélio Mesquita";
				TargetAttributes = {
					FD39510323C68D210086FA42 = {
						CreatedOnToolsVersion = 11.2.1;
						TestTargetID = E961CB8423C4C2F400239D14;
					};
					FDEEDEB9239DD1B500C64A0B = {
						CreatedOnToolsVersion = 11.2.1;
					};
					FDEEDECF239DD1B500C64A0B = {
						CreatedOnToolsVersion = 11.2.1;
						TestTargetID = FDEEDEB9239DD1B500C64A0B;
					};
				};
			};
			buildConfigurationList = FDEEDEB5239DD1B500C64A0B /* Build configuration list for PBXProject "Swiftmazing" */;
			compatibilityVersion = "Xcode 9.3";
			developmentRegion = en;
			hasScannedForEncodings = 0;
			knownRegions = (
				en,
				Base,
				"pt-BR",
			);
			mainGroup = FDEEDEB1239DD1B500C64A0B;
			productRefGroup = FDEEDEBB239DD1B500C64A0B /* Products */;
			projectDirPath = "";
			projectRoot = "";
			targets = (
				FDEEDEB9239DD1B500C64A0B /* Swiftmazing */,
				FDEEDECF239DD1B500C64A0B /* SwiftmazingTests */,
				E961CB8423C4C2F400239D14 /* SwiftmazingMock */,
				FD39510323C68D210086FA42 /* SwiftmazingFunctionalTests */,
			);
		};
/* End PBXProject section */

/* Begin PBXResourcesBuildPhase section */
		E961CBA823C4C2F400239D14 /* Resources */ = {
			isa = PBXResourcesBuildPhase;
			buildActionMask = 2147483647;
			files = (
				E961CBA923C4C2F400239D14 /* Localizable.strings in Resources */,
				E961CBAA23C4C2F400239D14 /* Assets.xcassets in Resources */,
			);
			runOnlyForDeploymentPostprocessing = 0;
		};
		FD39510223C68D210086FA42 /* Resources */ = {
			isa = PBXResourcesBuildPhase;
			buildActionMask = 2147483647;
			files = (
			);
			runOnlyForDeploymentPostprocessing = 0;
		};
		FDEEDEB8239DD1B500C64A0B /* Resources */ = {
			isa = PBXResourcesBuildPhase;
			buildActionMask = 2147483647;
			files = (
				FD1DD97423B52BA300D92429 /* Localizable.strings in Resources */,
				FDEEDEC7239DD1B500C64A0B /* Assets.xcassets in Resources */,
			);
			runOnlyForDeploymentPostprocessing = 0;
		};
		FDEEDECE239DD1B500C64A0B /* Resources */ = {
			isa = PBXResourcesBuildPhase;
			buildActionMask = 2147483647;
			files = (
			);
			runOnlyForDeploymentPostprocessing = 0;
		};
/* End PBXResourcesBuildPhase section */

/* Begin PBXShellScriptBuildPhase section */
		04C88AA1D8E192D52CF1A8F0 /* [CP] Embed Pods Frameworks */ = {
			isa = PBXShellScriptBuildPhase;
			buildActionMask = 2147483647;
			files = (
			);
			inputFileListPaths = (
				"${PODS_ROOT}/Target Support Files/Pods-SwiftmazingFunctionalTests/Pods-SwiftmazingFunctionalTests-frameworks-${CONFIGURATION}-input-files.xcfilelist",
			);
			name = "[CP] Embed Pods Frameworks";
			outputFileListPaths = (
				"${PODS_ROOT}/Target Support Files/Pods-SwiftmazingFunctionalTests/Pods-SwiftmazingFunctionalTests-frameworks-${CONFIGURATION}-output-files.xcfilelist",
			);
			runOnlyForDeploymentPostprocessing = 0;
			shellPath = /bin/sh;
			shellScript = "\"${PODS_ROOT}/Target Support Files/Pods-SwiftmazingFunctionalTests/Pods-SwiftmazingFunctionalTests-frameworks.sh\"\n";
			showEnvVarsInLog = 0;
		};
		35A2DE31185D70D5D7F44967 /* [CP] Check Pods Manifest.lock */ = {
			isa = PBXShellScriptBuildPhase;
			buildActionMask = 2147483647;
			files = (
			);
			inputFileListPaths = (
			);
			inputPaths = (
				"${PODS_PODFILE_DIR_PATH}/Podfile.lock",
				"${PODS_ROOT}/Manifest.lock",
			);
			name = "[CP] Check Pods Manifest.lock";
			outputFileListPaths = (
			);
			outputPaths = (
				"$(DERIVED_FILE_DIR)/Pods-Swiftmazing-checkManifestLockResult.txt",
			);
			runOnlyForDeploymentPostprocessing = 0;
			shellPath = /bin/sh;
			shellScript = "diff \"${PODS_PODFILE_DIR_PATH}/Podfile.lock\" \"${PODS_ROOT}/Manifest.lock\" > /dev/null\nif [ $? != 0 ] ; then\n    # print error to STDERR\n    echo \"error: The sandbox is not in sync with the Podfile.lock. Run 'pod install' or update your CocoaPods installation.\" >&2\n    exit 1\nfi\n# This output is used by Xcode 'outputs' to avoid re-running this script phase.\necho \"SUCCESS\" > \"${SCRIPT_OUTPUT_FILE_0}\"\n";
			showEnvVarsInLog = 0;
		};
		3CFB1A76615C17F85CD4A345 /* [CP] Check Pods Manifest.lock */ = {
			isa = PBXShellScriptBuildPhase;
			buildActionMask = 2147483647;
			files = (
			);
			inputFileListPaths = (
			);
			inputPaths = (
				"${PODS_PODFILE_DIR_PATH}/Podfile.lock",
				"${PODS_ROOT}/Manifest.lock",
			);
			name = "[CP] Check Pods Manifest.lock";
			outputFileListPaths = (
			);
			outputPaths = (
				"$(DERIVED_FILE_DIR)/Pods-SwiftmazingMock-checkManifestLockResult.txt",
			);
			runOnlyForDeploymentPostprocessing = 0;
			shellPath = /bin/sh;
			shellScript = "diff \"${PODS_PODFILE_DIR_PATH}/Podfile.lock\" \"${PODS_ROOT}/Manifest.lock\" > /dev/null\nif [ $? != 0 ] ; then\n    # print error to STDERR\n    echo \"error: The sandbox is not in sync with the Podfile.lock. Run 'pod install' or update your CocoaPods installation.\" >&2\n    exit 1\nfi\n# This output is used by Xcode 'outputs' to avoid re-running this script phase.\necho \"SUCCESS\" > \"${SCRIPT_OUTPUT_FILE_0}\"\n";
			showEnvVarsInLog = 0;
		};
		409C5478027701972C195231 /* [CP] Embed Pods Frameworks */ = {
			isa = PBXShellScriptBuildPhase;
			buildActionMask = 2147483647;
			files = (
			);
			inputFileListPaths = (
				"${PODS_ROOT}/Target Support Files/Pods-Swiftmazing/Pods-Swiftmazing-frameworks-${CONFIGURATION}-input-files.xcfilelist",
			);
			name = "[CP] Embed Pods Frameworks";
			outputFileListPaths = (
				"${PODS_ROOT}/Target Support Files/Pods-Swiftmazing/Pods-Swiftmazing-frameworks-${CONFIGURATION}-output-files.xcfilelist",
			);
			runOnlyForDeploymentPostprocessing = 0;
			shellPath = /bin/sh;
			shellScript = "\"${PODS_ROOT}/Target Support Files/Pods-Swiftmazing/Pods-Swiftmazing-frameworks.sh\"\n";
			showEnvVarsInLog = 0;
		};
		530B4E351613A803E2F6C6EF /* [CP] Check Pods Manifest.lock */ = {
			isa = PBXShellScriptBuildPhase;
			buildActionMask = 2147483647;
			files = (
			);
			inputFileListPaths = (
			);
			inputPaths = (
				"${PODS_PODFILE_DIR_PATH}/Podfile.lock",
				"${PODS_ROOT}/Manifest.lock",
			);
			name = "[CP] Check Pods Manifest.lock";
			outputFileListPaths = (
			);
			outputPaths = (
				"$(DERIVED_FILE_DIR)/Pods-SwiftmazingTests-checkManifestLockResult.txt",
			);
			runOnlyForDeploymentPostprocessing = 0;
			shellPath = /bin/sh;
			shellScript = "diff \"${PODS_PODFILE_DIR_PATH}/Podfile.lock\" \"${PODS_ROOT}/Manifest.lock\" > /dev/null\nif [ $? != 0 ] ; then\n    # print error to STDERR\n    echo \"error: The sandbox is not in sync with the Podfile.lock. Run 'pod install' or update your CocoaPods installation.\" >&2\n    exit 1\nfi\n# This output is used by Xcode 'outputs' to avoid re-running this script phase.\necho \"SUCCESS\" > \"${SCRIPT_OUTPUT_FILE_0}\"\n";
			showEnvVarsInLog = 0;
		};
		824D5A7CE4CEA2684A4659F3 /* [CP] Embed Pods Frameworks */ = {
			isa = PBXShellScriptBuildPhase;
			buildActionMask = 2147483647;
			files = (
			);
			inputFileListPaths = (
				"${PODS_ROOT}/Target Support Files/Pods-SwiftmazingTests/Pods-SwiftmazingTests-frameworks-${CONFIGURATION}-input-files.xcfilelist",
			);
			name = "[CP] Embed Pods Frameworks";
			outputFileListPaths = (
				"${PODS_ROOT}/Target Support Files/Pods-SwiftmazingTests/Pods-SwiftmazingTests-frameworks-${CONFIGURATION}-output-files.xcfilelist",
			);
			runOnlyForDeploymentPostprocessing = 0;
			shellPath = /bin/sh;
			shellScript = "\"${PODS_ROOT}/Target Support Files/Pods-SwiftmazingTests/Pods-SwiftmazingTests-frameworks.sh\"\n";
			showEnvVarsInLog = 0;
		};
		969414340A6ED0306946E749 /* [CP] Check Pods Manifest.lock */ = {
			isa = PBXShellScriptBuildPhase;
			buildActionMask = 2147483647;
			files = (
			);
			inputFileListPaths = (
			);
			inputPaths = (
				"${PODS_PODFILE_DIR_PATH}/Podfile.lock",
				"${PODS_ROOT}/Manifest.lock",
			);
			name = "[CP] Check Pods Manifest.lock";
			outputFileListPaths = (
			);
			outputPaths = (
				"$(DERIVED_FILE_DIR)/Pods-SwiftmazingFunctionalTests-checkManifestLockResult.txt",
			);
			runOnlyForDeploymentPostprocessing = 0;
			shellPath = /bin/sh;
			shellScript = "diff \"${PODS_PODFILE_DIR_PATH}/Podfile.lock\" \"${PODS_ROOT}/Manifest.lock\" > /dev/null\nif [ $? != 0 ] ; then\n    # print error to STDERR\n    echo \"error: The sandbox is not in sync with the Podfile.lock. Run 'pod install' or update your CocoaPods installation.\" >&2\n    exit 1\nfi\n# This output is used by Xcode 'outputs' to avoid re-running this script phase.\necho \"SUCCESS\" > \"${SCRIPT_OUTPUT_FILE_0}\"\n";
			showEnvVarsInLog = 0;
		};
		9758C6B17AECF0283DAC86E2 /* [CP] Embed Pods Frameworks */ = {
			isa = PBXShellScriptBuildPhase;
			buildActionMask = 2147483647;
			files = (
			);
			inputFileListPaths = (
				"${PODS_ROOT}/Target Support Files/Pods-SwiftmazingMock/Pods-SwiftmazingMock-frameworks-${CONFIGURATION}-input-files.xcfilelist",
			);
			name = "[CP] Embed Pods Frameworks";
			outputFileListPaths = (
				"${PODS_ROOT}/Target Support Files/Pods-SwiftmazingMock/Pods-SwiftmazingMock-frameworks-${CONFIGURATION}-output-files.xcfilelist",
			);
			runOnlyForDeploymentPostprocessing = 0;
			shellPath = /bin/sh;
			shellScript = "\"${PODS_ROOT}/Target Support Files/Pods-SwiftmazingMock/Pods-SwiftmazingMock-frameworks.sh\"\n";
			showEnvVarsInLog = 0;
		};
/* End PBXShellScriptBuildPhase section */

/* Begin PBXSourcesBuildPhase section */
		E961CB8623C4C2F400239D14 /* Sources */ = {
			isa = PBXSourcesBuildPhase;
			buildActionMask = 2147483647;
			files = (
				E961CB8723C4C2F400239D14 /* ListRouter.swift in Sources */,
				E961CB8823C4C2F400239D14 /* Repositories.swift in Sources */,
				E961CB8923C4C2F400239D14 /* ListPresenter.swift in Sources */,
				E961CB8A23C4C2F400239D14 /* RepositoryDetailRouter.swift in Sources */,
				E961CB8B23C4C2F400239D14 /* Repository.swift in Sources */,
				E961CB8D23C4C2F400239D14 /* Text.swift in Sources */,
				E961CB8E23C4C2F400239D14 /* RepositoryOwner.swift in Sources */,
				E961CB8F23C4C2F400239D14 /* Int+Utils.swift in Sources */,
				E961CB9123C4C2F400239D14 /* RepositoryDetailViewController.swift in Sources */,
				E961CB9223C4C2F400239D14 /* String+Utils.swift in Sources */,
				E961CB9323C4C2F400239D14 /* FeedModels.swift in Sources */,
				E961CB9423C4C2F400239D14 /* FeedInteractor.swift in Sources */,
				E961CB9623C4C2F400239D14 /* RequestProvider.swift in Sources */,
				E961CB9723C4C2F400239D14 /* FeedRouter.swift in Sources */,
				E961CB9823C4C2F400239D14 /* FeedViewController.swift in Sources */,
				FD39511723C6C68F0086FA42 /* AlertDisplayLogic.swift in Sources */,
				E961CB9923C4C2F400239D14 /* ListViewController.swift in Sources */,
				E961CB9A23C4C2F400239D14 /* RepositoryDetailInteractor.swift in Sources */,
				E961CB9B23C4C2F400239D14 /* FeedPresenter.swift in Sources */,
				E961CB9C23C4C2F400239D14 /* ListInteractor.swift in Sources */,
				E961CB9D23C4C2F400239D14 /* RepositoryDetailPresenter.swift in Sources */,
				E961CB9E23C4C2F400239D14 /* RepositoriesWorker.swift in Sources */,
				E961CB9F23C4C2F400239D14 /* ListModels.swift in Sources */,
				E961CBA023C4C2F400239D14 /* RepositoriesProvider.swift in Sources */,
				E961CBB523C4C31F00239D14 /* ServiceProviderMock.swift in Sources */,
				E961CBA123C4C2F400239D14 /* Bundle+Utils.swift in Sources */,
				E961CBA223C4C2F400239D14 /* Date+Utils.swift in Sources */,
				E961CBA323C4C2F400239D14 /* AppDelegate.swift in Sources */,
				E961CBA423C4C2F400239D14 /* SceneDelegate.swift in Sources */,
			);
			runOnlyForDeploymentPostprocessing = 0;
		};
		FD39510023C68D210086FA42 /* Sources */ = {
			isa = PBXSourcesBuildPhase;
			buildActionMask = 2147483647;
			files = (
				FD39511323C697D90086FA42 /* KIF+Utils.swift in Sources */,
				FD39510723C68D210086FA42 /* SwiftmazingFunctionalTests.swift in Sources */,
			);
			runOnlyForDeploymentPostprocessing = 0;
		};
		FDEEDEB6239DD1B500C64A0B /* Sources */ = {
			isa = PBXSourcesBuildPhase;
			buildActionMask = 2147483647;
			files = (
				FDB5719623A5815D00BAD13C /* ListRouter.swift in Sources */,
				FD1DD97123B5297500D92429 /* Repositories.swift in Sources */,
				FDB5719423A5815D00BAD13C /* ListPresenter.swift in Sources */,
				FDE9BBFD23C2881D00E80CDD /* RepositoryDetailRouter.swift in Sources */,
				FD9DFB3223B03E6500F8B3AC /* Repository.swift in Sources */,
				FD0A28D323BFD85200B9B985 /* Text.swift in Sources */,
				FD9DFB3423B03E8E00F8B3AC /* RepositoryOwner.swift in Sources */,
				FD20D61D23C054F8003CB202 /* Int+Utils.swift in Sources */,
				FD69D92123A557AE003D0070 /* ServiceProvider.swift in Sources */,
				FDE9BBFF23C2881D00E80CDD /* RepositoryDetailViewController.swift in Sources */,
				FD0A28D123BFD6AA00B9B985 /* String+Utils.swift in Sources */,
				FDB571A623A5889800BAD13C /* FeedModels.swift in Sources */,
				FDB571A823A5889800BAD13C /* FeedInteractor.swift in Sources */,
				FD69D92323A557E5003D0070 /* RequestProvider.swift in Sources */,
				FDB571A523A5889800BAD13C /* FeedRouter.swift in Sources */,
				FD39511623C6C5360086FA42 /* AlertDisplayLogic.swift in Sources */,
				FDB571A723A5889800BAD13C /* FeedViewController.swift in Sources */,
				FDB5719823A5815D00BAD13C /* ListViewController.swift in Sources */,
				FDE9BC0023C2881D00E80CDD /* RepositoryDetailInteractor.swift in Sources */,
				FDB571A323A5889800BAD13C /* FeedPresenter.swift in Sources */,
				FDB5719923A5815D00BAD13C /* ListInteractor.swift in Sources */,
				FDE9BBFB23C2881D00E80CDD /* RepositoryDetailPresenter.swift in Sources */,
				FD0A28D823BFE23600B9B985 /* RepositoriesWorker.swift in Sources */,
				FDB5719723A5815D00BAD13C /* ListModels.swift in Sources */,
				FD24978023BD7AD300442956 /* RepositoriesProvider.swift in Sources */,
				FD69D92723A55A3E003D0070 /* Bundle+Utils.swift in Sources */,
				FDE9BC0423C299B600E80CDD /* Date+Utils.swift in Sources */,
				FDEEDEBE239DD1B500C64A0B /* AppDelegate.swift in Sources */,
				FDEEDEC0239DD1B500C64A0B /* SceneDelegate.swift in Sources */,
			);
			runOnlyForDeploymentPostprocessing = 0;
		};
		FDEEDECC239DD1B500C64A0B /* Sources */ = {
			isa = PBXSourcesBuildPhase;
			buildActionMask = 2147483647;
			files = (
				E9D8E10123C748C8009E21F6 /* RepositoriesWorkerSpy.swift in Sources */,
				E9D8E10523C7616F009E21F6 /* RepositoryDetailInteractorTests.swift in Sources */,
				E9D8E10B23C76A36009E21F6 /* ListPresenterTests.swift in Sources */,
				E9D8E0FE23C745CD009E21F6 /* FeedInteractorTests.swift in Sources */,
				E9D8E10723C7637C009E21F6 /* RepositoryDetailPresenterTests.swift in Sources */,
				E9D8E10923C7662E009E21F6 /* FeedPresenterTests.swift in Sources */,
				FD39511A23C7CF1B0086FA42 /* Int+UtilsTests.swift in Sources */,
				E9D8E10323C752F6009E21F6 /* ListInteractorTests.swift in Sources */,
				FDEEDED5239DD1B500C64A0B /* SwiftmazingTests.swift in Sources */,
			);
			runOnlyForDeploymentPostprocessing = 0;
		};
/* End PBXSourcesBuildPhase section */

/* Begin PBXTargetDependency section */
		FD39510A23C68D210086FA42 /* PBXTargetDependency */ = {
			isa = PBXTargetDependency;
			target = E961CB8423C4C2F400239D14 /* SwiftmazingMock */;
			targetProxy = FD39510923C68D210086FA42 /* PBXContainerItemProxy */;
		};
		FDEEDED2239DD1B500C64A0B /* PBXTargetDependency */ = {
			isa = PBXTargetDependency;
			target = FDEEDEB9239DD1B500C64A0B /* Swiftmazing */;
			targetProxy = FDEEDED1239DD1B500C64A0B /* PBXContainerItemProxy */;
		};
/* End PBXTargetDependency section */

/* Begin PBXVariantGroup section */
		FD1DD97623B52BA300D92429 /* Localizable.strings */ = {
			isa = PBXVariantGroup;
			children = (
				FD1DD97523B52BA300D92429 /* en */,
				FD1DD97723B52BAF00D92429 /* pt-BR */,
			);
			name = Localizable.strings;
			sourceTree = "<group>";
		};
/* End PBXVariantGroup section */

/* Begin XCBuildConfiguration section */
		E961CBB023C4C2F400239D14 /* Debug */ = {
			isa = XCBuildConfiguration;
			baseConfigurationReference = 8C3E6D36CD980E6E329EA537 /* Pods-SwiftmazingMock.debug.xcconfig */;
			buildSettings = {
				ASSETCATALOG_COMPILER_APPICON_NAME = AppIcon;
				CODE_SIGN_STYLE = Automatic;
				DEVELOPMENT_TEAM = LMS2232J28;
				DISPLAYNAME = "$(DISPLAYNAME)";
				HOST = "$(HOST)";
				INFOPLIST_FILE = Swiftmazing/Resources/SwiftmazingMock.plist;
				LD_RUNPATH_SEARCH_PATHS = (
					"$(inherited)",
					"@executable_path/Frameworks",
				);
				PRODUCT_BUNDLE_IDENTIFIER = com.callidus.Swiftmazing;
				PRODUCT_NAME = "$(TARGET_NAME)";
				SCHEME = "$(SCHEME)";
				SWIFT_VERSION = 5.0;
				TARGETED_DEVICE_FAMILY = "1,2";
			};
			name = Debug;
		};
		E961CBB123C4C2F400239D14 /* Release */ = {
			isa = XCBuildConfiguration;
			baseConfigurationReference = 1B4D771D7E7C1ACC06A9023E /* Pods-SwiftmazingMock.release.xcconfig */;
			buildSettings = {
				ASSETCATALOG_COMPILER_APPICON_NAME = AppIcon;
				CODE_SIGN_STYLE = Automatic;
				DEVELOPMENT_TEAM = LMS2232J28;
				DISPLAYNAME = "$(DISPLAYNAME)";
				HOST = "$(HOST)";
				INFOPLIST_FILE = Swiftmazing/Resources/SwiftmazingMock.plist;
				LD_RUNPATH_SEARCH_PATHS = (
					"$(inherited)",
					"@executable_path/Frameworks",
				);
				PRODUCT_BUNDLE_IDENTIFIER = com.callidus.Swiftmazing;
				PRODUCT_NAME = "$(TARGET_NAME)";
				SCHEME = "$(SCHEME)";
				SWIFT_VERSION = 5.0;
				TARGETED_DEVICE_FAMILY = "1,2";
			};
			name = Release;
		};
		FD39510C23C68D210086FA42 /* Debug */ = {
			isa = XCBuildConfiguration;
			baseConfigurationReference = 1465F538032118B289334617 /* Pods-SwiftmazingFunctionalTests.debug.xcconfig */;
			buildSettings = {
				BUNDLE_LOADER = "$(TEST_HOST)";
				CODE_SIGN_STYLE = Automatic;
				INFOPLIST_FILE = SwiftmazingFunctionalTests/Info.plist;
				LD_RUNPATH_SEARCH_PATHS = (
					"$(inherited)",
					"@executable_path/Frameworks",
					"@loader_path/Frameworks",
				);
				PRODUCT_BUNDLE_IDENTIFIER = com.callidus.SwiftmazingFunctionalTests;
				PRODUCT_NAME = "$(TARGET_NAME)";
				SWIFT_VERSION = 5.0;
				TARGETED_DEVICE_FAMILY = "1,2";
				TEST_HOST = "$(BUILT_PRODUCTS_DIR)/SwiftmazingMock.app/SwiftmazingMock";
			};
			name = Debug;
		};
		FD39510D23C68D210086FA42 /* Release */ = {
			isa = XCBuildConfiguration;
			baseConfigurationReference = 7EDD138093E4F7A2D540F795 /* Pods-SwiftmazingFunctionalTests.release.xcconfig */;
			buildSettings = {
				BUNDLE_LOADER = "$(TEST_HOST)";
				CODE_SIGN_STYLE = Automatic;
				INFOPLIST_FILE = SwiftmazingFunctionalTests/Info.plist;
				LD_RUNPATH_SEARCH_PATHS = (
					"$(inherited)",
					"@executable_path/Frameworks",
					"@loader_path/Frameworks",
				);
				PRODUCT_BUNDLE_IDENTIFIER = com.callidus.SwiftmazingFunctionalTests;
				PRODUCT_NAME = "$(TARGET_NAME)";
				SWIFT_VERSION = 5.0;
				TARGETED_DEVICE_FAMILY = "1,2";
				TEST_HOST = "$(BUILT_PRODUCTS_DIR)/SwiftmazingMock.app/SwiftmazingMock";
			};
			name = Release;
		};
		FDEEDEE2239DD1B600C64A0B /* Debug */ = {
			isa = XCBuildConfiguration;
			baseConfigurationReference = E95670D823B0CF70007611F8 /* Config.xcconfig */;
			buildSettings = {
				ALWAYS_SEARCH_USER_PATHS = NO;
				CLANG_ANALYZER_LOCALIZABILITY_NONLOCALIZED = YES;
				CLANG_ANALYZER_NONNULL = YES;
				CLANG_ANALYZER_NUMBER_OBJECT_CONVERSION = YES_AGGRESSIVE;
				CLANG_CXX_LANGUAGE_STANDARD = "gnu++14";
				CLANG_CXX_LIBRARY = "libc++";
				CLANG_ENABLE_MODULES = YES;
				CLANG_ENABLE_OBJC_ARC = YES;
				CLANG_ENABLE_OBJC_WEAK = YES;
				CLANG_WARN_BLOCK_CAPTURE_AUTORELEASING = YES;
				CLANG_WARN_BOOL_CONVERSION = YES;
				CLANG_WARN_COMMA = YES;
				CLANG_WARN_CONSTANT_CONVERSION = YES;
				CLANG_WARN_DEPRECATED_OBJC_IMPLEMENTATIONS = YES;
				CLANG_WARN_DIRECT_OBJC_ISA_USAGE = YES_ERROR;
				CLANG_WARN_DOCUMENTATION_COMMENTS = YES;
				CLANG_WARN_EMPTY_BODY = YES;
				CLANG_WARN_ENUM_CONVERSION = YES;
				CLANG_WARN_INFINITE_RECURSION = YES;
				CLANG_WARN_INT_CONVERSION = YES;
				CLANG_WARN_NON_LITERAL_NULL_CONVERSION = YES;
				CLANG_WARN_OBJC_IMPLICIT_RETAIN_SELF = YES;
				CLANG_WARN_OBJC_LITERAL_CONVERSION = YES;
				CLANG_WARN_OBJC_ROOT_CLASS = YES_ERROR;
				CLANG_WARN_RANGE_LOOP_ANALYSIS = YES;
				CLANG_WARN_STRICT_PROTOTYPES = YES;
				CLANG_WARN_SUSPICIOUS_MOVE = YES;
				CLANG_WARN_UNGUARDED_AVAILABILITY = YES_AGGRESSIVE;
				CLANG_WARN_UNREACHABLE_CODE = YES;
				CLANG_WARN__DUPLICATE_METHOD_MATCH = YES;
				COPY_PHASE_STRIP = NO;
				DEBUG_INFORMATION_FORMAT = dwarf;
				ENABLE_STRICT_OBJC_MSGSEND = YES;
				ENABLE_TESTABILITY = YES;
				GCC_C_LANGUAGE_STANDARD = gnu11;
				GCC_DYNAMIC_NO_PIC = NO;
				GCC_NO_COMMON_BLOCKS = YES;
				GCC_OPTIMIZATION_LEVEL = 0;
				GCC_PREPROCESSOR_DEFINITIONS = (
					"DEBUG=1",
					"$(inherited)",
				);
				GCC_WARN_64_TO_32_BIT_CONVERSION = YES;
				GCC_WARN_ABOUT_RETURN_TYPE = YES_ERROR;
				GCC_WARN_UNDECLARED_SELECTOR = YES;
				GCC_WARN_UNINITIALIZED_AUTOS = YES_AGGRESSIVE;
				GCC_WARN_UNUSED_FUNCTION = YES;
				GCC_WARN_UNUSED_VARIABLE = YES;
				HOST = "${HOST}";
				IPHONEOS_DEPLOYMENT_TARGET = 13.2;
				MTL_ENABLE_DEBUG_INFO = INCLUDE_SOURCE;
				MTL_FAST_MATH = YES;
				ONLY_ACTIVE_ARCH = YES;
				SCHEME = "${SCHEME}";
				SDKROOT = iphoneos;
				SWIFT_ACTIVE_COMPILATION_CONDITIONS = DEBUG;
				SWIFT_OPTIMIZATION_LEVEL = "-Onone";
			};
			name = Debug;
		};
		FDEEDEE3239DD1B600C64A0B /* Release */ = {
			isa = XCBuildConfiguration;
			baseConfigurationReference = E95670D823B0CF70007611F8 /* Config.xcconfig */;
			buildSettings = {
				ALWAYS_SEARCH_USER_PATHS = NO;
				CLANG_ANALYZER_LOCALIZABILITY_NONLOCALIZED = YES;
				CLANG_ANALYZER_NONNULL = YES;
				CLANG_ANALYZER_NUMBER_OBJECT_CONVERSION = YES_AGGRESSIVE;
				CLANG_CXX_LANGUAGE_STANDARD = "gnu++14";
				CLANG_CXX_LIBRARY = "libc++";
				CLANG_ENABLE_MODULES = YES;
				CLANG_ENABLE_OBJC_ARC = YES;
				CLANG_ENABLE_OBJC_WEAK = YES;
				CLANG_WARN_BLOCK_CAPTURE_AUTORELEASING = YES;
				CLANG_WARN_BOOL_CONVERSION = YES;
				CLANG_WARN_COMMA = YES;
				CLANG_WARN_CONSTANT_CONVERSION = YES;
				CLANG_WARN_DEPRECATED_OBJC_IMPLEMENTATIONS = YES;
				CLANG_WARN_DIRECT_OBJC_ISA_USAGE = YES_ERROR;
				CLANG_WARN_DOCUMENTATION_COMMENTS = YES;
				CLANG_WARN_EMPTY_BODY = YES;
				CLANG_WARN_ENUM_CONVERSION = YES;
				CLANG_WARN_INFINITE_RECURSION = YES;
				CLANG_WARN_INT_CONVERSION = YES;
				CLANG_WARN_NON_LITERAL_NULL_CONVERSION = YES;
				CLANG_WARN_OBJC_IMPLICIT_RETAIN_SELF = YES;
				CLANG_WARN_OBJC_LITERAL_CONVERSION = YES;
				CLANG_WARN_OBJC_ROOT_CLASS = YES_ERROR;
				CLANG_WARN_RANGE_LOOP_ANALYSIS = YES;
				CLANG_WARN_STRICT_PROTOTYPES = YES;
				CLANG_WARN_SUSPICIOUS_MOVE = YES;
				CLANG_WARN_UNGUARDED_AVAILABILITY = YES_AGGRESSIVE;
				CLANG_WARN_UNREACHABLE_CODE = YES;
				CLANG_WARN__DUPLICATE_METHOD_MATCH = YES;
				COPY_PHASE_STRIP = NO;
				DEBUG_INFORMATION_FORMAT = "dwarf-with-dsym";
				ENABLE_NS_ASSERTIONS = NO;
				ENABLE_STRICT_OBJC_MSGSEND = YES;
				GCC_C_LANGUAGE_STANDARD = gnu11;
				GCC_NO_COMMON_BLOCKS = YES;
				GCC_WARN_64_TO_32_BIT_CONVERSION = YES;
				GCC_WARN_ABOUT_RETURN_TYPE = YES_ERROR;
				GCC_WARN_UNDECLARED_SELECTOR = YES;
				GCC_WARN_UNINITIALIZED_AUTOS = YES_AGGRESSIVE;
				GCC_WARN_UNUSED_FUNCTION = YES;
				GCC_WARN_UNUSED_VARIABLE = YES;
				HOST = "${HOST}";
				IPHONEOS_DEPLOYMENT_TARGET = 13.2;
				MTL_ENABLE_DEBUG_INFO = NO;
				MTL_FAST_MATH = YES;
				SCHEME = "${SCHEME}";
				SDKROOT = iphoneos;
				SWIFT_COMPILATION_MODE = wholemodule;
				SWIFT_OPTIMIZATION_LEVEL = "-O";
				VALIDATE_PRODUCT = YES;
			};
			name = Release;
		};
		FDEEDEE5239DD1B600C64A0B /* Debug */ = {
			isa = XCBuildConfiguration;
			baseConfigurationReference = D9506277BDC18906E9FA4F66 /* Pods-Swiftmazing.debug.xcconfig */;
			buildSettings = {
				ASSETCATALOG_COMPILER_APPICON_NAME = AppIcon;
				CODE_SIGN_STYLE = Automatic;
				DEVELOPMENT_TEAM = LMS2232J28;
				DISPLAYNAME = "$(DISPLAYNAME)";
				HOST = "$(HOST)";
				INFOPLIST_FILE = Swiftmazing/Resources/Info.plist;
				LD_RUNPATH_SEARCH_PATHS = (
					"$(inherited)",
					"@executable_path/Frameworks",
				);
				PRODUCT_BUNDLE_IDENTIFIER = com.callidus.Swiftmazing;
				PRODUCT_NAME = "$(DISPLAYNAME)";
				SCHEME = "$(SCHEME)";
				SWIFT_VERSION = 5.0;
				TARGETED_DEVICE_FAMILY = "1,2";
			};
			name = Debug;
		};
		FDEEDEE6239DD1B600C64A0B /* Release */ = {
			isa = XCBuildConfiguration;
			baseConfigurationReference = 8E24A7749E0B282D8C93D11E /* Pods-Swiftmazing.release.xcconfig */;
			buildSettings = {
				ASSETCATALOG_COMPILER_APPICON_NAME = AppIcon;
				CODE_SIGN_STYLE = Automatic;
				DEVELOPMENT_TEAM = LMS2232J28;
				DISPLAYNAME = "$(DISPLAYNAME)";
				HOST = "$(HOST)";
				INFOPLIST_FILE = Swiftmazing/Resources/Info.plist;
				LD_RUNPATH_SEARCH_PATHS = (
					"$(inherited)",
					"@executable_path/Frameworks",
				);
				PRODUCT_BUNDLE_IDENTIFIER = com.callidus.Swiftmazing;
				PRODUCT_NAME = "$(DISPLAYNAME)";
				SCHEME = "$(SCHEME)";
				SWIFT_VERSION = 5.0;
				TARGETED_DEVICE_FAMILY = "1,2";
			};
			name = Release;
		};
		FDEEDEE8239DD1B600C64A0B /* Debug */ = {
			isa = XCBuildConfiguration;
			baseConfigurationReference = E5AF31A700378C15D893CDFB /* Pods-SwiftmazingTests.debug.xcconfig */;
			buildSettings = {
				BUNDLE_LOADER = "$(TEST_HOST)";
				CODE_SIGN_STYLE = Automatic;
				INFOPLIST_FILE = SwiftmazingTests/Info.plist;
				IPHONEOS_DEPLOYMENT_TARGET = 13.2;
				LD_RUNPATH_SEARCH_PATHS = (
					"$(inherited)",
					"@executable_path/Frameworks",
					"@loader_path/Frameworks",
				);
				PRODUCT_BUNDLE_IDENTIFIER = com.callidus.SwiftmazingTests;
				PRODUCT_NAME = "$(TARGET_NAME)";
				SWIFT_VERSION = 5.0;
				TARGETED_DEVICE_FAMILY = "1,2";
				TEST_HOST = "$(BUILT_PRODUCTS_DIR)/Swiftmazing.app/Swiftmazing";
			};
			name = Debug;
		};
		FDEEDEE9239DD1B600C64A0B /* Release */ = {
			isa = XCBuildConfiguration;
			baseConfigurationReference = 7BDA2366ABD0B621340B5499 /* Pods-SwiftmazingTests.release.xcconfig */;
			buildSettings = {
				BUNDLE_LOADER = "$(TEST_HOST)";
				CODE_SIGN_STYLE = Automatic;
				INFOPLIST_FILE = SwiftmazingTests/Info.plist;
				IPHONEOS_DEPLOYMENT_TARGET = 13.2;
				LD_RUNPATH_SEARCH_PATHS = (
					"$(inherited)",
					"@executable_path/Frameworks",
					"@loader_path/Frameworks",
				);
				PRODUCT_BUNDLE_IDENTIFIER = com.callidus.SwiftmazingTests;
				PRODUCT_NAME = "$(TARGET_NAME)";
				SWIFT_VERSION = 5.0;
				TARGETED_DEVICE_FAMILY = "1,2";
				TEST_HOST = "$(BUILT_PRODUCTS_DIR)/Swiftmazing.app/Swiftmazing";
			};
			name = Release;
		};
/* End XCBuildConfiguration section */

/* Begin XCConfigurationList section */
		E961CBAF23C4C2F400239D14 /* Build configuration list for PBXNativeTarget "SwiftmazingMock" */ = {
			isa = XCConfigurationList;
			buildConfigurations = (
				E961CBB023C4C2F400239D14 /* Debug */,
				E961CBB123C4C2F400239D14 /* Release */,
			);
			defaultConfigurationIsVisible = 0;
			defaultConfigurationName = Release;
		};
		FD39510B23C68D210086FA42 /* Build configuration list for PBXNativeTarget "SwiftmazingFunctionalTests" */ = {
			isa = XCConfigurationList;
			buildConfigurations = (
				FD39510C23C68D210086FA42 /* Debug */,
				FD39510D23C68D210086FA42 /* Release */,
			);
			defaultConfigurationIsVisible = 0;
			defaultConfigurationName = Release;
		};
		FDEEDEB5239DD1B500C64A0B /* Build configuration list for PBXProject "Swiftmazing" */ = {
			isa = XCConfigurationList;
			buildConfigurations = (
				FDEEDEE2239DD1B600C64A0B /* Debug */,
				FDEEDEE3239DD1B600C64A0B /* Release */,
			);
			defaultConfigurationIsVisible = 0;
			defaultConfigurationName = Release;
		};
		FDEEDEE4239DD1B600C64A0B /* Build configuration list for PBXNativeTarget "Swiftmazing" */ = {
			isa = XCConfigurationList;
			buildConfigurations = (
				FDEEDEE5239DD1B600C64A0B /* Debug */,
				FDEEDEE6239DD1B600C64A0B /* Release */,
			);
			defaultConfigurationIsVisible = 0;
			defaultConfigurationName = Release;
		};
		FDEEDEE7239DD1B600C64A0B /* Build configuration list for PBXNativeTarget "SwiftmazingTests" */ = {
			isa = XCConfigurationList;
			buildConfigurations = (
				FDEEDEE8239DD1B600C64A0B /* Debug */,
				FDEEDEE9239DD1B600C64A0B /* Release */,
			);
			defaultConfigurationIsVisible = 0;
			defaultConfigurationName = Release;
		};
/* End XCConfigurationList section */
	};
	rootObject = FDEEDEB2239DD1B500C64A0B /* Project object */;
}
