// !$*UTF8*$!
{
	archiveVersion = 1;
	classes = {
	};
	objectVersion = 51;
	objects = {

/* Begin PBXBuildFile section */
		7C8837CBA3F0DFA72D38B98C /* Pods_Infrastructure.framework in Frameworks */ = {isa = PBXBuildFile; fileRef = 5AB2ECC868DF15B191CCF858 /* Pods_Infrastructure.framework */; };
		B7560B1EDEA10F2E0F70B9EA /* Pods_InfrastructureTests.framework in Frameworks */ = {isa = PBXBuildFile; fileRef = BFB9026D8E83D2CED5A5AEF7 /* Pods_InfrastructureTests.framework */; };
		E9059FA223C521DD006B16D3 /* Text.swift in Sources */ = {isa = PBXBuildFile; fileRef = E9059FA123C521DD006B16D3 /* Text.swift */; };
		E944CBCE23B16531006CF70E /* Logger.swift in Sources */ = {isa = PBXBuildFile; fileRef = E944CBCD23B16531006CF70E /* Logger.swift */; };
		E961CB8323C4C1E400239D14 /* RequestDecodable.swift in Sources */ = {isa = PBXBuildFile; fileRef = E961CB8223C4C1E400239D14 /* RequestDecodable.swift */; };
		E974C6A023C354D50095419B /* MockURLSession.swift in Sources */ = {isa = PBXBuildFile; fileRef = E974C69F23C354D50095419B /* MockURLSession.swift */; };
		E974C6A223C354DF0095419B /* MockURLSessionDataTask.swift in Sources */ = {isa = PBXBuildFile; fileRef = E974C6A123C354DF0095419B /* MockURLSessionDataTask.swift */; };
		E974C6A423C3550C0095419B /* MockProvider.swift in Sources */ = {isa = PBXBuildFile; fileRef = E974C6A323C3550C0095419B /* MockProvider.swift */; };
		E974C6A623C356080095419B /* RequestProviderProtocolTests.swift in Sources */ = {isa = PBXBuildFile; fileRef = E974C6A523C356080095419B /* RequestProviderProtocolTests.swift */; };
		E974C6A823C3665A0095419B /* BundleTests.swift in Sources */ = {isa = PBXBuildFile; fileRef = E974C6A723C3665A0095419B /* BundleTests.swift */; };
		E974C6AA23C36A1D0095419B /* RequestErrorTests.swift in Sources */ = {isa = PBXBuildFile; fileRef = E974C6A923C36A1D0095419B /* RequestErrorTests.swift */; };
		FD40A25023A5B56F004855B2 /* Bundle+Utils.swift in Sources */ = {isa = PBXBuildFile; fileRef = FD40A24F23A5B56F004855B2 /* Bundle+Utils.swift */; };
		FD40A25423A5B597004855B2 /* String+Utils.swift in Sources */ = {isa = PBXBuildFile; fileRef = FD40A25323A5B597004855B2 /* String+Utils.swift */; };
		FD40A25C23A87F25004855B2 /* ServiceProviderProtocol.swift in Sources */ = {isa = PBXBuildFile; fileRef = FD40A25B23A87F25004855B2 /* ServiceProviderProtocol.swift */; };
		FD69D91723A54FFE003D0070 /* RequestError.swift in Sources */ = {isa = PBXBuildFile; fileRef = FD69D91323A54FFE003D0070 /* RequestError.swift */; };
		FD69D91823A54FFE003D0070 /* RequestProviderProtocol.swift in Sources */ = {isa = PBXBuildFile; fileRef = FD69D91523A54FFE003D0070 /* RequestProviderProtocol.swift */; };
		FD69D91923A54FFE003D0070 /* HttpVerb.swift in Sources */ = {isa = PBXBuildFile; fileRef = FD69D91623A54FFE003D0070 /* HttpVerb.swift */; };
		FDB5718823A563F800BAD13C /* Localizable.strings in Resources */ = {isa = PBXBuildFile; fileRef = FDB5718A23A563F800BAD13C /* Localizable.strings */; };
		FDEEDF49239DD25500C64A0B /* Infrastructure.framework in Frameworks */ = {isa = PBXBuildFile; fileRef = FDEEDF3F239DD25400C64A0B /* Infrastructure.framework */; };
		FDEEDF4E239DD25500C64A0B /* ServiceProviderProtocolTests.swift in Sources */ = {isa = PBXBuildFile; fileRef = FDEEDF4D239DD25500C64A0B /* ServiceProviderProtocolTests.swift */; };
		FDEEDF50239DD25500C64A0B /* Infrastructure.h in Headers */ = {isa = PBXBuildFile; fileRef = FDEEDF42239DD25400C64A0B /* Infrastructure.h */; settings = {ATTRIBUTES = (Public, ); }; };
/* End PBXBuildFile section */

/* Begin PBXContainerItemProxy section */
		FDEEDF4A239DD25500C64A0B /* PBXContainerItemProxy */ = {
			isa = PBXContainerItemProxy;
			containerPortal = FDEEDF36239DD25400C64A0B /* Project object */;
			proxyType = 1;
			remoteGlobalIDString = FDEEDF3E239DD25400C64A0B;
			remoteInfo = Infrastructure;
		};
/* End PBXContainerItemProxy section */

/* Begin PBXFileReference section */
		24A9D14CB40C7EA3BB0CA81E /* Pods-InfrastructureTests.release.xcconfig */ = {isa = PBXFileReference; includeInIndex = 1; lastKnownFileType = text.xcconfig; name = "Pods-InfrastructureTests.release.xcconfig"; path = "Target Support Files/Pods-InfrastructureTests/Pods-InfrastructureTests.release.xcconfig"; sourceTree = "<group>"; };
		3AE2FB293C1AFF3E353E6DFD /* Pods-Infrastructure.release.xcconfig */ = {isa = PBXFileReference; includeInIndex = 1; lastKnownFileType = text.xcconfig; name = "Pods-Infrastructure.release.xcconfig"; path = "Target Support Files/Pods-Infrastructure/Pods-Infrastructure.release.xcconfig"; sourceTree = "<group>"; };
		5AB2ECC868DF15B191CCF858 /* Pods_Infrastructure.framework */ = {isa = PBXFileReference; explicitFileType = wrapper.framework; includeInIndex = 0; path = Pods_Infrastructure.framework; sourceTree = BUILT_PRODUCTS_DIR; };
		5C8EAD9F06E21242F40F9CCB /* Pods-InfrastructureTests.debug.xcconfig */ = {isa = PBXFileReference; includeInIndex = 1; lastKnownFileType = text.xcconfig; name = "Pods-InfrastructureTests.debug.xcconfig"; path = "Target Support Files/Pods-InfrastructureTests/Pods-InfrastructureTests.debug.xcconfig"; sourceTree = "<group>"; };
		8F27621143154286226D4868 /* Pods-Infrastructure.debug.xcconfig */ = {isa = PBXFileReference; includeInIndex = 1; lastKnownFileType = text.xcconfig; name = "Pods-Infrastructure.debug.xcconfig"; path = "Target Support Files/Pods-Infrastructure/Pods-Infrastructure.debug.xcconfig"; sourceTree = "<group>"; };
		BFB9026D8E83D2CED5A5AEF7 /* Pods_InfrastructureTests.framework */ = {isa = PBXFileReference; explicitFileType = wrapper.framework; includeInIndex = 0; path = Pods_InfrastructureTests.framework; sourceTree = BUILT_PRODUCTS_DIR; };
		E9059FA123C521DD006B16D3 /* Text.swift */ = {isa = PBXFileReference; lastKnownFileType = sourcecode.swift; path = Text.swift; sourceTree = "<group>"; };
		E944CBCD23B16531006CF70E /* Logger.swift */ = {isa = PBXFileReference; lastKnownFileType = sourcecode.swift; path = Logger.swift; sourceTree = "<group>"; };
		E961CB8223C4C1E400239D14 /* RequestDecodable.swift */ = {isa = PBXFileReference; lastKnownFileType = sourcecode.swift; path = RequestDecodable.swift; sourceTree = "<group>"; };
		E974C69F23C354D50095419B /* MockURLSession.swift */ = {isa = PBXFileReference; lastKnownFileType = sourcecode.swift; path = MockURLSession.swift; sourceTree = "<group>"; };
		E974C6A123C354DF0095419B /* MockURLSessionDataTask.swift */ = {isa = PBXFileReference; lastKnownFileType = sourcecode.swift; path = MockURLSessionDataTask.swift; sourceTree = "<group>"; };
		E974C6A323C3550C0095419B /* MockProvider.swift */ = {isa = PBXFileReference; lastKnownFileType = sourcecode.swift; path = MockProvider.swift; sourceTree = "<group>"; };
		E974C6A523C356080095419B /* RequestProviderProtocolTests.swift */ = {isa = PBXFileReference; lastKnownFileType = sourcecode.swift; path = RequestProviderProtocolTests.swift; sourceTree = "<group>"; };
		E974C6A723C3665A0095419B /* BundleTests.swift */ = {isa = PBXFileReference; lastKnownFileType = sourcecode.swift; path = BundleTests.swift; sourceTree = "<group>"; };
		E974C6A923C36A1D0095419B /* RequestErrorTests.swift */ = {isa = PBXFileReference; lastKnownFileType = sourcecode.swift; path = RequestErrorTests.swift; sourceTree = "<group>"; };
		FD40A24F23A5B56F004855B2 /* Bundle+Utils.swift */ = {isa = PBXFileReference; lastKnownFileType = sourcecode.swift; path = "Bundle+Utils.swift"; sourceTree = "<group>"; };
		FD40A25323A5B597004855B2 /* String+Utils.swift */ = {isa = PBXFileReference; lastKnownFileType = sourcecode.swift; path = "String+Utils.swift"; sourceTree = "<group>"; };
		FD40A25B23A87F25004855B2 /* ServiceProviderProtocol.swift */ = {isa = PBXFileReference; fileEncoding = 4; lastKnownFileType = sourcecode.swift; path = ServiceProviderProtocol.swift; sourceTree = "<group>"; };
		FD69D91323A54FFE003D0070 /* RequestError.swift */ = {isa = PBXFileReference; lastKnownFileType = sourcecode.swift; path = RequestError.swift; sourceTree = "<group>"; };
		FD69D91523A54FFE003D0070 /* RequestProviderProtocol.swift */ = {isa = PBXFileReference; lastKnownFileType = sourcecode.swift; path = RequestProviderProtocol.swift; sourceTree = "<group>"; };
		FD69D91623A54FFE003D0070 /* HttpVerb.swift */ = {isa = PBXFileReference; lastKnownFileType = sourcecode.swift; path = HttpVerb.swift; sourceTree = "<group>"; };
		FDB5718923A563F800BAD13C /* en */ = {isa = PBXFileReference; lastKnownFileType = text.plist.strings; name = en; path = en.lproj/Localizable.strings; sourceTree = "<group>"; };
		FDB5718B23A5640300BAD13C /* pt-BR */ = {isa = PBXFileReference; lastKnownFileType = text.plist.strings; name = "pt-BR"; path = "pt-BR.lproj/Localizable.strings"; sourceTree = "<group>"; };
		FDEEDF3F239DD25400C64A0B /* Infrastructure.framework */ = {isa = PBXFileReference; explicitFileType = wrapper.framework; includeInIndex = 0; path = Infrastructure.framework; sourceTree = BUILT_PRODUCTS_DIR; };
		FDEEDF42239DD25400C64A0B /* Infrastructure.h */ = {isa = PBXFileReference; lastKnownFileType = sourcecode.c.h; path = Infrastructure.h; sourceTree = "<group>"; };
		FDEEDF43239DD25400C64A0B /* Info.plist */ = {isa = PBXFileReference; lastKnownFileType = text.plist.xml; path = Info.plist; sourceTree = "<group>"; };
		FDEEDF48239DD25500C64A0B /* InfrastructureTests.xctest */ = {isa = PBXFileReference; explicitFileType = wrapper.cfbundle; includeInIndex = 0; path = InfrastructureTests.xctest; sourceTree = BUILT_PRODUCTS_DIR; };
		FDEEDF4D239DD25500C64A0B /* ServiceProviderProtocolTests.swift */ = {isa = PBXFileReference; lastKnownFileType = sourcecode.swift; path = ServiceProviderProtocolTests.swift; sourceTree = "<group>"; };
		FDEEDF4F239DD25500C64A0B /* Info.plist */ = {isa = PBXFileReference; lastKnownFileType = text.plist.xml; path = Info.plist; sourceTree = "<group>"; };
/* End PBXFileReference section */

/* Begin PBXFrameworksBuildPhase section */
		FDEEDF3C239DD25400C64A0B /* Frameworks */ = {
			isa = PBXFrameworksBuildPhase;
			buildActionMask = 2147483647;
			files = (
				7C8837CBA3F0DFA72D38B98C /* Pods_Infrastructure.framework in Frameworks */,
			);
			runOnlyForDeploymentPostprocessing = 0;
		};
		FDEEDF45239DD25500C64A0B /* Frameworks */ = {
			isa = PBXFrameworksBuildPhase;
			buildActionMask = 2147483647;
			files = (
				FDEEDF49239DD25500C64A0B /* Infrastructure.framework in Frameworks */,
				B7560B1EDEA10F2E0F70B9EA /* Pods_InfrastructureTests.framework in Frameworks */,
			);
			runOnlyForDeploymentPostprocessing = 0;
		};
/* End PBXFrameworksBuildPhase section */

/* Begin PBXGroup section */
		2D9DA7CCE661830CF56D7493 /* Pods */ = {
			isa = PBXGroup;
			children = (
				8F27621143154286226D4868 /* Pods-Infrastructure.debug.xcconfig */,
				3AE2FB293C1AFF3E353E6DFD /* Pods-Infrastructure.release.xcconfig */,
				5C8EAD9F06E21242F40F9CCB /* Pods-InfrastructureTests.debug.xcconfig */,
				24A9D14CB40C7EA3BB0CA81E /* Pods-InfrastructureTests.release.xcconfig */,
			);
			name = Pods;
			path = ../Pods;
			sourceTree = "<group>";
		};
		B86B270968D1E7D67A458B9A /* Frameworks */ = {
			isa = PBXGroup;
			children = (
				5AB2ECC868DF15B191CCF858 /* Pods_Infrastructure.framework */,
				BFB9026D8E83D2CED5A5AEF7 /* Pods_InfrastructureTests.framework */,
			);
			name = Frameworks;
			sourceTree = "<group>";
		};
		E974BC0923C349D20068EF6F /* Mocks */ = {
			isa = PBXGroup;
			children = (
				E974C69F23C354D50095419B /* MockURLSession.swift */,
				E974C6A123C354DF0095419B /* MockURLSessionDataTask.swift */,
				E974C6A323C3550C0095419B /* MockProvider.swift */,
			);
			path = Mocks;
			sourceTree = "<group>";
		};
		FD40A25823A5BB21004855B2 /* Utils */ = {
			isa = PBXGroup;
			children = (
				FD40A24F23A5B56F004855B2 /* Bundle+Utils.swift */,
				FD40A25323A5B597004855B2 /* String+Utils.swift */,
			);
			path = Utils;
			sourceTree = "<group>";
		};
		FD40A25923A5BB2B004855B2 /* Resources */ = {
			isa = PBXGroup;
			children = (
				E9059FA123C521DD006B16D3 /* Text.swift */,
				FDEEDF42239DD25400C64A0B /* Infrastructure.h */,
				FDEEDF43239DD25400C64A0B /* Info.plist */,
				FDB5718A23A563F800BAD13C /* Localizable.strings */,
			);
			path = Resources;
			sourceTree = "<group>";
		};
		FDEEDF35239DD25400C64A0B = {
			isa = PBXGroup;
			children = (
				FDEEDF41239DD25400C64A0B /* Infrastructure */,
				FDEEDF4C239DD25500C64A0B /* InfrastructureTests */,
				FDEEDF40239DD25400C64A0B /* Products */,
				2D9DA7CCE661830CF56D7493 /* Pods */,
				B86B270968D1E7D67A458B9A /* Frameworks */,
			);
			sourceTree = "<group>";
		};
		FDEEDF40239DD25400C64A0B /* Products */ = {
			isa = PBXGroup;
			children = (
				FDEEDF3F239DD25400C64A0B /* Infrastructure.framework */,
				FDEEDF48239DD25500C64A0B /* InfrastructureTests.xctest */,
			);
			name = Products;
			sourceTree = "<group>";
		};
		FDEEDF41239DD25400C64A0B /* Infrastructure */ = {
			isa = PBXGroup;
			children = (
				FD40A25923A5BB2B004855B2 /* Resources */,
				FD40A25823A5BB21004855B2 /* Utils */,
				FD69D91323A54FFE003D0070 /* RequestError.swift */,
				FD69D91623A54FFE003D0070 /* HttpVerb.swift */,
				FD69D91523A54FFE003D0070 /* RequestProviderProtocol.swift */,
				FD40A25B23A87F25004855B2 /* ServiceProviderProtocol.swift */,
				E944CBCD23B16531006CF70E /* Logger.swift */,
				E961CB8223C4C1E400239D14 /* RequestDecodable.swift */,
			);
			path = Infrastructure;
			sourceTree = "<group>";
		};
		FDEEDF4C239DD25500C64A0B /* InfrastructureTests */ = {
			isa = PBXGroup;
			children = (
				E974BC0923C349D20068EF6F /* Mocks */,
				E974C6A523C356080095419B /* RequestProviderProtocolTests.swift */,
				FDEEDF4D239DD25500C64A0B /* ServiceProviderProtocolTests.swift */,
				E974C6A723C3665A0095419B /* BundleTests.swift */,
				E974C6A923C36A1D0095419B /* RequestErrorTests.swift */,
				FDEEDF4F239DD25500C64A0B /* Info.plist */,
			);
			path = InfrastructureTests;
			sourceTree = "<group>";
		};
/* End PBXGroup section */

/* Begin PBXHeadersBuildPhase section */
		FDEEDF3A239DD25400C64A0B /* Headers */ = {
			isa = PBXHeadersBuildPhase;
			buildActionMask = 2147483647;
			files = (
				FDEEDF50239DD25500C64A0B /* Infrastructure.h in Headers */,
			);
			runOnlyForDeploymentPostprocessing = 0;
		};
/* End PBXHeadersBuildPhase section */

/* Begin PBXNativeTarget section */
		FDEEDF3E239DD25400C64A0B /* Infrastructure */ = {
			isa = PBXNativeTarget;
			buildConfigurationList = FDEEDF53239DD25500C64A0B /* Build configuration list for PBXNativeTarget "Infrastructure" */;
			buildPhases = (
				1E90307A8BABA9FEB53E8C12 /* [CP] Check Pods Manifest.lock */,
				FDEEDF3A239DD25400C64A0B /* Headers */,
				FDEEDF3B239DD25400C64A0B /* Sources */,
				FDEEDF3C239DD25400C64A0B /* Frameworks */,
				FDEEDF3D239DD25400C64A0B /* Resources */,
			);
			buildRules = (
			);
			dependencies = (
			);
			name = Infrastructure;
			productName = Infrastructure;
			productReference = FDEEDF3F239DD25400C64A0B /* Infrastructure.framework */;
			productType = "com.apple.product-type.framework";
		};
		FDEEDF47239DD25500C64A0B /* InfrastructureTests */ = {
			isa = PBXNativeTarget;
			buildConfigurationList = FDEEDF56239DD25500C64A0B /* Build configuration list for PBXNativeTarget "InfrastructureTests" */;
			buildPhases = (
				DF7390CB2390292471CEBDA7 /* [CP] Check Pods Manifest.lock */,
				FDEEDF44239DD25500C64A0B /* Sources */,
				FDEEDF45239DD25500C64A0B /* Frameworks */,
				FDEEDF46239DD25500C64A0B /* Resources */,
				A3315579AF519A16378BE15C /* [CP] Embed Pods Frameworks */,
			);
			buildRules = (
			);
			dependencies = (
				FDEEDF4B239DD25500C64A0B /* PBXTargetDependency */,
			);
			name = InfrastructureTests;
			productName = InfrastructureTests;
			productReference = FDEEDF48239DD25500C64A0B /* InfrastructureTests.xctest */;
			productType = "com.apple.product-type.bundle.unit-test";
		};
/* End PBXNativeTarget section */

/* Begin PBXProject section */
		FDEEDF36239DD25400C64A0B /* Project object */ = {
			isa = PBXProject;
			attributes = {
				LastSwiftUpdateCheck = 1120;
				LastUpgradeCheck = 1120;
				ORGANIZATIONNAME = "Hélio Mesquita";
				TargetAttributes = {
					FDEEDF3E239DD25400C64A0B = {
						CreatedOnToolsVersion = 11.2.1;
						LastSwiftMigration = 1120;
					};
					FDEEDF47239DD25500C64A0B = {
						CreatedOnToolsVersion = 11.2.1;
					};
				};
			};
			buildConfigurationList = FDEEDF39239DD25400C64A0B /* Build configuration list for PBXProject "Infrastructure" */;
			compatibilityVersion = "Xcode 9.3";
			developmentRegion = en;
			hasScannedForEncodings = 0;
			knownRegions = (
				en,
				Base,
				"pt-BR",
			);
			mainGroup = FDEEDF35239DD25400C64A0B;
			productRefGroup = FDEEDF40239DD25400C64A0B /* Products */;
			projectDirPath = "";
			projectRoot = "";
			targets = (
				FDEEDF3E239DD25400C64A0B /* Infrastructure */,
				FDEEDF47239DD25500C64A0B /* InfrastructureTests */,
			);
		};
/* End PBXProject section */

/* Begin PBXResourcesBuildPhase section */
		FDEEDF3D239DD25400C64A0B /* Resources */ = {
			isa = PBXResourcesBuildPhase;
			buildActionMask = 2147483647;
			files = (
				FDB5718823A563F800BAD13C /* Localizable.strings in Resources */,
			);
			runOnlyForDeploymentPostprocessing = 0;
		};
		FDEEDF46239DD25500C64A0B /* Resources */ = {
			isa = PBXResourcesBuildPhase;
			buildActionMask = 2147483647;
			files = (
			);
			runOnlyForDeploymentPostprocessing = 0;
		};
/* End PBXResourcesBuildPhase section */

/* Begin PBXShellScriptBuildPhase section */
		1E90307A8BABA9FEB53E8C12 /* [CP] Check Pods Manifest.lock */ = {
			isa = PBXShellScriptBuildPhase;
			buildActionMask = 2147483647;
			files = (
			);
			inputFileListPaths = (
			);
			inputPaths = (
				"${PODS_PODFILE_DIR_PATH}/Podfile.lock",
				"${PODS_ROOT}/Manifest.lock",
			);
			name = "[CP] Check Pods Manifest.lock";
			outputFileListPaths = (
			);
			outputPaths = (
				"$(DERIVED_FILE_DIR)/Pods-Infrastructure-checkManifestLockResult.txt",
			);
			runOnlyForDeploymentPostprocessing = 0;
			shellPath = /bin/sh;
			shellScript = "diff \"${PODS_PODFILE_DIR_PATH}/Podfile.lock\" \"${PODS_ROOT}/Manifest.lock\" > /dev/null\nif [ $? != 0 ] ; then\n    # print error to STDERR\n    echo \"error: The sandbox is not in sync with the Podfile.lock. Run 'pod install' or update your CocoaPods installation.\" >&2\n    exit 1\nfi\n# This output is used by Xcode 'outputs' to avoid re-running this script phase.\necho \"SUCCESS\" > \"${SCRIPT_OUTPUT_FILE_0}\"\n";
			showEnvVarsInLog = 0;
		};
		A3315579AF519A16378BE15C /* [CP] Embed Pods Frameworks */ = {
			isa = PBXShellScriptBuildPhase;
			buildActionMask = 2147483647;
			files = (
			);
			inputFileListPaths = (
				"${PODS_ROOT}/Target Support Files/Pods-InfrastructureTests/Pods-InfrastructureTests-frameworks-${CONFIGURATION}-input-files.xcfilelist",
			);
			name = "[CP] Embed Pods Frameworks";
			outputFileListPaths = (
				"${PODS_ROOT}/Target Support Files/Pods-InfrastructureTests/Pods-InfrastructureTests-frameworks-${CONFIGURATION}-output-files.xcfilelist",
			);
			runOnlyForDeploymentPostprocessing = 0;
			shellPath = /bin/sh;
			shellScript = "\"${PODS_ROOT}/Target Support Files/Pods-InfrastructureTests/Pods-InfrastructureTests-frameworks.sh\"\n";
			showEnvVarsInLog = 0;
		};
		DF7390CB2390292471CEBDA7 /* [CP] Check Pods Manifest.lock */ = {
			isa = PBXShellScriptBuildPhase;
			buildActionMask = 2147483647;
			files = (
			);
			inputFileListPaths = (
			);
			inputPaths = (
				"${PODS_PODFILE_DIR_PATH}/Podfile.lock",
				"${PODS_ROOT}/Manifest.lock",
			);
			name = "[CP] Check Pods Manifest.lock";
			outputFileListPaths = (
			);
			outputPaths = (
				"$(DERIVED_FILE_DIR)/Pods-InfrastructureTests-checkManifestLockResult.txt",
			);
			runOnlyForDeploymentPostprocessing = 0;
			shellPath = /bin/sh;
			shellScript = "diff \"${PODS_PODFILE_DIR_PATH}/Podfile.lock\" \"${PODS_ROOT}/Manifest.lock\" > /dev/null\nif [ $? != 0 ] ; then\n    # print error to STDERR\n    echo \"error: The sandbox is not in sync with the Podfile.lock. Run 'pod install' or update your CocoaPods installation.\" >&2\n    exit 1\nfi\n# This output is used by Xcode 'outputs' to avoid re-running this script phase.\necho \"SUCCESS\" > \"${SCRIPT_OUTPUT_FILE_0}\"\n";
			showEnvVarsInLog = 0;
		};
/* End PBXShellScriptBuildPhase section */

/* Begin PBXSourcesBuildPhase section */
		FDEEDF3B239DD25400C64A0B /* Sources */ = {
			isa = PBXSourcesBuildPhase;
			buildActionMask = 2147483647;
			files = (
				FD40A25023A5B56F004855B2 /* Bundle+Utils.swift in Sources */,
				FD69D91923A54FFE003D0070 /* HttpVerb.swift in Sources */,
				FD40A25423A5B597004855B2 /* String+Utils.swift in Sources */,
				FD69D91823A54FFE003D0070 /* RequestProviderProtocol.swift in Sources */,
				E9059FA223C521DD006B16D3 /* Text.swift in Sources */,
				E944CBCE23B16531006CF70E /* Logger.swift in Sources */,
				E961CB8323C4C1E400239D14 /* RequestDecodable.swift in Sources */,
				FD40A25C23A87F25004855B2 /* ServiceProviderProtocol.swift in Sources */,
				FD69D91723A54FFE003D0070 /* RequestError.swift in Sources */,
			);
			runOnlyForDeploymentPostprocessing = 0;
		};
		FDEEDF44239DD25500C64A0B /* Sources */ = {
			isa = PBXSourcesBuildPhase;
			buildActionMask = 2147483647;
			files = (
				E974C6A223C354DF0095419B /* MockURLSessionDataTask.swift in Sources */,
				E974C6A823C3665A0095419B /* BundleTests.swift in Sources */,
				E974C6AA23C36A1D0095419B /* RequestErrorTests.swift in Sources */,
				E974C6A023C354D50095419B /* MockURLSession.swift in Sources */,
				E974C6A623C356080095419B /* RequestProviderProtocolTests.swift in Sources */,
				E974C6A423C3550C0095419B /* MockProvider.swift in Sources */,
				FDEEDF4E239DD25500C64A0B /* ServiceProviderProtocolTests.swift in Sources */,
			);
			runOnlyForDeploymentPostprocessing = 0;
		};
/* End PBXSourcesBuildPhase section */

/* Begin PBXTargetDependency section */
		FDEEDF4B239DD25500C64A0B /* PBXTargetDependency */ = {
			isa = PBXTargetDependency;
			target = FDEEDF3E239DD25400C64A0B /* Infrastructure */;
			targetProxy = FDEEDF4A239DD25500C64A0B /* PBXContainerItemProxy */;
		};
/* End PBXTargetDependency section */

/* Begin PBXVariantGroup section */
		FDB5718A23A563F800BAD13C /* Localizable.strings */ = {
			isa = PBXVariantGroup;
			children = (
				FDB5718923A563F800BAD13C /* en */,
				FDB5718B23A5640300BAD13C /* pt-BR */,
			);
			name = Localizable.strings;
			sourceTree = "<group>";
		};
/* End PBXVariantGroup section */

/* Begin XCBuildConfiguration section */
		FDEEDF51239DD25500C64A0B /* Debug */ = {
			isa = XCBuildConfiguration;
			buildSettings = {
				ALWAYS_SEARCH_USER_PATHS = NO;
				CLANG_ANALYZER_LOCALIZABILITY_NONLOCALIZED = YES;
				CLANG_ANALYZER_NONNULL = YES;
				CLANG_ANALYZER_NUMBER_OBJECT_CONVERSION = YES_AGGRESSIVE;
				CLANG_CXX_LANGUAGE_STANDARD = "gnu++14";
				CLANG_CXX_LIBRARY = "libc++";
				CLANG_ENABLE_MODULES = YES;
				CLANG_ENABLE_OBJC_ARC = YES;
				CLANG_ENABLE_OBJC_WEAK = YES;
				CLANG_WARN_BLOCK_CAPTURE_AUTORELEASING = YES;
				CLANG_WARN_BOOL_CONVERSION = YES;
				CLANG_WARN_COMMA = YES;
				CLANG_WARN_CONSTANT_CONVERSION = YES;
				CLANG_WARN_DEPRECATED_OBJC_IMPLEMENTATIONS = YES;
				CLANG_WARN_DIRECT_OBJC_ISA_USAGE = YES_ERROR;
				CLANG_WARN_DOCUMENTATION_COMMENTS = YES;
				CLANG_WARN_EMPTY_BODY = YES;
				CLANG_WARN_ENUM_CONVERSION = YES;
				CLANG_WARN_INFINITE_RECURSION = YES;
				CLANG_WARN_INT_CONVERSION = YES;
				CLANG_WARN_NON_LITERAL_NULL_CONVERSION = YES;
				CLANG_WARN_OBJC_IMPLICIT_RETAIN_SELF = YES;
				CLANG_WARN_OBJC_LITERAL_CONVERSION = YES;
				CLANG_WARN_OBJC_ROOT_CLASS = YES_ERROR;
				CLANG_WARN_RANGE_LOOP_ANALYSIS = YES;
				CLANG_WARN_STRICT_PROTOTYPES = YES;
				CLANG_WARN_SUSPICIOUS_MOVE = YES;
				CLANG_WARN_UNGUARDED_AVAILABILITY = YES_AGGRESSIVE;
				CLANG_WARN_UNREACHABLE_CODE = YES;
				CLANG_WARN__DUPLICATE_METHOD_MATCH = YES;
				COPY_PHASE_STRIP = NO;
				CURRENT_PROJECT_VERSION = 1;
				DEBUG_INFORMATION_FORMAT = dwarf;
				ENABLE_STRICT_OBJC_MSGSEND = YES;
				ENABLE_TESTABILITY = YES;
				GCC_C_LANGUAGE_STANDARD = gnu11;
				GCC_DYNAMIC_NO_PIC = NO;
				GCC_NO_COMMON_BLOCKS = YES;
				GCC_OPTIMIZATION_LEVEL = 0;
				GCC_PREPROCESSOR_DEFINITIONS = (
					"DEBUG=1",
					"$(inherited)",
				);
				GCC_WARN_64_TO_32_BIT_CONVERSION = YES;
				GCC_WARN_ABOUT_RETURN_TYPE = YES_ERROR;
				GCC_WARN_UNDECLARED_SELECTOR = YES;
				GCC_WARN_UNINITIALIZED_AUTOS = YES_AGGRESSIVE;
				GCC_WARN_UNUSED_FUNCTION = YES;
				GCC_WARN_UNUSED_VARIABLE = YES;
				IPHONEOS_DEPLOYMENT_TARGET = 13.2;
				MTL_ENABLE_DEBUG_INFO = INCLUDE_SOURCE;
				MTL_FAST_MATH = YES;
				ONLY_ACTIVE_ARCH = YES;
				SDKROOT = iphoneos;
				SWIFT_ACTIVE_COMPILATION_CONDITIONS = DEBUG;
				SWIFT_OPTIMIZATION_LEVEL = "-Onone";
				VERSIONING_SYSTEM = "apple-generic";
				VERSION_INFO_PREFIX = "";
			};
			name = Debug;
		};
		FDEEDF52239DD25500C64A0B /* Release */ = {
			isa = XCBuildConfiguration;
			buildSettings = {
				ALWAYS_SEARCH_USER_PATHS = NO;
				CLANG_ANALYZER_LOCALIZABILITY_NONLOCALIZED = YES;
				CLANG_ANALYZER_NONNULL = YES;
				CLANG_ANALYZER_NUMBER_OBJECT_CONVERSION = YES_AGGRESSIVE;
				CLANG_CXX_LANGUAGE_STANDARD = "gnu++14";
				CLANG_CXX_LIBRARY = "libc++";
				CLANG_ENABLE_MODULES = YES;
				CLANG_ENABLE_OBJC_ARC = YES;
				CLANG_ENABLE_OBJC_WEAK = YES;
				CLANG_WARN_BLOCK_CAPTURE_AUTORELEASING = YES;
				CLANG_WARN_BOOL_CONVERSION = YES;
				CLANG_WARN_COMMA = YES;
				CLANG_WARN_CONSTANT_CONVERSION = YES;
				CLANG_WARN_DEPRECATED_OBJC_IMPLEMENTATIONS = YES;
				CLANG_WARN_DIRECT_OBJC_ISA_USAGE = YES_ERROR;
				CLANG_WARN_DOCUMENTATION_COMMENTS = YES;
				CLANG_WARN_EMPTY_BODY = YES;
				CLANG_WARN_ENUM_CONVERSION = YES;
				CLANG_WARN_INFINITE_RECURSION = YES;
				CLANG_WARN_INT_CONVERSION = YES;
				CLANG_WARN_NON_LITERAL_NULL_CONVERSION = YES;
				CLANG_WARN_OBJC_IMPLICIT_RETAIN_SELF = YES;
				CLANG_WARN_OBJC_LITERAL_CONVERSION = YES;
				CLANG_WARN_OBJC_ROOT_CLASS = YES_ERROR;
				CLANG_WARN_RANGE_LOOP_ANALYSIS = YES;
				CLANG_WARN_STRICT_PROTOTYPES = YES;
				CLANG_WARN_SUSPICIOUS_MOVE = YES;
				CLANG_WARN_UNGUARDED_AVAILABILITY = YES_AGGRESSIVE;
				CLANG_WARN_UNREACHABLE_CODE = YES;
				CLANG_WARN__DUPLICATE_METHOD_MATCH = YES;
				COPY_PHASE_STRIP = NO;
				CURRENT_PROJECT_VERSION = 1;
				DEBUG_INFORMATION_FORMAT = "dwarf-with-dsym";
				ENABLE_NS_ASSERTIONS = NO;
				ENABLE_STRICT_OBJC_MSGSEND = YES;
				GCC_C_LANGUAGE_STANDARD = gnu11;
				GCC_NO_COMMON_BLOCKS = YES;
				GCC_WARN_64_TO_32_BIT_CONVERSION = YES;
				GCC_WARN_ABOUT_RETURN_TYPE = YES_ERROR;
				GCC_WARN_UNDECLARED_SELECTOR = YES;
				GCC_WARN_UNINITIALIZED_AUTOS = YES_AGGRESSIVE;
				GCC_WARN_UNUSED_FUNCTION = YES;
				GCC_WARN_UNUSED_VARIABLE = YES;
				IPHONEOS_DEPLOYMENT_TARGET = 13.2;
				MTL_ENABLE_DEBUG_INFO = NO;
				MTL_FAST_MATH = YES;
				SDKROOT = iphoneos;
				SWIFT_COMPILATION_MODE = wholemodule;
				SWIFT_OPTIMIZATION_LEVEL = "-O";
				VALIDATE_PRODUCT = YES;
				VERSIONING_SYSTEM = "apple-generic";
				VERSION_INFO_PREFIX = "";
			};
			name = Release;
		};
		FDEEDF54239DD25500C64A0B /* Debug */ = {
			isa = XCBuildConfiguration;
			baseConfigurationReference = 8F27621143154286226D4868 /* Pods-Infrastructure.debug.xcconfig */;
			buildSettings = {
				CLANG_ANALYZER_LOCALIZABILITY_NONLOCALIZED = NO;
				CLANG_ENABLE_MODULES = YES;
				CODE_SIGN_STYLE = Automatic;
				DEFINES_MODULE = YES;
				DYLIB_COMPATIBILITY_VERSION = 1;
				DYLIB_CURRENT_VERSION = 1;
				DYLIB_INSTALL_NAME_BASE = "@rpath";
				INFOPLIST_FILE = Infrastructure/Resources/Info.plist;
				INSTALL_PATH = "$(LOCAL_LIBRARY_DIR)/Frameworks";
				LD_RUNPATH_SEARCH_PATHS = (
					"$(inherited)",
					"@executable_path/Frameworks",
					"@loader_path/Frameworks",
				);
				PRODUCT_BUNDLE_IDENTIFIER = com.callidus.Infrastructure;
				PRODUCT_NAME = "$(TARGET_NAME:c99extidentifier)";
				SKIP_INSTALL = YES;
				SWIFT_OPTIMIZATION_LEVEL = "-Onone";
				SWIFT_VERSION = 5.0;
				TARGETED_DEVICE_FAMILY = "1,2";
			};
			name = Debug;
		};
		FDEEDF55239DD25500C64A0B /* Release */ = {
			isa = XCBuildConfiguration;
			baseConfigurationReference = 3AE2FB293C1AFF3E353E6DFD /* Pods-Infrastructure.release.xcconfig */;
			buildSettings = {
				CLANG_ANALYZER_LOCALIZABILITY_NONLOCALIZED = NO;
				CLANG_ENABLE_MODULES = YES;
				CODE_SIGN_STYLE = Automatic;
				DEFINES_MODULE = YES;
				DYLIB_COMPATIBILITY_VERSION = 1;
				DYLIB_CURRENT_VERSION = 1;
				DYLIB_INSTALL_NAME_BASE = "@rpath";
				INFOPLIST_FILE = Infrastructure/Resources/Info.plist;
				INSTALL_PATH = "$(LOCAL_LIBRARY_DIR)/Frameworks";
				LD_RUNPATH_SEARCH_PATHS = (
					"$(inherited)",
					"@executable_path/Frameworks",
					"@loader_path/Frameworks",
				);
				PRODUCT_BUNDLE_IDENTIFIER = com.callidus.Infrastructure;
				PRODUCT_NAME = "$(TARGET_NAME:c99extidentifier)";
				SKIP_INSTALL = YES;
				SWIFT_VERSION = 5.0;
				TARGETED_DEVICE_FAMILY = "1,2";
			};
			name = Release;
		};
		FDEEDF57239DD25500C64A0B /* Debug */ = {
			isa = XCBuildConfiguration;
			baseConfigurationReference = 5C8EAD9F06E21242F40F9CCB /* Pods-InfrastructureTests.debug.xcconfig */;
			buildSettings = {
				CODE_SIGN_STYLE = Automatic;
				INFOPLIST_FILE = InfrastructureTests/Info.plist;
				LD_RUNPATH_SEARCH_PATHS = (
					"$(inherited)",
					"@executable_path/Frameworks",
					"@loader_path/Frameworks",
				);
				PRODUCT_BUNDLE_IDENTIFIER = com.callidus.InfrastructureTests;
				PRODUCT_NAME = "$(TARGET_NAME)";
				SWIFT_VERSION = 5.0;
				TARGETED_DEVICE_FAMILY = "1,2";
			};
			name = Debug;
		};
		FDEEDF58239DD25500C64A0B /* Release */ = {
			isa = XCBuildConfiguration;
			baseConfigurationReference = 24A9D14CB40C7EA3BB0CA81E /* Pods-InfrastructureTests.release.xcconfig */;
			buildSettings = {
				CODE_SIGN_STYLE = Automatic;
				INFOPLIST_FILE = InfrastructureTests/Info.plist;
				LD_RUNPATH_SEARCH_PATHS = (
					"$(inherited)",
					"@executable_path/Frameworks",
					"@loader_path/Frameworks",
				);
				PRODUCT_BUNDLE_IDENTIFIER = com.callidus.InfrastructureTests;
				PRODUCT_NAME = "$(TARGET_NAME)";
				SWIFT_VERSION = 5.0;
				TARGETED_DEVICE_FAMILY = "1,2";
			};
			name = Release;
		};
/* End XCBuildConfiguration section */

/* Begin XCConfigurationList section */
		FDEEDF39239DD25400C64A0B /* Build configuration list for PBXProject "Infrastructure" */ = {
			isa = XCConfigurationList;
			buildConfigurations = (
				FDEEDF51239DD25500C64A0B /* Debug */,
				FDEEDF52239DD25500C64A0B /* Release */,
			);
			defaultConfigurationIsVisible = 0;
			defaultConfigurationName = Release;
		};
		FDEEDF53239DD25500C64A0B /* Build configuration list for PBXNativeTarget "Infrastructure" */ = {
			isa = XCConfigurationList;
			buildConfigurations = (
				FDEEDF54239DD25500C64A0B /* Debug */,
				FDEEDF55239DD25500C64A0B /* Release */,
			);
			defaultConfigurationIsVisible = 0;
			defaultConfigurationName = Release;
		};
		FDEEDF56239DD25500C64A0B /* Build configuration list for PBXNativeTarget "InfrastructureTests" */ = {
			isa = XCConfigurationList;
			buildConfigurations = (
				FDEEDF57239DD25500C64A0B /* Debug */,
				FDEEDF58239DD25500C64A0B /* Release */,
			);
			defaultConfigurationIsVisible = 0;
			defaultConfigurationName = Release;
		};
/* End XCConfigurationList section */
	};
	rootObject = FDEEDF36239DD25400C64A0B /* Project object */;
}
